// !$*UTF8*$!
{
	archiveVersion = 1;
	classes = {
	};
	objectVersion = 46;
	objects = {

/* Begin PBXBuildFile section */
		093000DA1C4FB39000425BB1 /* ExperimentNode.swift in Sources */ = {isa = PBXBuildFile; fileRef = 093000D91C4FB39000425BB1 /* ExperimentNode.swift */; };
		093000DC1C4FB62C00425BB1 /* ExperienceStruct.swift in Sources */ = {isa = PBXBuildFile; fileRef = 093000DB1C4FB62C00425BB1 /* ExperienceStruct.swift */; };
		093000DE1C4FC77700425BB1 /* ExperienceNode.swift in Sources */ = {isa = PBXBuildFile; fileRef = 093000DD1C4FC77700425BB1 /* ExperienceNode.swift */; };
		093000E01C4FD3B700425BB1 /* ReshapableNode.swift in Sources */ = {isa = PBXBuildFile; fileRef = 093000DF1C4FD3B700425BB1 /* ReshapableNode.swift */; };
		093000E21C4FD5D000425BB1 /* ExperimentStruct.swift in Sources */ = {isa = PBXBuildFile; fileRef = 093000E11C4FD5D000425BB1 /* ExperimentStruct.swift */; };
		0936813B1C417378008C6B5D /* AppDelegate.swift in Sources */ = {isa = PBXBuildFile; fileRef = 0936813A1C417378008C6B5D /* AppDelegate.swift */; };
		0936813F1C417378008C6B5D /* GameScene.swift in Sources */ = {isa = PBXBuildFile; fileRef = 0936813E1C417378008C6B5D /* GameScene.swift */; };
		093681411C417378008C6B5D /* GameViewController.swift in Sources */ = {isa = PBXBuildFile; fileRef = 093681401C417378008C6B5D /* GameViewController.swift */; };
		093681441C417378008C6B5D /* Main.storyboard in Resources */ = {isa = PBXBuildFile; fileRef = 093681421C417378008C6B5D /* Main.storyboard */; };
		093681461C417378008C6B5D /* Assets.xcassets in Resources */ = {isa = PBXBuildFile; fileRef = 093681451C417378008C6B5D /* Assets.xcassets */; };
		093681491C417378008C6B5D /* LaunchScreen.storyboard in Resources */ = {isa = PBXBuildFile; fileRef = 093681471C417378008C6B5D /* LaunchScreen.storyboard */; };
		093681541C417378008C6B5D /* AImergence2Tests.swift in Sources */ = {isa = PBXBuildFile; fileRef = 093681531C417378008C6B5D /* AImergence2Tests.swift */; };
		0936815F1C417378008C6B5D /* AImergence2UITests.swift in Sources */ = {isa = PBXBuildFile; fileRef = 0936815E1C417378008C6B5D /* AImergence2UITests.swift */; };
		0936816D1C42707B008C6B5D /* Experience.swift in Sources */ = {isa = PBXBuildFile; fileRef = 0936816C1C42707B008C6B5D /* Experience.swift */; };
		0936816F1C42708E008C6B5D /* Experiment.swift in Sources */ = {isa = PBXBuildFile; fileRef = 0936816E1C42708E008C6B5D /* Experiment.swift */; };
		093681711C4270A5008C6B5D /* Level1.swift in Sources */ = {isa = PBXBuildFile; fileRef = 093681701C4270A5008C6B5D /* Level1.swift */; };
		093681731C4523B1008C6B5D /* Level0.swift in Sources */ = {isa = PBXBuildFile; fileRef = 093681721C4523B1008C6B5D /* Level0.swift */; };
		093681751C45455F008C6B5D /* Level3.swift in Sources */ = {isa = PBXBuildFile; fileRef = 093681741C45455F008C6B5D /* Level3.swift */; };
		093681771C4549CB008C6B5D /* Level4.swift in Sources */ = {isa = PBXBuildFile; fileRef = 093681761C4549CB008C6B5D /* Level4.swift */; };
		093681791C4677A6008C6B5D /* GameStruct.swift in Sources */ = {isa = PBXBuildFile; fileRef = 093681781C4677A6008C6B5D /* GameStruct.swift */; };
		0936817B1C4696AB008C6B5D /* HomeScene.swift in Sources */ = {isa = PBXBuildFile; fileRef = 0936817A1C4696AB008C6B5D /* HomeScene.swift */; };
		0936817D1C46A86C008C6B5D /* HomeStruct.swift in Sources */ = {isa = PBXBuildFile; fileRef = 0936817C1C46A86C008C6B5D /* HomeStruct.swift */; };
		0961EBB91C63EE2200A4E55C /* Level2.swift in Sources */ = {isa = PBXBuildFile; fileRef = 0961EBB81C63EE2200A4E55C /* Level2.swift */; };
		0961EBBB1C64961F00A4E55C /* Level5.swift in Sources */ = {isa = PBXBuildFile; fileRef = 0961EBBA1C64961F00A4E55C /* Level5.swift */; };
		0961EBBD1C66067900A4E55C /* Level7.swift in Sources */ = {isa = PBXBuildFile; fileRef = 0961EBBC1C66067900A4E55C /* Level7.swift */; };
		096F5CB51C53F1C90041EA5F /* HelpViewController.swift in Sources */ = {isa = PBXBuildFile; fileRef = 096F5CB41C53F1C90041EA5F /* HelpViewController.swift */; };
		096F5CB71C56AA340041EA5F /* HelpStruct.swift in Sources */ = {isa = PBXBuildFile; fileRef = 096F5CB61C56AA340041EA5F /* HelpStruct.swift */; };
		096F5CB91C56D7240041EA5F /* Level6.swift in Sources */ = {isa = PBXBuildFile; fileRef = 096F5CB81C56D7240041EA5F /* Level6.swift */; };
		0994526E1C5F983400F0ABFF /* HelpView.swift in Sources */ = {isa = PBXBuildFile; fileRef = 0994526D1C5F983400F0ABFF /* HelpView.swift */; };
		099452831C62007000F0ABFF /* InfoPlist.strings in Resources */ = {isa = PBXBuildFile; fileRef = 099452851C62007000F0ABFF /* InfoPlist.strings */; };
		099452881C62007000F0ABFF /* InfoPlist.strings in Resources */ = {isa = PBXBuildFile; fileRef = 0994528A1C62007000F0ABFF /* InfoPlist.strings */; };
		099452981C620CF600F0ABFF /* Localizable.strings in Resources */ = {isa = PBXBuildFile; fileRef = 0994529A1C620CF600F0ABFF /* Localizable.strings */; };
		0994529B1C620D1200F0ABFF /* Help.strings in Resources */ = {isa = PBXBuildFile; fileRef = 0994529D1C620D1200F0ABFF /* Help.strings */; };
/* End PBXBuildFile section */

/* Begin PBXContainerItemProxy section */
		093681501C417378008C6B5D /* PBXContainerItemProxy */ = {
			isa = PBXContainerItemProxy;
			containerPortal = 0936812F1C417377008C6B5D /* Project object */;
			proxyType = 1;
			remoteGlobalIDString = 093681361C417378008C6B5D;
			remoteInfo = AImergence2;
		};
		0936815B1C417378008C6B5D /* PBXContainerItemProxy */ = {
			isa = PBXContainerItemProxy;
			containerPortal = 0936812F1C417377008C6B5D /* Project object */;
			proxyType = 1;
			remoteGlobalIDString = 093681361C417378008C6B5D;
			remoteInfo = AImergence2;
		};
/* End PBXContainerItemProxy section */

/* Begin PBXFileReference section */
		093000D91C4FB39000425BB1 /* ExperimentNode.swift */ = {isa = PBXFileReference; fileEncoding = 4; lastKnownFileType = sourcecode.swift; path = ExperimentNode.swift; sourceTree = "<group>"; };
		093000DB1C4FB62C00425BB1 /* ExperienceStruct.swift */ = {isa = PBXFileReference; fileEncoding = 4; lastKnownFileType = sourcecode.swift; path = ExperienceStruct.swift; sourceTree = "<group>"; };
		093000DD1C4FC77700425BB1 /* ExperienceNode.swift */ = {isa = PBXFileReference; fileEncoding = 4; lastKnownFileType = sourcecode.swift; path = ExperienceNode.swift; sourceTree = "<group>"; };
		093000DF1C4FD3B700425BB1 /* ReshapableNode.swift */ = {isa = PBXFileReference; fileEncoding = 4; lastKnownFileType = sourcecode.swift; path = ReshapableNode.swift; sourceTree = "<group>"; };
		093000E11C4FD5D000425BB1 /* ExperimentStruct.swift */ = {isa = PBXFileReference; fileEncoding = 4; lastKnownFileType = sourcecode.swift; path = ExperimentStruct.swift; sourceTree = "<group>"; };
		093681371C417378008C6B5D /* AImergence2.app */ = {isa = PBXFileReference; explicitFileType = wrapper.application; includeInIndex = 0; path = AImergence2.app; sourceTree = BUILT_PRODUCTS_DIR; };
		0936813A1C417378008C6B5D /* AppDelegate.swift */ = {isa = PBXFileReference; lastKnownFileType = sourcecode.swift; path = AppDelegate.swift; sourceTree = "<group>"; };
		0936813E1C417378008C6B5D /* GameScene.swift */ = {isa = PBXFileReference; lastKnownFileType = sourcecode.swift; path = GameScene.swift; sourceTree = "<group>"; };
		093681401C417378008C6B5D /* GameViewController.swift */ = {isa = PBXFileReference; lastKnownFileType = sourcecode.swift; path = GameViewController.swift; sourceTree = "<group>"; };
		093681431C417378008C6B5D /* Base */ = {isa = PBXFileReference; lastKnownFileType = file.storyboard; name = Base; path = Base.lproj/Main.storyboard; sourceTree = "<group>"; };
		093681451C417378008C6B5D /* Assets.xcassets */ = {isa = PBXFileReference; lastKnownFileType = folder.assetcatalog; path = Assets.xcassets; sourceTree = "<group>"; };
		093681481C417378008C6B5D /* Base */ = {isa = PBXFileReference; lastKnownFileType = file.storyboard; name = Base; path = Base.lproj/LaunchScreen.storyboard; sourceTree = "<group>"; };
		0936814A1C417378008C6B5D /* Info.plist */ = {isa = PBXFileReference; lastKnownFileType = text.plist.xml; path = Info.plist; sourceTree = "<group>"; };
		0936814F1C417378008C6B5D /* AImergence2Tests.xctest */ = {isa = PBXFileReference; explicitFileType = wrapper.cfbundle; includeInIndex = 0; path = AImergence2Tests.xctest; sourceTree = BUILT_PRODUCTS_DIR; };
		093681531C417378008C6B5D /* AImergence2Tests.swift */ = {isa = PBXFileReference; lastKnownFileType = sourcecode.swift; path = AImergence2Tests.swift; sourceTree = "<group>"; };
		093681551C417378008C6B5D /* Info.plist */ = {isa = PBXFileReference; lastKnownFileType = text.plist.xml; path = Info.plist; sourceTree = "<group>"; };
		0936815A1C417378008C6B5D /* AImergence2UITests.xctest */ = {isa = PBXFileReference; explicitFileType = wrapper.cfbundle; includeInIndex = 0; path = AImergence2UITests.xctest; sourceTree = BUILT_PRODUCTS_DIR; };
		0936815E1C417378008C6B5D /* AImergence2UITests.swift */ = {isa = PBXFileReference; lastKnownFileType = sourcecode.swift; path = AImergence2UITests.swift; sourceTree = "<group>"; };
		093681601C417378008C6B5D /* Info.plist */ = {isa = PBXFileReference; lastKnownFileType = text.plist.xml; path = Info.plist; sourceTree = "<group>"; };
		0936816C1C42707B008C6B5D /* Experience.swift */ = {isa = PBXFileReference; fileEncoding = 4; lastKnownFileType = sourcecode.swift; path = Experience.swift; sourceTree = "<group>"; };
		0936816E1C42708E008C6B5D /* Experiment.swift */ = {isa = PBXFileReference; fileEncoding = 4; lastKnownFileType = sourcecode.swift; path = Experiment.swift; sourceTree = "<group>"; };
		093681701C4270A5008C6B5D /* Level1.swift */ = {isa = PBXFileReference; fileEncoding = 4; lastKnownFileType = sourcecode.swift; path = Level1.swift; sourceTree = "<group>"; };
		093681721C4523B1008C6B5D /* Level0.swift */ = {isa = PBXFileReference; fileEncoding = 4; lastKnownFileType = sourcecode.swift; path = Level0.swift; sourceTree = "<group>"; };
		093681741C45455F008C6B5D /* Level3.swift */ = {isa = PBXFileReference; fileEncoding = 4; lastKnownFileType = sourcecode.swift; path = Level3.swift; sourceTree = "<group>"; };
		093681761C4549CB008C6B5D /* Level4.swift */ = {isa = PBXFileReference; fileEncoding = 4; lastKnownFileType = sourcecode.swift; path = Level4.swift; sourceTree = "<group>"; };
		093681781C4677A6008C6B5D /* GameStruct.swift */ = {isa = PBXFileReference; fileEncoding = 4; lastKnownFileType = sourcecode.swift; path = GameStruct.swift; sourceTree = "<group>"; };
		0936817A1C4696AB008C6B5D /* HomeScene.swift */ = {isa = PBXFileReference; fileEncoding = 4; lastKnownFileType = sourcecode.swift; path = HomeScene.swift; sourceTree = "<group>"; };
		0936817C1C46A86C008C6B5D /* HomeStruct.swift */ = {isa = PBXFileReference; fileEncoding = 4; lastKnownFileType = sourcecode.swift; path = HomeStruct.swift; sourceTree = "<group>"; };
		0961EBB81C63EE2200A4E55C /* Level2.swift */ = {isa = PBXFileReference; fileEncoding = 4; lastKnownFileType = sourcecode.swift; path = Level2.swift; sourceTree = "<group>"; };
		0961EBBA1C64961F00A4E55C /* Level5.swift */ = {isa = PBXFileReference; fileEncoding = 4; lastKnownFileType = sourcecode.swift; path = Level5.swift; sourceTree = "<group>"; };
		0961EBBC1C66067900A4E55C /* Level7.swift */ = {isa = PBXFileReference; fileEncoding = 4; lastKnownFileType = sourcecode.swift; path = Level7.swift; sourceTree = "<group>"; };
		096F5CB41C53F1C90041EA5F /* HelpViewController.swift */ = {isa = PBXFileReference; fileEncoding = 4; lastKnownFileType = sourcecode.swift; path = HelpViewController.swift; sourceTree = "<group>"; };
		096F5CB61C56AA340041EA5F /* HelpStruct.swift */ = {isa = PBXFileReference; fileEncoding = 4; lastKnownFileType = sourcecode.swift; path = HelpStruct.swift; sourceTree = "<group>"; };
		096F5CB81C56D7240041EA5F /* Level6.swift */ = {isa = PBXFileReference; fileEncoding = 4; lastKnownFileType = sourcecode.swift; path = Level6.swift; sourceTree = "<group>"; };
		0994526D1C5F983400F0ABFF /* HelpView.swift */ = {isa = PBXFileReference; fileEncoding = 4; lastKnownFileType = sourcecode.swift; path = HelpView.swift; sourceTree = "<group>"; };
		0994526F1C614A6E00F0ABFF /* fr */ = {isa = PBXFileReference; lastKnownFileType = text.plist.strings; name = fr; path = fr.lproj/Main.strings; sourceTree = "<group>"; };
		099452701C614A6E00F0ABFF /* fr */ = {isa = PBXFileReference; lastKnownFileType = text.plist.strings; name = fr; path = fr.lproj/LaunchScreen.strings; sourceTree = "<group>"; };
		099452841C62007000F0ABFF /* fr */ = {isa = PBXFileReference; lastKnownFileType = text.plist.strings; name = fr; path = fr.lproj/InfoPlist.strings; sourceTree = "<group>"; };
		099452891C62007000F0ABFF /* fr */ = {isa = PBXFileReference; lastKnownFileType = text.plist.strings; name = fr; path = fr.lproj/InfoPlist.strings; sourceTree = "<group>"; };
		099452991C620CF600F0ABFF /* fr */ = {isa = PBXFileReference; lastKnownFileType = text.plist.strings; name = fr; path = fr.lproj/Localizable.strings; sourceTree = "<group>"; };
		0994529C1C620D1200F0ABFF /* fr */ = {isa = PBXFileReference; lastKnownFileType = text.plist.strings; name = fr; path = fr.lproj/Help.strings; sourceTree = "<group>"; };
		099452A01C620DCA00F0ABFF /* Base */ = {isa = PBXFileReference; lastKnownFileType = text.plist.strings; name = Base; path = Base.lproj/Help.strings; sourceTree = "<group>"; };
		099452A11C620DD300F0ABFF /* Base */ = {isa = PBXFileReference; lastKnownFileType = text.plist.strings; name = Base; path = Base.lproj/Localizable.strings; sourceTree = "<group>"; };
/* End PBXFileReference section */

/* Begin PBXFrameworksBuildPhase section */
		093681341C417378008C6B5D /* Frameworks */ = {
			isa = PBXFrameworksBuildPhase;
			buildActionMask = 2147483647;
			files = (
			);
			runOnlyForDeploymentPostprocessing = 0;
		};
		0936814C1C417378008C6B5D /* Frameworks */ = {
			isa = PBXFrameworksBuildPhase;
			buildActionMask = 2147483647;
			files = (
			);
			runOnlyForDeploymentPostprocessing = 0;
		};
		093681571C417378008C6B5D /* Frameworks */ = {
			isa = PBXFrameworksBuildPhase;
			buildActionMask = 2147483647;
			files = (
			);
			runOnlyForDeploymentPostprocessing = 0;
		};
/* End PBXFrameworksBuildPhase section */

/* Begin PBXGroup section */
		0936812E1C417377008C6B5D = {
			isa = PBXGroup;
			children = (
				093681391C417378008C6B5D /* AImergence2 */,
				093681521C417378008C6B5D /* AImergence2Tests */,
				0936815D1C417378008C6B5D /* AImergence2UITests */,
				093681381C417378008C6B5D /* Products */,
			);
			sourceTree = "<group>";
		};
		093681381C417378008C6B5D /* Products */ = {
			isa = PBXGroup;
			children = (
				093681371C417378008C6B5D /* AImergence2.app */,
				0936814F1C417378008C6B5D /* AImergence2Tests.xctest */,
				0936815A1C417378008C6B5D /* AImergence2UITests.xctest */,
			);
			name = Products;
			sourceTree = "<group>";
		};
		093681391C417378008C6B5D /* AImergence2 */ = {
			isa = PBXGroup;
			children = (
				093681421C417378008C6B5D /* Main.storyboard */,
				0961EBB61C63D16900A4E55C /* Levels */,
				0961EBB71C63D19E00A4E55C /* Nodes */,
				0936816E1C42708E008C6B5D /* Experiment.swift */,
				0936816C1C42707B008C6B5D /* Experience.swift */,
				093681401C417378008C6B5D /* GameViewController.swift */,
				0936813A1C417378008C6B5D /* AppDelegate.swift */,
				0936817A1C4696AB008C6B5D /* HomeScene.swift */,
				0936817C1C46A86C008C6B5D /* HomeStruct.swift */,
				0936813E1C417378008C6B5D /* GameScene.swift */,
				093681781C4677A6008C6B5D /* GameStruct.swift */,
				096F5CB41C53F1C90041EA5F /* HelpViewController.swift */,
				0994526D1C5F983400F0ABFF /* HelpView.swift */,
				096F5CB61C56AA340041EA5F /* HelpStruct.swift */,
				0994529A1C620CF600F0ABFF /* Localizable.strings */,
				0994529D1C620D1200F0ABFF /* Help.strings */,
				093681451C417378008C6B5D /* Assets.xcassets */,
				093681471C417378008C6B5D /* LaunchScreen.storyboard */,
				0936814A1C417378008C6B5D /* Info.plist */,
			);
			path = AImergence2;
			sourceTree = "<group>";
		};
		093681521C417378008C6B5D /* AImergence2Tests */ = {
			isa = PBXGroup;
			children = (
				099452851C62007000F0ABFF /* InfoPlist.strings */,
				093681531C417378008C6B5D /* AImergence2Tests.swift */,
				093681551C417378008C6B5D /* Info.plist */,
			);
			path = AImergence2Tests;
			sourceTree = "<group>";
		};
		0936815D1C417378008C6B5D /* AImergence2UITests */ = {
			isa = PBXGroup;
			children = (
				0994528A1C62007000F0ABFF /* InfoPlist.strings */,
				0936815E1C417378008C6B5D /* AImergence2UITests.swift */,
				093681601C417378008C6B5D /* Info.plist */,
			);
			path = AImergence2UITests;
			sourceTree = "<group>";
		};
		0961EBB61C63D16900A4E55C /* Levels */ = {
			isa = PBXGroup;
			children = (
				093681721C4523B1008C6B5D /* Level0.swift */,
				093681701C4270A5008C6B5D /* Level1.swift */,
				0961EBB81C63EE2200A4E55C /* Level2.swift */,
				093681741C45455F008C6B5D /* Level3.swift */,
				093681761C4549CB008C6B5D /* Level4.swift */,
				0961EBBA1C64961F00A4E55C /* Level5.swift */,
				096F5CB81C56D7240041EA5F /* Level6.swift */,
				0961EBBC1C66067900A4E55C /* Level7.swift */,
			);
			name = Levels;
			sourceTree = "<group>";
		};
		0961EBB71C63D19E00A4E55C /* Nodes */ = {
			isa = PBXGroup;
			children = (
				093000DF1C4FD3B700425BB1 /* ReshapableNode.swift */,
				093000D91C4FB39000425BB1 /* ExperimentNode.swift */,
				093000E11C4FD5D000425BB1 /* ExperimentStruct.swift */,
				093000DD1C4FC77700425BB1 /* ExperienceNode.swift */,
				093000DB1C4FB62C00425BB1 /* ExperienceStruct.swift */,
			);
			name = Nodes;
			sourceTree = "<group>";
		};
/* End PBXGroup section */

/* Begin PBXNativeTarget section */
		093681361C417378008C6B5D /* AImergence2 */ = {
			isa = PBXNativeTarget;
			buildConfigurationList = 093681631C417378008C6B5D /* Build configuration list for PBXNativeTarget "AImergence2" */;
			buildPhases = (
				093681331C417378008C6B5D /* Sources */,
				093681341C417378008C6B5D /* Frameworks */,
				093681351C417378008C6B5D /* Resources */,
			);
			buildRules = (
			);
			dependencies = (
			);
			name = AImergence2;
			productName = AImergence2;
			productReference = 093681371C417378008C6B5D /* AImergence2.app */;
			productType = "com.apple.product-type.application";
		};
		0936814E1C417378008C6B5D /* AImergence2Tests */ = {
			isa = PBXNativeTarget;
			buildConfigurationList = 093681661C417378008C6B5D /* Build configuration list for PBXNativeTarget "AImergence2Tests" */;
			buildPhases = (
				0936814B1C417378008C6B5D /* Sources */,
				0936814C1C417378008C6B5D /* Frameworks */,
				0936814D1C417378008C6B5D /* Resources */,
			);
			buildRules = (
			);
			dependencies = (
				093681511C417378008C6B5D /* PBXTargetDependency */,
			);
			name = AImergence2Tests;
			productName = AImergence2Tests;
			productReference = 0936814F1C417378008C6B5D /* AImergence2Tests.xctest */;
			productType = "com.apple.product-type.bundle.unit-test";
		};
		093681591C417378008C6B5D /* AImergence2UITests */ = {
			isa = PBXNativeTarget;
			buildConfigurationList = 093681691C417378008C6B5D /* Build configuration list for PBXNativeTarget "AImergence2UITests" */;
			buildPhases = (
				093681561C417378008C6B5D /* Sources */,
				093681571C417378008C6B5D /* Frameworks */,
				093681581C417378008C6B5D /* Resources */,
			);
			buildRules = (
			);
			dependencies = (
				0936815C1C417378008C6B5D /* PBXTargetDependency */,
			);
			name = AImergence2UITests;
			productName = AImergence2UITests;
			productReference = 0936815A1C417378008C6B5D /* AImergence2UITests.xctest */;
			productType = "com.apple.product-type.bundle.ui-testing";
		};
/* End PBXNativeTarget section */

/* Begin PBXProject section */
		0936812F1C417377008C6B5D /* Project object */ = {
			isa = PBXProject;
			attributes = {
				LastSwiftUpdateCheck = 0720;
				LastUpgradeCheck = 0720;
				ORGANIZATIONNAME = "Olivier Georgeon";
				TargetAttributes = {
					093681361C417378008C6B5D = {
						CreatedOnToolsVersion = 7.2;
						DevelopmentTeam = NZMA4LQPTX;
					};
					0936814E1C417378008C6B5D = {
						CreatedOnToolsVersion = 7.2;
						TestTargetID = 093681361C417378008C6B5D;
					};
					093681591C417378008C6B5D = {
						CreatedOnToolsVersion = 7.2;
						TestTargetID = 093681361C417378008C6B5D;
					};
				};
			};
			buildConfigurationList = 093681321C417377008C6B5D /* Build configuration list for PBXProject "AImergence" */;
			compatibilityVersion = "Xcode 3.2";
			developmentRegion = English;
			hasScannedForEncodings = 0;
			knownRegions = (
				en,
				Base,
			);
			mainGroup = 0936812E1C417377008C6B5D;
			productRefGroup = 093681381C417378008C6B5D /* Products */;
			projectDirPath = "";
			projectRoot = "";
			targets = (
				093681361C417378008C6B5D /* AImergence2 */,
				0936814E1C417378008C6B5D /* AImergence2Tests */,
				093681591C417378008C6B5D /* AImergence2UITests */,
			);
		};
/* End PBXProject section */

/* Begin PBXResourcesBuildPhase section */
		093681351C417378008C6B5D /* Resources */ = {
			isa = PBXResourcesBuildPhase;
			buildActionMask = 2147483647;
			files = (
				093681491C417378008C6B5D /* LaunchScreen.storyboard in Resources */,
				099452981C620CF600F0ABFF /* Localizable.strings in Resources */,
				093681461C417378008C6B5D /* Assets.xcassets in Resources */,
				093681441C417378008C6B5D /* Main.storyboard in Resources */,
				0994529B1C620D1200F0ABFF /* Help.strings in Resources */,
			);
			runOnlyForDeploymentPostprocessing = 0;
		};
		0936814D1C417378008C6B5D /* Resources */ = {
			isa = PBXResourcesBuildPhase;
			buildActionMask = 2147483647;
			files = (
				099452831C62007000F0ABFF /* InfoPlist.strings in Resources */,
			);
			runOnlyForDeploymentPostprocessing = 0;
		};
		093681581C417378008C6B5D /* Resources */ = {
			isa = PBXResourcesBuildPhase;
			buildActionMask = 2147483647;
			files = (
				099452881C62007000F0ABFF /* InfoPlist.strings in Resources */,
			);
			runOnlyForDeploymentPostprocessing = 0;
		};
/* End PBXResourcesBuildPhase section */

/* Begin PBXSourcesBuildPhase section */
		093681331C417378008C6B5D /* Sources */ = {
			isa = PBXSourcesBuildPhase;
			buildActionMask = 2147483647;
			files = (
				093681771C4549CB008C6B5D /* Level4.swift in Sources */,
				0936817D1C46A86C008C6B5D /* HomeStruct.swift in Sources */,
				093681731C4523B1008C6B5D /* Level0.swift in Sources */,
				093000E01C4FD3B700425BB1 /* ReshapableNode.swift in Sources */,
				096F5CB51C53F1C90041EA5F /* HelpViewController.swift in Sources */,
				093000E21C4FD5D000425BB1 /* ExperimentStruct.swift in Sources */,
				0961EBBD1C66067900A4E55C /* Level7.swift in Sources */,
				093681751C45455F008C6B5D /* Level3.swift in Sources */,
				0936816F1C42708E008C6B5D /* Experiment.swift in Sources */,
				096F5CB71C56AA340041EA5F /* HelpStruct.swift in Sources */,
				0936813F1C417378008C6B5D /* GameScene.swift in Sources */,
				0994526E1C5F983400F0ABFF /* HelpView.swift in Sources */,
				093681411C417378008C6B5D /* GameViewController.swift in Sources */,
				0961EBBB1C64961F00A4E55C /* Level5.swift in Sources */,
				093000DC1C4FB62C00425BB1 /* ExperienceStruct.swift in Sources */,
				093681711C4270A5008C6B5D /* Level1.swift in Sources */,
				0936813B1C417378008C6B5D /* AppDelegate.swift in Sources */,
				0936817B1C4696AB008C6B5D /* HomeScene.swift in Sources */,
				096F5CB91C56D7240041EA5F /* Level6.swift in Sources */,
				0936816D1C42707B008C6B5D /* Experience.swift in Sources */,
				093000DA1C4FB39000425BB1 /* ExperimentNode.swift in Sources */,
				093000DE1C4FC77700425BB1 /* ExperienceNode.swift in Sources */,
				093681791C4677A6008C6B5D /* GameStruct.swift in Sources */,
				0961EBB91C63EE2200A4E55C /* Level2.swift in Sources */,
			);
			runOnlyForDeploymentPostprocessing = 0;
		};
		0936814B1C417378008C6B5D /* Sources */ = {
			isa = PBXSourcesBuildPhase;
			buildActionMask = 2147483647;
			files = (
				093681541C417378008C6B5D /* AImergence2Tests.swift in Sources */,
			);
			runOnlyForDeploymentPostprocessing = 0;
		};
		093681561C417378008C6B5D /* Sources */ = {
			isa = PBXSourcesBuildPhase;
			buildActionMask = 2147483647;
			files = (
				0936815F1C417378008C6B5D /* AImergence2UITests.swift in Sources */,
			);
			runOnlyForDeploymentPostprocessing = 0;
		};
/* End PBXSourcesBuildPhase section */

/* Begin PBXTargetDependency section */
		093681511C417378008C6B5D /* PBXTargetDependency */ = {
			isa = PBXTargetDependency;
			target = 093681361C417378008C6B5D /* AImergence2 */;
			targetProxy = 093681501C417378008C6B5D /* PBXContainerItemProxy */;
		};
		0936815C1C417378008C6B5D /* PBXTargetDependency */ = {
			isa = PBXTargetDependency;
			target = 093681361C417378008C6B5D /* AImergence2 */;
			targetProxy = 0936815B1C417378008C6B5D /* PBXContainerItemProxy */;
		};
/* End PBXTargetDependency section */

/* Begin PBXVariantGroup section */
		093681421C417378008C6B5D /* Main.storyboard */ = {
			isa = PBXVariantGroup;
			children = (
				093681431C417378008C6B5D /* Base */,
				0994526F1C614A6E00F0ABFF /* fr */,
			);
			name = Main.storyboard;
			sourceTree = "<group>";
		};
		093681471C417378008C6B5D /* LaunchScreen.storyboard */ = {
			isa = PBXVariantGroup;
			children = (
				093681481C417378008C6B5D /* Base */,
				099452701C614A6E00F0ABFF /* fr */,
			);
			name = LaunchScreen.storyboard;
			sourceTree = "<group>";
		};
		099452851C62007000F0ABFF /* InfoPlist.strings */ = {
			isa = PBXVariantGroup;
			children = (
				099452841C62007000F0ABFF /* fr */,
			);
			name = InfoPlist.strings;
			sourceTree = "<group>";
		};
		0994528A1C62007000F0ABFF /* InfoPlist.strings */ = {
			isa = PBXVariantGroup;
			children = (
				099452891C62007000F0ABFF /* fr */,
			);
			name = InfoPlist.strings;
			sourceTree = "<group>";
		};
		0994529A1C620CF600F0ABFF /* Localizable.strings */ = {
			isa = PBXVariantGroup;
			children = (
				099452991C620CF600F0ABFF /* fr */,
				099452A11C620DD300F0ABFF /* Base */,
			);
			name = Localizable.strings;
			sourceTree = "<group>";
		};
		0994529D1C620D1200F0ABFF /* Help.strings */ = {
			isa = PBXVariantGroup;
			children = (
				0994529C1C620D1200F0ABFF /* fr */,
				099452A01C620DCA00F0ABFF /* Base */,
			);
			name = Help.strings;
			sourceTree = "<group>";
		};
/* End PBXVariantGroup section */

/* Begin XCBuildConfiguration section */
		093681611C417378008C6B5D /* Debug */ = {
			isa = XCBuildConfiguration;
			buildSettings = {
				ALWAYS_SEARCH_USER_PATHS = NO;
				CLANG_CXX_LANGUAGE_STANDARD = "gnu++0x";
				CLANG_CXX_LIBRARY = "libc++";
				CLANG_ENABLE_MODULES = YES;
				CLANG_ENABLE_OBJC_ARC = YES;
				CLANG_WARN_BOOL_CONVERSION = YES;
				CLANG_WARN_CONSTANT_CONVERSION = YES;
				CLANG_WARN_DIRECT_OBJC_ISA_USAGE = YES_ERROR;
				CLANG_WARN_EMPTY_BODY = YES;
				CLANG_WARN_ENUM_CONVERSION = YES;
				CLANG_WARN_INT_CONVERSION = YES;
				CLANG_WARN_OBJC_ROOT_CLASS = YES_ERROR;
				CLANG_WARN_UNREACHABLE_CODE = YES;
				CLANG_WARN__DUPLICATE_METHOD_MATCH = YES;
				"CODE_SIGN_IDENTITY[sdk=iphoneos*]" = "iPhone Developer";
				COPY_PHASE_STRIP = NO;
				DEBUG_INFORMATION_FORMAT = "dwarf-with-dsym";
				ENABLE_STRICT_OBJC_MSGSEND = YES;
				ENABLE_TESTABILITY = YES;
				GCC_C_LANGUAGE_STANDARD = gnu99;
				GCC_DYNAMIC_NO_PIC = NO;
				GCC_NO_COMMON_BLOCKS = YES;
				GCC_OPTIMIZATION_LEVEL = 0;
				GCC_PREPROCESSOR_DEFINITIONS = (
					"DEBUG=1",
					"$(inherited)",
				);
				GCC_WARN_64_TO_32_BIT_CONVERSION = YES;
				GCC_WARN_ABOUT_RETURN_TYPE = YES_ERROR;
				GCC_WARN_UNDECLARED_SELECTOR = YES;
				GCC_WARN_UNINITIALIZED_AUTOS = YES_AGGRESSIVE;
				GCC_WARN_UNUSED_FUNCTION = YES;
				GCC_WARN_UNUSED_VARIABLE = YES;
				IPHONEOS_DEPLOYMENT_TARGET = 9.2;
				MTL_ENABLE_DEBUG_INFO = YES;
				ONLY_ACTIVE_ARCH = YES;
				SDKROOT = iphoneos;
				SWIFT_OPTIMIZATION_LEVEL = "-Onone";
				TARGETED_DEVICE_FAMILY = "1,2";
			};
			name = Debug;
		};
		093681621C417378008C6B5D /* Release */ = {
			isa = XCBuildConfiguration;
			buildSettings = {
				ALWAYS_SEARCH_USER_PATHS = NO;
				CLANG_CXX_LANGUAGE_STANDARD = "gnu++0x";
				CLANG_CXX_LIBRARY = "libc++";
				CLANG_ENABLE_MODULES = YES;
				CLANG_ENABLE_OBJC_ARC = YES;
				CLANG_WARN_BOOL_CONVERSION = YES;
				CLANG_WARN_CONSTANT_CONVERSION = YES;
				CLANG_WARN_DIRECT_OBJC_ISA_USAGE = YES_ERROR;
				CLANG_WARN_EMPTY_BODY = YES;
				CLANG_WARN_ENUM_CONVERSION = YES;
				CLANG_WARN_INT_CONVERSION = YES;
				CLANG_WARN_OBJC_ROOT_CLASS = YES_ERROR;
				CLANG_WARN_UNREACHABLE_CODE = YES;
				CLANG_WARN__DUPLICATE_METHOD_MATCH = YES;
				"CODE_SIGN_IDENTITY[sdk=iphoneos*]" = "iPhone Developer";
				COPY_PHASE_STRIP = NO;
				DEBUG_INFORMATION_FORMAT = "dwarf-with-dsym";
				ENABLE_NS_ASSERTIONS = NO;
				ENABLE_STRICT_OBJC_MSGSEND = YES;
				GCC_C_LANGUAGE_STANDARD = gnu99;
				GCC_NO_COMMON_BLOCKS = YES;
				GCC_WARN_64_TO_32_BIT_CONVERSION = YES;
				GCC_WARN_ABOUT_RETURN_TYPE = YES_ERROR;
				GCC_WARN_UNDECLARED_SELECTOR = YES;
				GCC_WARN_UNINITIALIZED_AUTOS = YES_AGGRESSIVE;
				GCC_WARN_UNUSED_FUNCTION = YES;
				GCC_WARN_UNUSED_VARIABLE = YES;
				IPHONEOS_DEPLOYMENT_TARGET = 9.2;
				MTL_ENABLE_DEBUG_INFO = NO;
				SDKROOT = iphoneos;
				TARGETED_DEVICE_FAMILY = "1,2";
				VALIDATE_PRODUCT = YES;
			};
			name = Release;
		};
		093681641C417378008C6B5D /* Debug */ = {
			isa = XCBuildConfiguration;
			buildSettings = {
				ASSETCATALOG_COMPILER_APPICON_NAME = AppIcon;
				CODE_SIGN_IDENTITY = "iPhone Developer";
				INFOPLIST_FILE = AImergence2/Info.plist;
				LD_RUNPATH_SEARCH_PATHS = "$(inherited) @executable_path/Frameworks";
				PRODUCT_BUNDLE_IDENTIFIER = com.oliviergeorgeon.AImergence;
				PRODUCT_NAME = "$(TARGET_NAME)";
				TARGETED_DEVICE_FAMILY = "1,2";
			};
			name = Debug;
		};
		093681651C417378008C6B5D /* Release */ = {
			isa = XCBuildConfiguration;
			buildSettings = {
				ASSETCATALOG_COMPILER_APPICON_NAME = AppIcon;
				CODE_SIGN_IDENTITY = "iPhone Developer";
				INFOPLIST_FILE = AImergence2/Info.plist;
				LD_RUNPATH_SEARCH_PATHS = "$(inherited) @executable_path/Frameworks";
				PRODUCT_BUNDLE_IDENTIFIER = com.oliviergeorgeon.AImergence;
				PRODUCT_NAME = "$(TARGET_NAME)";
				TARGETED_DEVICE_FAMILY = "1,2";
			};
			name = Release;
		};
		093681671C417378008C6B5D /* Debug */ = {
			isa = XCBuildConfiguration;
			buildSettings = {
				BUNDLE_LOADER = "$(TEST_HOST)";
				DEBUG_INFORMATION_FORMAT = dwarf;
				INFOPLIST_FILE = AImergence2Tests/Info.plist;
				LD_RUNPATH_SEARCH_PATHS = "$(inherited) @executable_path/Frameworks @loader_path/Frameworks";
				PRODUCT_BUNDLE_IDENTIFIER = com.oliviergeorgeon.AImergence2Tests;
				PRODUCT_NAME = "$(TARGET_NAME)";
				TEST_HOST = "$(BUILT_PRODUCTS_DIR)/AImergence2.app/AImergence2";
			};
			name = Debug;
		};
		093681681C417378008C6B5D /* Release */ = {
			isa = XCBuildConfiguration;
			buildSettings = {
				BUNDLE_LOADER = "$(TEST_HOST)";
				INFOPLIST_FILE = AImergence2Tests/Info.plist;
				LD_RUNPATH_SEARCH_PATHS = "$(inherited) @executable_path/Frameworks @loader_path/Frameworks";
				PRODUCT_BUNDLE_IDENTIFIER = com.oliviergeorgeon.AImergence2Tests;
				PRODUCT_NAME = "$(TARGET_NAME)";
				TEST_HOST = "$(BUILT_PRODUCTS_DIR)/AImergence2.app/AImergence2";
			};
			name = Release;
		};
		0936816A1C417378008C6B5D /* Debug */ = {
			isa = XCBuildConfiguration;
			buildSettings = {
				DEBUG_INFORMATION_FORMAT = dwarf;
				INFOPLIST_FILE = AImergence2UITests/Info.plist;
				LD_RUNPATH_SEARCH_PATHS = "$(inherited) @executable_path/Frameworks @loader_path/Frameworks";
				PRODUCT_BUNDLE_IDENTIFIER = com.oliviergeorgeon.AImergence2UITests;
				PRODUCT_NAME = "$(TARGET_NAME)";
				TEST_TARGET_NAME = AImergence2;
				USES_XCTRUNNER = YES;
			};
			name = Debug;
		};
		0936816B1C417378008C6B5D /* Release */ = {
			isa = XCBuildConfiguration;
			buildSettings = {
				INFOPLIST_FILE = AImergence2UITests/Info.plist;
				LD_RUNPATH_SEARCH_PATHS = "$(inherited) @executable_path/Frameworks @loader_path/Frameworks";
				PRODUCT_BUNDLE_IDENTIFIER = com.oliviergeorgeon.AImergence2UITests;
				PRODUCT_NAME = "$(TARGET_NAME)";
				TEST_TARGET_NAME = AImergence2;
				USES_XCTRUNNER = YES;
			};
			name = Release;
		};
/* End XCBuildConfiguration section */

/* Begin XCConfigurationList section */
		093681321C417377008C6B5D /* Build configuration list for PBXProject "AImergence" */ = {
			isa = XCConfigurationList;
			buildConfigurations = (
				093681611C417378008C6B5D /* Debug */,
				093681621C417378008C6B5D /* Release */,
			);
			defaultConfigurationIsVisible = 0;
			defaultConfigurationName = Release;
		};
		093681631C417378008C6B5D /* Build configuration list for PBXNativeTarget "AImergence2" */ = {
			isa = XCConfigurationList;
			buildConfigurations = (
				093681641C417378008C6B5D /* Debug */,
				093681651C417378008C6B5D /* Release */,
			);
			defaultConfigurationIsVisible = 0;
			defaultConfigurationName = Release;
		};
		093681661C417378008C6B5D /* Build configuration list for PBXNativeTarget "AImergence2Tests" */ = {
			isa = XCConfigurationList;
			buildConfigurations = (
				093681671C417378008C6B5D /* Debug */,
				093681681C417378008C6B5D /* Release */,
			);
			defaultConfigurationIsVisible = 0;
			defaultConfigurationName = Release;
		};
		093681691C417378008C6B5D /* Build configuration list for PBXNativeTarget "AImergence2UITests" */ = {
			isa = XCConfigurationList;
			buildConfigurations = (
				0936816A1C417378008C6B5D /* Debug */,
				0936816B1C417378008C6B5D /* Release */,
			);
			defaultConfigurationIsVisible = 0;
			defaultConfigurationName = Release;
		};
/* End XCConfigurationList section */
	};
	rootObject = 0936812F1C417377008C6B5D /* Project object */;
}
