// !$*UTF8*$!
{
	archiveVersion = 1;
	classes = {
	};
	objectVersion = 46;
	objects = {

/* Begin PBXBuildFile section */
		09094A521DF49A51005384E0 /* Level101.swift in Sources */ = {isa = PBXBuildFile; fileRef = 09094A511DF49A51005384E0 /* Level101.swift */; };
		090AD9EA1C7A5EEE00F2FE8C /* ImagineModel006.swift in Sources */ = {isa = PBXBuildFile; fileRef = 090AD9E91C7A5EEE00F2FE8C /* ImagineModel006.swift */; };
		090AD9EC1C7A5F2400F2FE8C /* ImagineModel007.swift in Sources */ = {isa = PBXBuildFile; fileRef = 090AD9EB1C7A5F2400F2FE8C /* ImagineModel007.swift */; };
		090AD9F01C7A618500F2FE8C /* Level008.swift in Sources */ = {isa = PBXBuildFile; fileRef = 090AD9EF1C7A618500F2FE8C /* Level008.swift */; };
		090AD9F21C7A628C00F2FE8C /* ImagineModel008.swift in Sources */ = {isa = PBXBuildFile; fileRef = 090AD9F11C7A628C00F2FE8C /* ImagineModel008.swift */; };
		0911B7F21C731CF400DC3F69 /* PositionedSKScene.swift in Sources */ = {isa = PBXBuildFile; fileRef = 0911B7F11C731CF400DC3F69 /* PositionedSKScene.swift */; };
		0911B7F41C73A4B600DC3F69 /* ImagineModel005.swift in Sources */ = {isa = PBXBuildFile; fileRef = 0911B7F31C73A4B600DC3F69 /* ImagineModel005.swift */; };
		0911B7F61C748BFC00DC3F69 /* ImagineModel009.swift in Sources */ = {isa = PBXBuildFile; fileRef = 0911B7F51C748BFC00DC3F69 /* ImagineModel009.swift */; };
		0914EA661D09B82A00E78D5F /* Level015.swift in Sources */ = {isa = PBXBuildFile; fileRef = 0914EA651D09B82A00E78D5F /* Level015.swift */; };
		0914EA681D09BAD100E78D5F /* GameModel15.swift in Sources */ = {isa = PBXBuildFile; fileRef = 0914EA671D09BAD100E78D5F /* GameModel15.swift */; };
		0914EA6A1D0AA7DE00E78D5F /* ImagineModel015.swift in Sources */ = {isa = PBXBuildFile; fileRef = 0914EA691D0AA7DE00E78D5F /* ImagineModel015.swift */; };
		0914EA6C1D0AAD6300E78D5F /* Level016.swift in Sources */ = {isa = PBXBuildFile; fileRef = 0914EA6B1D0AAD6300E78D5F /* Level016.swift */; };
		0919DF141DDC9DA100653775 /* Messages.framework in Frameworks */ = {isa = PBXBuildFile; fileRef = 0919DF131DDC9DA100653775 /* Messages.framework */; };
		0919DF171DDC9DA100653775 /* MessagesViewController.swift in Sources */ = {isa = PBXBuildFile; fileRef = 0919DF161DDC9DA100653775 /* MessagesViewController.swift */; };
		0919DF1A1DDC9DA100653775 /* MainInterface.storyboard in Resources */ = {isa = PBXBuildFile; fileRef = 0919DF181DDC9DA100653775 /* MainInterface.storyboard */; };
		0919DF1C1DDC9DA100653775 /* Assets.xcassets in Resources */ = {isa = PBXBuildFile; fileRef = 0919DF1B1DDC9DA100653775 /* Assets.xcassets */; };
		0919DF261DDCB9C100653775 /* Stickers.xcstickers in Resources */ = {isa = PBXBuildFile; fileRef = 0919DF251DDCB9C100653775 /* Stickers.xcstickers */; };
		09246FC61D3145F80049CFA2 /* TipSKNode.swift in Sources */ = {isa = PBXBuildFile; fileRef = 09246FC51D3145F80049CFA2 /* TipSKNode.swift */; };
		093000DA1C4FB39000425BB1 /* ExperimentSKNode.swift in Sources */ = {isa = PBXBuildFile; fileRef = 093000D91C4FB39000425BB1 /* ExperimentSKNode.swift */; };
		093000DE1C4FC77700425BB1 /* ExperienceSKNode.swift in Sources */ = {isa = PBXBuildFile; fileRef = 093000DD1C4FC77700425BB1 /* ExperienceSKNode.swift */; };
		093000E01C4FD3B700425BB1 /* ReshapableSKNode.swift in Sources */ = {isa = PBXBuildFile; fileRef = 093000DF1C4FD3B700425BB1 /* ReshapableSKNode.swift */; };
		0930E0701D46A53300E56524 /* TraceSKNode.swift in Sources */ = {isa = PBXBuildFile; fileRef = 0930E06F1D46A53300E56524 /* TraceSKNode.swift */; };
		0936813B1C417378008C6B5D /* AppDelegate.swift in Sources */ = {isa = PBXBuildFile; fileRef = 0936813A1C417378008C6B5D /* AppDelegate.swift */; };
		0936813F1C417378008C6B5D /* GameSKScene.swift in Sources */ = {isa = PBXBuildFile; fileRef = 0936813E1C417378008C6B5D /* GameSKScene.swift */; };
		093681411C417378008C6B5D /* GameViewController.swift in Sources */ = {isa = PBXBuildFile; fileRef = 093681401C417378008C6B5D /* GameViewController.swift */; };
		093681441C417378008C6B5D /* Main.storyboard in Resources */ = {isa = PBXBuildFile; fileRef = 093681421C417378008C6B5D /* Main.storyboard */; };
		093681461C417378008C6B5D /* Assets.xcassets in Resources */ = {isa = PBXBuildFile; fileRef = 093681451C417378008C6B5D /* Assets.xcassets */; };
		093681491C417378008C6B5D /* LaunchScreen.storyboard in Resources */ = {isa = PBXBuildFile; fileRef = 093681471C417378008C6B5D /* LaunchScreen.storyboard */; };
		093681541C417378008C6B5D /* AImergence2Tests.swift in Sources */ = {isa = PBXBuildFile; fileRef = 093681531C417378008C6B5D /* AImergence2Tests.swift */; };
		0936815F1C417378008C6B5D /* AImergence2UITests.swift in Sources */ = {isa = PBXBuildFile; fileRef = 0936815E1C417378008C6B5D /* AImergence2UITests.swift */; };
		0936816D1C42707B008C6B5D /* Experience.swift in Sources */ = {isa = PBXBuildFile; fileRef = 0936816C1C42707B008C6B5D /* Experience.swift */; };
		0936816F1C42708E008C6B5D /* Experiment.swift in Sources */ = {isa = PBXBuildFile; fileRef = 0936816E1C42708E008C6B5D /* Experiment.swift */; };
		093681711C4270A5008C6B5D /* Level002.swift in Sources */ = {isa = PBXBuildFile; fileRef = 093681701C4270A5008C6B5D /* Level002.swift */; };
		093681731C4523B1008C6B5D /* Level000.swift in Sources */ = {isa = PBXBuildFile; fileRef = 093681721C4523B1008C6B5D /* Level000.swift */; };
		093681751C45455F008C6B5D /* Level004.swift in Sources */ = {isa = PBXBuildFile; fileRef = 093681741C45455F008C6B5D /* Level004.swift */; };
		093681771C4549CB008C6B5D /* Level005.swift in Sources */ = {isa = PBXBuildFile; fileRef = 093681761C4549CB008C6B5D /* Level005.swift */; };
		0936817B1C4696AB008C6B5D /* MenuSKScene.swift in Sources */ = {isa = PBXBuildFile; fileRef = 0936817A1C4696AB008C6B5D /* MenuSKScene.swift */; };
		0939E99B1D51D8190043A166 /* SoundSKNode.swift in Sources */ = {isa = PBXBuildFile; fileRef = 0939E99A1D51D8190043A166 /* SoundSKNode.swift */; };
		0939E99E1D51EA1C0043A166 /* baby1.wav in Resources */ = {isa = PBXBuildFile; fileRef = 0939E99D1D51EA1C0043A166 /* baby1.wav */; };
		0939E9A61D51ED2D0043A166 /* baby2.wav in Resources */ = {isa = PBXBuildFile; fileRef = 0939E99F1D51ED2D0043A166 /* baby2.wav */; };
		0939E9A71D51ED2D0043A166 /* baby3.wav in Resources */ = {isa = PBXBuildFile; fileRef = 0939E9A01D51ED2D0043A166 /* baby3.wav */; };
		0939E9A81D51ED2D0043A166 /* baby4.wav in Resources */ = {isa = PBXBuildFile; fileRef = 0939E9A11D51ED2D0043A166 /* baby4.wav */; };
		0939E9A91D51ED2D0043A166 /* baby5.wav in Resources */ = {isa = PBXBuildFile; fileRef = 0939E9A21D51ED2D0043A166 /* baby5.wav */; };
		0939E9AA1D51ED2D0043A166 /* baby6.wav in Resources */ = {isa = PBXBuildFile; fileRef = 0939E9A31D51ED2D0043A166 /* baby6.wav */; };
		0939E9AB1D51ED2D0043A166 /* baby7.wav in Resources */ = {isa = PBXBuildFile; fileRef = 0939E9A41D51ED2D0043A166 /* baby7.wav */; };
		0939E9AC1D51ED2D0043A166 /* baby8.wav in Resources */ = {isa = PBXBuildFile; fileRef = 0939E9A51D51ED2D0043A166 /* baby8.wav */; };
		0939E9AE1D51EEFF0043A166 /* baby9.wav in Resources */ = {isa = PBXBuildFile; fileRef = 0939E9AD1D51EEFF0043A166 /* baby9.wav */; };
		0939E9B21D51F4920043A166 /* baby10.wav in Resources */ = {isa = PBXBuildFile; fileRef = 0939E9AF1D51F4920043A166 /* baby10.wav */; };
		0939E9B31D51F4920043A166 /* baby11.wav in Resources */ = {isa = PBXBuildFile; fileRef = 0939E9B01D51F4920043A166 /* baby11.wav */; };
		0939E9B41D51F4920043A166 /* baby12.wav in Resources */ = {isa = PBXBuildFile; fileRef = 0939E9B11D51F4920043A166 /* baby12.wav */; };
		0939E9B61D51F9FF0043A166 /* GameModel4.swift in Sources */ = {isa = PBXBuildFile; fileRef = 0939E9B51D51F9FF0043A166 /* GameModel4.swift */; };
		0939E9B81D51FE1C0043A166 /* GameModel5.swift in Sources */ = {isa = PBXBuildFile; fileRef = 0939E9B71D51FE1C0043A166 /* GameModel5.swift */; };
		0939E9BA1D51FFDA0043A166 /* baby13.wav in Resources */ = {isa = PBXBuildFile; fileRef = 0939E9B91D51FFDA0043A166 /* baby13.wav */; };
		093C3F661C6F68B9000BC6FB /* ImagineModel002.swift in Sources */ = {isa = PBXBuildFile; fileRef = 093C3F651C6F68B9000BC6FB /* ImagineModel002.swift */; };
		093C3F681C6F8482000BC6FB /* ImagineModel003.swift in Sources */ = {isa = PBXBuildFile; fileRef = 093C3F671C6F8482000BC6FB /* ImagineModel003.swift */; };
		094304191D3E194800882B75 /* EventSKNode.swift in Sources */ = {isa = PBXBuildFile; fileRef = 094304181D3E194800882B75 /* EventSKNode.swift */; };
		0945F8F81DC3397100D41A6F /* Level202.swift in Sources */ = {isa = PBXBuildFile; fileRef = 0945F8F71DC3397100D41A6F /* Level202.swift */; };
		0945F8FA1DC352A100D41A6F /* ImagineModel202.swift in Sources */ = {isa = PBXBuildFile; fileRef = 0945F8F91DC352A100D41A6F /* ImagineModel202.swift */; };
		0945F8FC1DC3712F00D41A6F /* Level200.swift in Sources */ = {isa = PBXBuildFile; fileRef = 0945F8FB1DC3712F00D41A6F /* Level200.swift */; };
		0945F8FE1DC373CB00D41A6F /* GameModel18.swift in Sources */ = {isa = PBXBuildFile; fileRef = 0945F8FD1DC373CB00D41A6F /* GameModel18.swift */; };
		0945F9001DC37ACA00D41A6F /* ImagineModel200.swift in Sources */ = {isa = PBXBuildFile; fileRef = 0945F8FF1DC37ACA00D41A6F /* ImagineModel200.swift */; };
		0945F9021DC3974E00D41A6F /* Level201.swift in Sources */ = {isa = PBXBuildFile; fileRef = 0945F9011DC3974E00D41A6F /* Level201.swift */; };
		0945F9041DC3988200D41A6F /* ImagineModel201.swift in Sources */ = {isa = PBXBuildFile; fileRef = 0945F9031DC3988200D41A6F /* ImagineModel201.swift */; };
		0947C3D71D67571000212A0B /* SCNPhenomenonNode.swift in Sources */ = {isa = PBXBuildFile; fileRef = 0947C3D61D67571000212A0B /* SCNPhenomenonNode.swift */; };
		0955A67E1DF59C380091D219 /* GKMessageImage.png in Resources */ = {isa = PBXBuildFile; fileRef = 0955A67D1DF59C380091D219 /* GKMessageImage.png */; };
		0955A6801DF5B3270091D219 /* ImagineModel101.swift in Sources */ = {isa = PBXBuildFile; fileRef = 0955A67F1DF5B3270091D219 /* ImagineModel101.swift */; };
		0955A6821DF5B71F0091D219 /* MultiplayerExtension.swift in Sources */ = {isa = PBXBuildFile; fileRef = 0955A6811DF5B71F0091D219 /* MultiplayerExtension.swift */; };
		0955F6F81CF2E65400473C03 /* GameModel11.swift in Sources */ = {isa = PBXBuildFile; fileRef = 0955F6F71CF2E65400473C03 /* GameModel11.swift */; };
		0955F6FA1CF349BD00473C03 /* art.scnassets in Resources */ = {isa = PBXBuildFile; fileRef = 0955F6F91CF349BD00473C03 /* art.scnassets */; };
		095856711D0AC50B002BD7D7 /* Confetti.scnp in Resources */ = {isa = PBXBuildFile; fileRef = 0958566F1D0AC50B002BD7D7 /* Confetti.scnp */; };
		095856721D0AC50B002BD7D7 /* confetti.png in Resources */ = {isa = PBXBuildFile; fileRef = 095856701D0AC50B002BD7D7 /* confetti.png */; };
		095991361D22943100C2D3E9 /* StoreKit.framework in Frameworks */ = {isa = PBXBuildFile; fileRef = 095991351D22943100C2D3E9 /* StoreKit.framework */; };
		0961EBB91C63EE2200A4E55C /* Level003.swift in Sources */ = {isa = PBXBuildFile; fileRef = 0961EBB81C63EE2200A4E55C /* Level003.swift */; };
		0961EBBB1C64961F00A4E55C /* Level006.swift in Sources */ = {isa = PBXBuildFile; fileRef = 0961EBBA1C64961F00A4E55C /* Level006.swift */; };
		0961EBC01C66658B00A4E55C /* Help0.plist in Resources */ = {isa = PBXBuildFile; fileRef = 0961EBC21C66658B00A4E55C /* Help0.plist */; };
		0964BB0F1CEEFA9B00A4B40D /* Level011.swift in Sources */ = {isa = PBXBuildFile; fileRef = 0964BB0E1CEEFA9B00A4B40D /* Level011.swift */; };
		0964BB111CEF37D000A4B40D /* Robot.swift in Sources */ = {isa = PBXBuildFile; fileRef = 0964BB101CEF37D000A4B40D /* Robot.swift */; };
		0964BB131CEF488300A4B40D /* SCNRobotNode.swift in Sources */ = {isa = PBXBuildFile; fileRef = 0964BB121CEF488300A4B40D /* SCNRobotNode.swift */; };
		0964BB151CEF501E00A4B40D /* ImagineModel011.swift in Sources */ = {isa = PBXBuildFile; fileRef = 0964BB141CEF501E00A4B40D /* ImagineModel011.swift */; };
		0964BB171CEF94D900A4B40D /* Level012.swift in Sources */ = {isa = PBXBuildFile; fileRef = 0964BB161CEF94D900A4B40D /* Level012.swift */; };
		0964BB191CEF95AA00A4B40D /* ImagineModel012.swift in Sources */ = {isa = PBXBuildFile; fileRef = 0964BB181CEF95AA00A4B40D /* ImagineModel012.swift */; };
		096BD2981D40A27B00C08BEC /* RobotSKNode.swift in Sources */ = {isa = PBXBuildFile; fileRef = 096BD2971D40A27B00C08BEC /* RobotSKNode.swift */; };
		096F5CB51C53F1C90041EA5F /* HelpViewController.swift in Sources */ = {isa = PBXBuildFile; fileRef = 096F5CB41C53F1C90041EA5F /* HelpViewController.swift */; };
		096F5CB91C56D7240041EA5F /* Level009.swift in Sources */ = {isa = PBXBuildFile; fileRef = 096F5CB81C56D7240041EA5F /* Level009.swift */; };
		097D70151D3F6AF7005D4C3A /* ScoreSKNode.swift in Sources */ = {isa = PBXBuildFile; fileRef = 097D70141D3F6AF7005D4C3A /* ScoreSKNode.swift */; };
		098203F01D088818009303C5 /* ButtonSKNode.swift in Sources */ = {isa = PBXBuildFile; fileRef = 098203EF1D088818009303C5 /* ButtonSKNode.swift */; };
		0984BC041D6881D8001D70ED /* SCNFlipTileNode.swift in Sources */ = {isa = PBXBuildFile; fileRef = 0984BC031D6881D8001D70ED /* SCNFlipTileNode.swift */; };
		09893FC61DF4712B0077037F /* ImagineModel100.swift in Sources */ = {isa = PBXBuildFile; fileRef = 09893FC51DF4712B0077037F /* ImagineModel100.swift */; };
		0994526E1C5F983400F0ABFF /* HelpView.swift in Sources */ = {isa = PBXBuildFile; fileRef = 0994526D1C5F983400F0ABFF /* HelpView.swift */; };
		099452831C62007000F0ABFF /* InfoPlist.strings in Resources */ = {isa = PBXBuildFile; fileRef = 099452851C62007000F0ABFF /* InfoPlist.strings */; };
		099452881C62007000F0ABFF /* InfoPlist.strings in Resources */ = {isa = PBXBuildFile; fileRef = 0994528A1C62007000F0ABFF /* InfoPlist.strings */; };
		099452981C620CF600F0ABFF /* Localizable.strings in Resources */ = {isa = PBXBuildFile; fileRef = 0994529A1C620CF600F0ABFF /* Localizable.strings */; };
		09A168521DF1C73400619A3A /* Level100.swift in Sources */ = {isa = PBXBuildFile; fileRef = 09A168511DF1C73400619A3A /* Level100.swift */; };
		09AC4CBA1C7DD63700C149EC /* GameModel0.swift in Sources */ = {isa = PBXBuildFile; fileRef = 09AC4CB91C7DD63700C149EC /* GameModel0.swift */; };
		09AC4CBC1C7DDBFC00C149EC /* GameModel1.swift in Sources */ = {isa = PBXBuildFile; fileRef = 09AC4CBB1C7DDBFC00C149EC /* GameModel1.swift */; };
		09AC4D131C821BC000C149EC /* GameView.swift in Sources */ = {isa = PBXBuildFile; fileRef = 09AC4D121C821BC000C149EC /* GameView.swift */; };
		09AC4D151C8491DA00C149EC /* Level001.swift in Sources */ = {isa = PBXBuildFile; fileRef = 09AC4D141C8491DA00C149EC /* Level001.swift */; };
		09AC4D171C84D36100C149EC /* ImagineModel001.swift in Sources */ = {isa = PBXBuildFile; fileRef = 09AC4D161C84D36100C149EC /* ImagineModel001.swift */; };
		09AC4D191C86E0D600C149EC /* Level010.swift in Sources */ = {isa = PBXBuildFile; fileRef = 09AC4D181C86E0D600C149EC /* Level010.swift */; };
		09AC4D1B1C86E29200C149EC /* ImagineModel010.swift in Sources */ = {isa = PBXBuildFile; fileRef = 09AC4D1A1C86E29200C149EC /* ImagineModel010.swift */; };
		09AF84171D01A3D900C1E310 /* Level013.swift in Sources */ = {isa = PBXBuildFile; fileRef = 09AF84161D01A3D900C1E310 /* Level013.swift */; };
		09AF84191D01A82800C1E310 /* ImagineModel013.swift in Sources */ = {isa = PBXBuildFile; fileRef = 09AF84181D01A82800C1E310 /* ImagineModel013.swift */; };
		09AF841B1D01ABDD00C1E310 /* GameModel13.swift in Sources */ = {isa = PBXBuildFile; fileRef = 09AF841A1D01ABDD00C1E310 /* GameModel13.swift */; };
		09C16D551D15534A006ADB5C /* GameKit.framework in Frameworks */ = {isa = PBXBuildFile; fileRef = 09C16D541D15534A006ADB5C /* GameKit.framework */; };
		09C3A10B1D474F0B007D602C /* MatchSKNode.swift in Sources */ = {isa = PBXBuildFile; fileRef = 09C3A10A1D474F0B007D602C /* MatchSKNode.swift */; };
		09C3A10D1D477D02007D602C /* TutorSKNode.swift in Sources */ = {isa = PBXBuildFile; fileRef = 09C3A10C1D477D02007D602C /* TutorSKNode.swift */; };
		09C7BA961DFEDB75003528BF /* Help1.plist in Resources */ = {isa = PBXBuildFile; fileRef = 09C7BA941DFEDB75003528BF /* Help1.plist */; };
		09C7BA9A1DFEDD09003528BF /* Help2.plist in Resources */ = {isa = PBXBuildFile; fileRef = 09C7BA9C1DFEDD09003528BF /* Help2.plist */; };
		09D426421D0AD44000B34CDF /* ImagineModel016.swift in Sources */ = {isa = PBXBuildFile; fileRef = 09D426411D0AD44000B34CDF /* ImagineModel016.swift */; };
		09D426441D0AE29D00B34CDF /* Level017.swift in Sources */ = {isa = PBXBuildFile; fileRef = 09D426431D0AE29D00B34CDF /* Level017.swift */; };
		09D426461D0AE30200B34CDF /* ImagineModel017.swift in Sources */ = {isa = PBXBuildFile; fileRef = 09D426451D0AE30200B34CDF /* ImagineModel017.swift */; };
		09ED657D1C6C87D2004A8CA7 /* Level007.swift in Sources */ = {isa = PBXBuildFile; fileRef = 09ED657C1C6C87D2004A8CA7 /* Level007.swift */; };
		09ED657F1C6D0EE6004A8CA7 /* ImagineViewController.swift in Sources */ = {isa = PBXBuildFile; fileRef = 09ED657E1C6D0EE6004A8CA7 /* ImagineViewController.swift */; };
		09ED65851C6D1400004A8CA7 /* ImagineModel000.swift in Sources */ = {isa = PBXBuildFile; fileRef = 09ED65841C6D1400004A8CA7 /* ImagineModel000.swift */; };
		09ED65871C6E36B7004A8CA7 /* ImagineModel004.swift in Sources */ = {isa = PBXBuildFile; fileRef = 09ED65861C6E36B7004A8CA7 /* ImagineModel004.swift */; };
		09F145131D02226300D0BDC7 /* Level014.swift in Sources */ = {isa = PBXBuildFile; fileRef = 09F145121D02226300D0BDC7 /* Level014.swift */; };
		09F145151D02240B00D0BDC7 /* ImagineModel014.swift in Sources */ = {isa = PBXBuildFile; fileRef = 09F145141D02240B00D0BDC7 /* ImagineModel014.swift */; };
		09F6D6ED1D45E76E00B38671 /* ShapePopupSKNode.swift in Sources */ = {isa = PBXBuildFile; fileRef = 09F6D6EC1D45E76E00B38671 /* ShapePopupSKNode.swift */; };
		09F6D6EF1D45EC0500B38671 /* ColorPopupSKNode.swift in Sources */ = {isa = PBXBuildFile; fileRef = 09F6D6EE1D45EC0500B38671 /* ColorPopupSKNode.swift */; };
/* End PBXBuildFile section */

/* Begin PBXContainerItemProxy section */
		093681501C417378008C6B5D /* PBXContainerItemProxy */ = {
			isa = PBXContainerItemProxy;
			containerPortal = 0936812F1C417377008C6B5D /* Project object */;
			proxyType = 1;
			remoteGlobalIDString = 093681361C417378008C6B5D;
			remoteInfo = AImergence2;
		};
		0936815B1C417378008C6B5D /* PBXContainerItemProxy */ = {
			isa = PBXContainerItemProxy;
			containerPortal = 0936812F1C417377008C6B5D /* Project object */;
			proxyType = 1;
			remoteGlobalIDString = 093681361C417378008C6B5D;
			remoteInfo = AImergence2;
		};
/* End PBXContainerItemProxy section */

/* Begin PBXFileReference section */
		09094A511DF49A51005384E0 /* Level101.swift */ = {isa = PBXFileReference; fileEncoding = 4; lastKnownFileType = sourcecode.swift; path = Level101.swift; sourceTree = "<group>"; };
		090AD9E91C7A5EEE00F2FE8C /* ImagineModel006.swift */ = {isa = PBXFileReference; fileEncoding = 4; lastKnownFileType = sourcecode.swift; path = ImagineModel006.swift; sourceTree = "<group>"; };
		090AD9EB1C7A5F2400F2FE8C /* ImagineModel007.swift */ = {isa = PBXFileReference; fileEncoding = 4; lastKnownFileType = sourcecode.swift; path = ImagineModel007.swift; sourceTree = "<group>"; };
		090AD9EF1C7A618500F2FE8C /* Level008.swift */ = {isa = PBXFileReference; fileEncoding = 4; lastKnownFileType = sourcecode.swift; path = Level008.swift; sourceTree = "<group>"; };
		090AD9F11C7A628C00F2FE8C /* ImagineModel008.swift */ = {isa = PBXFileReference; fileEncoding = 4; lastKnownFileType = sourcecode.swift; path = ImagineModel008.swift; sourceTree = "<group>"; };
		0911B7F11C731CF400DC3F69 /* PositionedSKScene.swift */ = {isa = PBXFileReference; fileEncoding = 4; lastKnownFileType = sourcecode.swift; path = PositionedSKScene.swift; sourceTree = "<group>"; };
		0911B7F31C73A4B600DC3F69 /* ImagineModel005.swift */ = {isa = PBXFileReference; fileEncoding = 4; lastKnownFileType = sourcecode.swift; path = ImagineModel005.swift; sourceTree = "<group>"; };
		0911B7F51C748BFC00DC3F69 /* ImagineModel009.swift */ = {isa = PBXFileReference; fileEncoding = 4; lastKnownFileType = sourcecode.swift; path = ImagineModel009.swift; sourceTree = "<group>"; };
		0914EA651D09B82A00E78D5F /* Level015.swift */ = {isa = PBXFileReference; fileEncoding = 4; lastKnownFileType = sourcecode.swift; path = Level015.swift; sourceTree = "<group>"; };
		0914EA671D09BAD100E78D5F /* GameModel15.swift */ = {isa = PBXFileReference; fileEncoding = 4; lastKnownFileType = sourcecode.swift; path = GameModel15.swift; sourceTree = "<group>"; };
		0914EA691D0AA7DE00E78D5F /* ImagineModel015.swift */ = {isa = PBXFileReference; fileEncoding = 4; lastKnownFileType = sourcecode.swift; path = ImagineModel015.swift; sourceTree = "<group>"; };
		0914EA6B1D0AAD6300E78D5F /* Level016.swift */ = {isa = PBXFileReference; fileEncoding = 4; lastKnownFileType = sourcecode.swift; path = Level016.swift; sourceTree = "<group>"; };
		0919DF111DDC9DA100653775 /* iMessage.appex */ = {isa = PBXFileReference; explicitFileType = "wrapper.app-extension"; includeInIndex = 0; path = iMessage.appex; sourceTree = BUILT_PRODUCTS_DIR; };
		0919DF131DDC9DA100653775 /* Messages.framework */ = {isa = PBXFileReference; lastKnownFileType = wrapper.framework; name = Messages.framework; path = System/Library/Frameworks/Messages.framework; sourceTree = SDKROOT; };
		0919DF161DDC9DA100653775 /* MessagesViewController.swift */ = {isa = PBXFileReference; lastKnownFileType = sourcecode.swift; path = MessagesViewController.swift; sourceTree = "<group>"; };
		0919DF191DDC9DA100653775 /* Base */ = {isa = PBXFileReference; lastKnownFileType = file.storyboard; name = Base; path = Base.lproj/MainInterface.storyboard; sourceTree = "<group>"; };
		0919DF1B1DDC9DA100653775 /* Assets.xcassets */ = {isa = PBXFileReference; lastKnownFileType = folder.assetcatalog; path = Assets.xcassets; sourceTree = "<group>"; };
		0919DF1D1DDC9DA100653775 /* Info.plist */ = {isa = PBXFileReference; lastKnownFileType = text.plist.xml; path = Info.plist; sourceTree = "<group>"; };
		0919DF251DDCB9C100653775 /* Stickers.xcstickers */ = {isa = PBXFileReference; lastKnownFileType = folder.stickers; path = Stickers.xcstickers; sourceTree = "<group>"; };
		09246FC51D3145F80049CFA2 /* TipSKNode.swift */ = {isa = PBXFileReference; fileEncoding = 4; lastKnownFileType = sourcecode.swift; path = TipSKNode.swift; sourceTree = "<group>"; };
		092B00371CBFF47A00A6FF3C /* fr */ = {isa = PBXFileReference; lastKnownFileType = text.plist.strings; name = fr; path = fr.lproj/LaunchScreen.strings; sourceTree = "<group>"; };
		093000D91C4FB39000425BB1 /* ExperimentSKNode.swift */ = {isa = PBXFileReference; fileEncoding = 4; lastKnownFileType = sourcecode.swift; path = ExperimentSKNode.swift; sourceTree = "<group>"; };
		093000DD1C4FC77700425BB1 /* ExperienceSKNode.swift */ = {isa = PBXFileReference; fileEncoding = 4; lastKnownFileType = sourcecode.swift; path = ExperienceSKNode.swift; sourceTree = "<group>"; };
		093000DF1C4FD3B700425BB1 /* ReshapableSKNode.swift */ = {isa = PBXFileReference; fileEncoding = 4; lastKnownFileType = sourcecode.swift; path = ReshapableSKNode.swift; sourceTree = "<group>"; };
		0930E06F1D46A53300E56524 /* TraceSKNode.swift */ = {isa = PBXFileReference; fileEncoding = 4; lastKnownFileType = sourcecode.swift; path = TraceSKNode.swift; sourceTree = "<group>"; };
		093544A51F739401002932AE /* zh-Hans */ = {isa = PBXFileReference; lastKnownFileType = text.plist.strings; name = "zh-Hans"; path = "zh-Hans.lproj/Main.strings"; sourceTree = "<group>"; };
		093544A61F739401002932AE /* zh-Hans */ = {isa = PBXFileReference; lastKnownFileType = text.plist.xml; name = "zh-Hans"; path = "zh-Hans.lproj/Help0.plist"; sourceTree = "<group>"; };
		093544A71F739401002932AE /* zh-Hans */ = {isa = PBXFileReference; lastKnownFileType = text.plist.xml; name = "zh-Hans"; path = "zh-Hans.lproj/Help1.plist"; sourceTree = "<group>"; };
		093544A81F739401002932AE /* zh-Hans */ = {isa = PBXFileReference; lastKnownFileType = text.plist.xml; name = "zh-Hans"; path = "zh-Hans.lproj/Help2.plist"; sourceTree = "<group>"; };
		093544A91F739401002932AE /* zh-Hans */ = {isa = PBXFileReference; lastKnownFileType = text.plist.strings; name = "zh-Hans"; path = "zh-Hans.lproj/Localizable.strings"; sourceTree = "<group>"; };
		093681371C417378008C6B5D /* Little AI.app */ = {isa = PBXFileReference; explicitFileType = wrapper.application; includeInIndex = 0; path = "Little AI.app"; sourceTree = BUILT_PRODUCTS_DIR; };
		0936813A1C417378008C6B5D /* AppDelegate.swift */ = {isa = PBXFileReference; lastKnownFileType = sourcecode.swift; path = AppDelegate.swift; sourceTree = "<group>"; };
		0936813E1C417378008C6B5D /* GameSKScene.swift */ = {isa = PBXFileReference; lastKnownFileType = sourcecode.swift; path = GameSKScene.swift; sourceTree = "<group>"; };
		093681401C417378008C6B5D /* GameViewController.swift */ = {isa = PBXFileReference; lastKnownFileType = sourcecode.swift; path = GameViewController.swift; sourceTree = "<group>"; };
		093681431C417378008C6B5D /* Base */ = {isa = PBXFileReference; lastKnownFileType = file.storyboard; name = Base; path = Base.lproj/Main.storyboard; sourceTree = "<group>"; };
		093681451C417378008C6B5D /* Assets.xcassets */ = {isa = PBXFileReference; lastKnownFileType = folder.assetcatalog; path = Assets.xcassets; sourceTree = "<group>"; };
		093681481C417378008C6B5D /* Base */ = {isa = PBXFileReference; lastKnownFileType = file.storyboard; name = Base; path = Base.lproj/LaunchScreen.storyboard; sourceTree = "<group>"; };
		0936814A1C417378008C6B5D /* Info.plist */ = {isa = PBXFileReference; lastKnownFileType = text.plist.xml; path = Info.plist; sourceTree = "<group>"; };
		0936814F1C417378008C6B5D /* Little AITests.xctest */ = {isa = PBXFileReference; explicitFileType = wrapper.cfbundle; includeInIndex = 0; path = "Little AITests.xctest"; sourceTree = BUILT_PRODUCTS_DIR; };
		093681531C417378008C6B5D /* AImergence2Tests.swift */ = {isa = PBXFileReference; lastKnownFileType = sourcecode.swift; path = AImergence2Tests.swift; sourceTree = "<group>"; };
		093681551C417378008C6B5D /* Info.plist */ = {isa = PBXFileReference; lastKnownFileType = text.plist.xml; path = Info.plist; sourceTree = "<group>"; };
		0936815A1C417378008C6B5D /* Little AIUITests.xctest */ = {isa = PBXFileReference; explicitFileType = wrapper.cfbundle; includeInIndex = 0; path = "Little AIUITests.xctest"; sourceTree = BUILT_PRODUCTS_DIR; };
		0936815E1C417378008C6B5D /* AImergence2UITests.swift */ = {isa = PBXFileReference; lastKnownFileType = sourcecode.swift; path = AImergence2UITests.swift; sourceTree = "<group>"; };
		093681601C417378008C6B5D /* Info.plist */ = {isa = PBXFileReference; lastKnownFileType = text.plist.xml; path = Info.plist; sourceTree = "<group>"; };
		0936816C1C42707B008C6B5D /* Experience.swift */ = {isa = PBXFileReference; fileEncoding = 4; lastKnownFileType = sourcecode.swift; path = Experience.swift; sourceTree = "<group>"; };
		0936816E1C42708E008C6B5D /* Experiment.swift */ = {isa = PBXFileReference; fileEncoding = 4; lastKnownFileType = sourcecode.swift; path = Experiment.swift; sourceTree = "<group>"; };
		093681701C4270A5008C6B5D /* Level002.swift */ = {isa = PBXFileReference; fileEncoding = 4; lastKnownFileType = sourcecode.swift; path = Level002.swift; sourceTree = "<group>"; };
		093681721C4523B1008C6B5D /* Level000.swift */ = {isa = PBXFileReference; fileEncoding = 4; lastKnownFileType = sourcecode.swift; path = Level000.swift; sourceTree = "<group>"; };
		093681741C45455F008C6B5D /* Level004.swift */ = {isa = PBXFileReference; fileEncoding = 4; lastKnownFileType = sourcecode.swift; path = Level004.swift; sourceTree = "<group>"; };
		093681761C4549CB008C6B5D /* Level005.swift */ = {isa = PBXFileReference; fileEncoding = 4; lastKnownFileType = sourcecode.swift; path = Level005.swift; sourceTree = "<group>"; };
		0936817A1C4696AB008C6B5D /* MenuSKScene.swift */ = {isa = PBXFileReference; fileEncoding = 4; lastKnownFileType = sourcecode.swift; path = MenuSKScene.swift; sourceTree = "<group>"; };
		0939E99A1D51D8190043A166 /* SoundSKNode.swift */ = {isa = PBXFileReference; fileEncoding = 4; lastKnownFileType = sourcecode.swift; path = SoundSKNode.swift; sourceTree = "<group>"; };
		0939E99D1D51EA1C0043A166 /* baby1.wav */ = {isa = PBXFileReference; lastKnownFileType = audio.wav; path = baby1.wav; sourceTree = "<group>"; };
		0939E99F1D51ED2D0043A166 /* baby2.wav */ = {isa = PBXFileReference; lastKnownFileType = audio.wav; path = baby2.wav; sourceTree = "<group>"; };
		0939E9A01D51ED2D0043A166 /* baby3.wav */ = {isa = PBXFileReference; lastKnownFileType = audio.wav; path = baby3.wav; sourceTree = "<group>"; };
		0939E9A11D51ED2D0043A166 /* baby4.wav */ = {isa = PBXFileReference; lastKnownFileType = audio.wav; path = baby4.wav; sourceTree = "<group>"; };
		0939E9A21D51ED2D0043A166 /* baby5.wav */ = {isa = PBXFileReference; lastKnownFileType = audio.wav; path = baby5.wav; sourceTree = "<group>"; };
		0939E9A31D51ED2D0043A166 /* baby6.wav */ = {isa = PBXFileReference; lastKnownFileType = audio.wav; path = baby6.wav; sourceTree = "<group>"; };
		0939E9A41D51ED2D0043A166 /* baby7.wav */ = {isa = PBXFileReference; lastKnownFileType = audio.wav; path = baby7.wav; sourceTree = "<group>"; };
		0939E9A51D51ED2D0043A166 /* baby8.wav */ = {isa = PBXFileReference; lastKnownFileType = audio.wav; path = baby8.wav; sourceTree = "<group>"; };
		0939E9AD1D51EEFF0043A166 /* baby9.wav */ = {isa = PBXFileReference; lastKnownFileType = audio.wav; path = baby9.wav; sourceTree = "<group>"; };
		0939E9AF1D51F4920043A166 /* baby10.wav */ = {isa = PBXFileReference; lastKnownFileType = audio.wav; path = baby10.wav; sourceTree = "<group>"; };
		0939E9B01D51F4920043A166 /* baby11.wav */ = {isa = PBXFileReference; lastKnownFileType = audio.wav; path = baby11.wav; sourceTree = "<group>"; };
		0939E9B11D51F4920043A166 /* baby12.wav */ = {isa = PBXFileReference; lastKnownFileType = audio.wav; path = baby12.wav; sourceTree = "<group>"; };
		0939E9B51D51F9FF0043A166 /* GameModel4.swift */ = {isa = PBXFileReference; fileEncoding = 4; lastKnownFileType = sourcecode.swift; path = GameModel4.swift; sourceTree = "<group>"; };
		0939E9B71D51FE1C0043A166 /* GameModel5.swift */ = {isa = PBXFileReference; fileEncoding = 4; lastKnownFileType = sourcecode.swift; path = GameModel5.swift; sourceTree = "<group>"; };
		0939E9B91D51FFDA0043A166 /* baby13.wav */ = {isa = PBXFileReference; lastKnownFileType = audio.wav; path = baby13.wav; sourceTree = "<group>"; };
		093C3F651C6F68B9000BC6FB /* ImagineModel002.swift */ = {isa = PBXFileReference; fileEncoding = 4; lastKnownFileType = sourcecode.swift; path = ImagineModel002.swift; sourceTree = "<group>"; };
		093C3F671C6F8482000BC6FB /* ImagineModel003.swift */ = {isa = PBXFileReference; fileEncoding = 4; lastKnownFileType = sourcecode.swift; path = ImagineModel003.swift; sourceTree = "<group>"; };
		094304181D3E194800882B75 /* EventSKNode.swift */ = {isa = PBXFileReference; fileEncoding = 4; lastKnownFileType = sourcecode.swift; path = EventSKNode.swift; sourceTree = "<group>"; };
		0945F8F71DC3397100D41A6F /* Level202.swift */ = {isa = PBXFileReference; fileEncoding = 4; lastKnownFileType = sourcecode.swift; path = Level202.swift; sourceTree = "<group>"; };
		0945F8F91DC352A100D41A6F /* ImagineModel202.swift */ = {isa = PBXFileReference; fileEncoding = 4; lastKnownFileType = sourcecode.swift; path = ImagineModel202.swift; sourceTree = "<group>"; };
		0945F8FB1DC3712F00D41A6F /* Level200.swift */ = {isa = PBXFileReference; fileEncoding = 4; lastKnownFileType = sourcecode.swift; path = Level200.swift; sourceTree = "<group>"; };
		0945F8FD1DC373CB00D41A6F /* GameModel18.swift */ = {isa = PBXFileReference; fileEncoding = 4; lastKnownFileType = sourcecode.swift; path = GameModel18.swift; sourceTree = "<group>"; };
		0945F8FF1DC37ACA00D41A6F /* ImagineModel200.swift */ = {isa = PBXFileReference; fileEncoding = 4; lastKnownFileType = sourcecode.swift; path = ImagineModel200.swift; sourceTree = "<group>"; };
		0945F9011DC3974E00D41A6F /* Level201.swift */ = {isa = PBXFileReference; fileEncoding = 4; lastKnownFileType = sourcecode.swift; path = Level201.swift; sourceTree = "<group>"; };
		0945F9031DC3988200D41A6F /* ImagineModel201.swift */ = {isa = PBXFileReference; fileEncoding = 4; lastKnownFileType = sourcecode.swift; path = ImagineModel201.swift; sourceTree = "<group>"; };
		0947C3D61D67571000212A0B /* SCNPhenomenonNode.swift */ = {isa = PBXFileReference; fileEncoding = 4; lastKnownFileType = sourcecode.swift; path = SCNPhenomenonNode.swift; sourceTree = "<group>"; };
		0955A67D1DF59C380091D219 /* GKMessageImage.png */ = {isa = PBXFileReference; lastKnownFileType = image.png; path = GKMessageImage.png; sourceTree = "<group>"; };
		0955A67F1DF5B3270091D219 /* ImagineModel101.swift */ = {isa = PBXFileReference; fileEncoding = 4; lastKnownFileType = sourcecode.swift; path = ImagineModel101.swift; sourceTree = "<group>"; };
		0955A6811DF5B71F0091D219 /* MultiplayerExtension.swift */ = {isa = PBXFileReference; fileEncoding = 4; lastKnownFileType = sourcecode.swift; path = MultiplayerExtension.swift; sourceTree = "<group>"; };
		0955F6F71CF2E65400473C03 /* GameModel11.swift */ = {isa = PBXFileReference; fileEncoding = 4; lastKnownFileType = sourcecode.swift; path = GameModel11.swift; sourceTree = "<group>"; };
		0955F6F91CF349BD00473C03 /* art.scnassets */ = {isa = PBXFileReference; lastKnownFileType = wrapper.scnassets; path = art.scnassets; sourceTree = "<group>"; };
		0958566F1D0AC50B002BD7D7 /* Confetti.scnp */ = {isa = PBXFileReference; lastKnownFileType = file.scp; path = Confetti.scnp; sourceTree = "<group>"; };
		095856701D0AC50B002BD7D7 /* confetti.png */ = {isa = PBXFileReference; lastKnownFileType = image.png; path = confetti.png; sourceTree = "<group>"; };
		095991351D22943100C2D3E9 /* StoreKit.framework */ = {isa = PBXFileReference; lastKnownFileType = wrapper.framework; name = StoreKit.framework; path = System/Library/Frameworks/StoreKit.framework; sourceTree = SDKROOT; };
		0961EBB81C63EE2200A4E55C /* Level003.swift */ = {isa = PBXFileReference; fileEncoding = 4; lastKnownFileType = sourcecode.swift; path = Level003.swift; sourceTree = "<group>"; };
		0961EBBA1C64961F00A4E55C /* Level006.swift */ = {isa = PBXFileReference; fileEncoding = 4; lastKnownFileType = sourcecode.swift; path = Level006.swift; sourceTree = "<group>"; };
		0961EBC11C66658B00A4E55C /* fr */ = {isa = PBXFileReference; lastKnownFileType = text.plist.xml; name = fr; path = fr.lproj/Help0.plist; sourceTree = "<group>"; };
		0961EBC31C66658E00A4E55C /* Base */ = {isa = PBXFileReference; lastKnownFileType = text.plist.xml; name = Base; path = Base.lproj/Help0.plist; sourceTree = "<group>"; };
		0964BB0E1CEEFA9B00A4B40D /* Level011.swift */ = {isa = PBXFileReference; fileEncoding = 4; lastKnownFileType = sourcecode.swift; path = Level011.swift; sourceTree = "<group>"; };
		0964BB101CEF37D000A4B40D /* Robot.swift */ = {isa = PBXFileReference; fileEncoding = 4; lastKnownFileType = sourcecode.swift; path = Robot.swift; sourceTree = "<group>"; };
		0964BB121CEF488300A4B40D /* SCNRobotNode.swift */ = {isa = PBXFileReference; fileEncoding = 4; lastKnownFileType = sourcecode.swift; path = SCNRobotNode.swift; sourceTree = "<group>"; };
		0964BB141CEF501E00A4B40D /* ImagineModel011.swift */ = {isa = PBXFileReference; fileEncoding = 4; lastKnownFileType = sourcecode.swift; path = ImagineModel011.swift; sourceTree = "<group>"; };
		0964BB161CEF94D900A4B40D /* Level012.swift */ = {isa = PBXFileReference; fileEncoding = 4; lastKnownFileType = sourcecode.swift; path = Level012.swift; sourceTree = "<group>"; };
		0964BB181CEF95AA00A4B40D /* ImagineModel012.swift */ = {isa = PBXFileReference; fileEncoding = 4; lastKnownFileType = sourcecode.swift; path = ImagineModel012.swift; sourceTree = "<group>"; };
		096BD2971D40A27B00C08BEC /* RobotSKNode.swift */ = {isa = PBXFileReference; fileEncoding = 4; lastKnownFileType = sourcecode.swift; path = RobotSKNode.swift; sourceTree = "<group>"; };
		096F5CB41C53F1C90041EA5F /* HelpViewController.swift */ = {isa = PBXFileReference; fileEncoding = 4; lastKnownFileType = sourcecode.swift; path = HelpViewController.swift; sourceTree = "<group>"; };
		096F5CB81C56D7240041EA5F /* Level009.swift */ = {isa = PBXFileReference; fileEncoding = 4; lastKnownFileType = sourcecode.swift; path = Level009.swift; sourceTree = "<group>"; };
		097B6514208E6E53009F87CD /* ru */ = {isa = PBXFileReference; lastKnownFileType = text.plist.strings; name = ru; path = ru.lproj/Main.strings; sourceTree = "<group>"; };
		097B6515208E6E53009F87CD /* ru */ = {isa = PBXFileReference; lastKnownFileType = text.plist.strings; name = ru; path = ru.lproj/LaunchScreen.strings; sourceTree = "<group>"; };
		097B6516208E6E53009F87CD /* ru */ = {isa = PBXFileReference; lastKnownFileType = text.plist.strings; name = ru; path = ru.lproj/MainInterface.strings; sourceTree = "<group>"; };
		097B6517208E6E53009F87CD /* ru */ = {isa = PBXFileReference; lastKnownFileType = text.plist.xml; name = ru; path = ru.lproj/Help0.plist; sourceTree = "<group>"; };
		097B6518208E6E53009F87CD /* ru */ = {isa = PBXFileReference; lastKnownFileType = text.plist.xml; name = ru; path = ru.lproj/Help1.plist; sourceTree = "<group>"; };
		097B6519208E6E53009F87CD /* ru */ = {isa = PBXFileReference; lastKnownFileType = text.plist.xml; name = ru; path = ru.lproj/Help2.plist; sourceTree = "<group>"; };
		097B651A208E6E54009F87CD /* ru */ = {isa = PBXFileReference; lastKnownFileType = text.plist.strings; name = ru; path = ru.lproj/Localizable.strings; sourceTree = "<group>"; };
		097D70141D3F6AF7005D4C3A /* ScoreSKNode.swift */ = {isa = PBXFileReference; fileEncoding = 4; lastKnownFileType = sourcecode.swift; path = ScoreSKNode.swift; sourceTree = "<group>"; };
		098203EF1D088818009303C5 /* ButtonSKNode.swift */ = {isa = PBXFileReference; fileEncoding = 4; lastKnownFileType = sourcecode.swift; path = ButtonSKNode.swift; sourceTree = "<group>"; };
		0984BC031D6881D8001D70ED /* SCNFlipTileNode.swift */ = {isa = PBXFileReference; fileEncoding = 4; lastKnownFileType = sourcecode.swift; path = SCNFlipTileNode.swift; sourceTree = "<group>"; };
		09893FC51DF4712B0077037F /* ImagineModel100.swift */ = {isa = PBXFileReference; fileEncoding = 4; lastKnownFileType = sourcecode.swift; path = ImagineModel100.swift; sourceTree = "<group>"; };
		0994526D1C5F983400F0ABFF /* HelpView.swift */ = {isa = PBXFileReference; fileEncoding = 4; lastKnownFileType = sourcecode.swift; path = HelpView.swift; sourceTree = "<group>"; };
		099452841C62007000F0ABFF /* fr */ = {isa = PBXFileReference; lastKnownFileType = text.plist.strings; name = fr; path = fr.lproj/InfoPlist.strings; sourceTree = "<group>"; };
		099452891C62007000F0ABFF /* fr */ = {isa = PBXFileReference; lastKnownFileType = text.plist.strings; name = fr; path = fr.lproj/InfoPlist.strings; sourceTree = "<group>"; };
		099452991C620CF600F0ABFF /* fr */ = {isa = PBXFileReference; lastKnownFileType = text.plist.strings; name = fr; path = fr.lproj/Localizable.strings; sourceTree = "<group>"; };
		099452A11C620DD300F0ABFF /* Base */ = {isa = PBXFileReference; lastKnownFileType = text.plist.strings; name = Base; path = Base.lproj/Localizable.strings; sourceTree = "<group>"; };
		09A168511DF1C73400619A3A /* Level100.swift */ = {isa = PBXFileReference; fileEncoding = 4; lastKnownFileType = sourcecode.swift; path = Level100.swift; sourceTree = "<group>"; };
		09AC4CB91C7DD63700C149EC /* GameModel0.swift */ = {isa = PBXFileReference; fileEncoding = 4; lastKnownFileType = sourcecode.swift; path = GameModel0.swift; sourceTree = "<group>"; };
		09AC4CBB1C7DDBFC00C149EC /* GameModel1.swift */ = {isa = PBXFileReference; fileEncoding = 4; lastKnownFileType = sourcecode.swift; path = GameModel1.swift; sourceTree = "<group>"; };
		09AC4CBF1C7DF3BC00C149EC /* fr */ = {isa = PBXFileReference; lastKnownFileType = text.plist.strings; name = fr; path = fr.lproj/Main.strings; sourceTree = "<group>"; };
		09AC4D121C821BC000C149EC /* GameView.swift */ = {isa = PBXFileReference; fileEncoding = 4; lastKnownFileType = sourcecode.swift; path = GameView.swift; sourceTree = "<group>"; };
		09AC4D141C8491DA00C149EC /* Level001.swift */ = {isa = PBXFileReference; fileEncoding = 4; lastKnownFileType = sourcecode.swift; path = Level001.swift; sourceTree = "<group>"; };
		09AC4D161C84D36100C149EC /* ImagineModel001.swift */ = {isa = PBXFileReference; fileEncoding = 4; lastKnownFileType = sourcecode.swift; path = ImagineModel001.swift; sourceTree = "<group>"; };
		09AC4D181C86E0D600C149EC /* Level010.swift */ = {isa = PBXFileReference; fileEncoding = 4; lastKnownFileType = sourcecode.swift; path = Level010.swift; sourceTree = "<group>"; };
		09AC4D1A1C86E29200C149EC /* ImagineModel010.swift */ = {isa = PBXFileReference; fileEncoding = 4; lastKnownFileType = sourcecode.swift; path = ImagineModel010.swift; sourceTree = "<group>"; };
		09AF84161D01A3D900C1E310 /* Level013.swift */ = {isa = PBXFileReference; fileEncoding = 4; lastKnownFileType = sourcecode.swift; path = Level013.swift; sourceTree = "<group>"; };
		09AF84181D01A82800C1E310 /* ImagineModel013.swift */ = {isa = PBXFileReference; fileEncoding = 4; lastKnownFileType = sourcecode.swift; path = ImagineModel013.swift; sourceTree = "<group>"; };
		09AF841A1D01ABDD00C1E310 /* GameModel13.swift */ = {isa = PBXFileReference; fileEncoding = 4; lastKnownFileType = sourcecode.swift; path = GameModel13.swift; sourceTree = "<group>"; };
		09C16D541D15534A006ADB5C /* GameKit.framework */ = {isa = PBXFileReference; lastKnownFileType = wrapper.framework; name = GameKit.framework; path = System/Library/Frameworks/GameKit.framework; sourceTree = SDKROOT; };
		09C3A10A1D474F0B007D602C /* MatchSKNode.swift */ = {isa = PBXFileReference; fileEncoding = 4; lastKnownFileType = sourcecode.swift; path = MatchSKNode.swift; sourceTree = "<group>"; };
		09C3A10C1D477D02007D602C /* TutorSKNode.swift */ = {isa = PBXFileReference; fileEncoding = 4; lastKnownFileType = sourcecode.swift; path = TutorSKNode.swift; sourceTree = "<group>"; };
		09C7BA951DFEDB75003528BF /* Base */ = {isa = PBXFileReference; lastKnownFileType = text.plist.xml; name = Base; path = Base.lproj/Help1.plist; sourceTree = "<group>"; };
		09C7BA971DFEDBAE003528BF /* fr */ = {isa = PBXFileReference; lastKnownFileType = text.plist.xml; name = fr; path = fr.lproj/Help1.plist; sourceTree = "<group>"; };
		09C7BA9B1DFEDD09003528BF /* Base */ = {isa = PBXFileReference; lastKnownFileType = text.plist.xml; name = Base; path = Base.lproj/Help2.plist; sourceTree = "<group>"; };
		09C7BA9D1DFEDD0C003528BF /* fr */ = {isa = PBXFileReference; lastKnownFileType = text.plist.xml; name = fr; path = fr.lproj/Help2.plist; sourceTree = "<group>"; };
		09D426411D0AD44000B34CDF /* ImagineModel016.swift */ = {isa = PBXFileReference; fileEncoding = 4; lastKnownFileType = sourcecode.swift; path = ImagineModel016.swift; sourceTree = "<group>"; };
		09D426431D0AE29D00B34CDF /* Level017.swift */ = {isa = PBXFileReference; fileEncoding = 4; lastKnownFileType = sourcecode.swift; path = Level017.swift; sourceTree = "<group>"; };
		09D426451D0AE30200B34CDF /* ImagineModel017.swift */ = {isa = PBXFileReference; fileEncoding = 4; lastKnownFileType = sourcecode.swift; path = ImagineModel017.swift; sourceTree = "<group>"; };
		09DDB3BD1F752AD5000F9491 /* zh-Hans */ = {isa = PBXFileReference; lastKnownFileType = text.plist.strings; name = "zh-Hans"; path = "zh-Hans.lproj/LaunchScreen.strings"; sourceTree = "<group>"; };
		09ED657C1C6C87D2004A8CA7 /* Level007.swift */ = {isa = PBXFileReference; fileEncoding = 4; lastKnownFileType = sourcecode.swift; path = Level007.swift; sourceTree = "<group>"; };
		09ED657E1C6D0EE6004A8CA7 /* ImagineViewController.swift */ = {isa = PBXFileReference; fileEncoding = 4; lastKnownFileType = sourcecode.swift; path = ImagineViewController.swift; sourceTree = "<group>"; };
		09ED65841C6D1400004A8CA7 /* ImagineModel000.swift */ = {isa = PBXFileReference; fileEncoding = 4; lastKnownFileType = sourcecode.swift; path = ImagineModel000.swift; sourceTree = "<group>"; };
		09ED65861C6E36B7004A8CA7 /* ImagineModel004.swift */ = {isa = PBXFileReference; fileEncoding = 4; lastKnownFileType = sourcecode.swift; path = ImagineModel004.swift; sourceTree = "<group>"; };
		09F145121D02226300D0BDC7 /* Level014.swift */ = {isa = PBXFileReference; fileEncoding = 4; lastKnownFileType = sourcecode.swift; path = Level014.swift; sourceTree = "<group>"; };
		09F145141D02240B00D0BDC7 /* ImagineModel014.swift */ = {isa = PBXFileReference; fileEncoding = 4; lastKnownFileType = sourcecode.swift; path = ImagineModel014.swift; sourceTree = "<group>"; };
		09F6D6EC1D45E76E00B38671 /* ShapePopupSKNode.swift */ = {isa = PBXFileReference; fileEncoding = 4; lastKnownFileType = sourcecode.swift; path = ShapePopupSKNode.swift; sourceTree = "<group>"; };
		09F6D6EE1D45EC0500B38671 /* ColorPopupSKNode.swift */ = {isa = PBXFileReference; fileEncoding = 4; lastKnownFileType = sourcecode.swift; path = ColorPopupSKNode.swift; sourceTree = "<group>"; };
/* End PBXFileReference section */

/* Begin PBXFrameworksBuildPhase section */
		0919DF0E1DDC9DA100653775 /* Frameworks */ = {
			isa = PBXFrameworksBuildPhase;
			buildActionMask = 2147483647;
			files = (
				0919DF141DDC9DA100653775 /* Messages.framework in Frameworks */,
			);
			runOnlyForDeploymentPostprocessing = 0;
		};
		093681341C417378008C6B5D /* Frameworks */ = {
			isa = PBXFrameworksBuildPhase;
			buildActionMask = 2147483647;
			files = (
				09C16D551D15534A006ADB5C /* GameKit.framework in Frameworks */,
				095991361D22943100C2D3E9 /* StoreKit.framework in Frameworks */,
			);
			runOnlyForDeploymentPostprocessing = 0;
		};
		0936814C1C417378008C6B5D /* Frameworks */ = {
			isa = PBXFrameworksBuildPhase;
			buildActionMask = 2147483647;
			files = (
			);
			runOnlyForDeploymentPostprocessing = 0;
		};
		093681571C417378008C6B5D /* Frameworks */ = {
			isa = PBXFrameworksBuildPhase;
			buildActionMask = 2147483647;
			files = (
			);
			runOnlyForDeploymentPostprocessing = 0;
		};
/* End PBXFrameworksBuildPhase section */

/* Begin PBXGroup section */
		0914EA6D1D0AC03B00E78D5F /* Particles */ = {
			isa = PBXGroup;
			children = (
				0958566F1D0AC50B002BD7D7 /* Confetti.scnp */,
				095856701D0AC50B002BD7D7 /* confetti.png */,
			);
			name = Particles;
			sourceTree = "<group>";
		};
		0919DF121DDC9DA100653775 /* Frameworks */ = {
			isa = PBXGroup;
			children = (
				0919DF131DDC9DA100653775 /* Messages.framework */,
			);
			name = Frameworks;
			sourceTree = "<group>";
		};
		0919DF151DDC9DA100653775 /* iMessage */ = {
			isa = PBXGroup;
			children = (
				0919DF161DDC9DA100653775 /* MessagesViewController.swift */,
				0919DF181DDC9DA100653775 /* MainInterface.storyboard */,
				0919DF1B1DDC9DA100653775 /* Assets.xcassets */,
				0919DF1D1DDC9DA100653775 /* Info.plist */,
				0919DF251DDCB9C100653775 /* Stickers.xcstickers */,
			);
			path = iMessage;
			sourceTree = "<group>";
		};
		0936812E1C417377008C6B5D = {
			isa = PBXGroup;
			children = (
				095991351D22943100C2D3E9 /* StoreKit.framework */,
				09C16D541D15534A006ADB5C /* GameKit.framework */,
				093681391C417378008C6B5D /* AImergence2 */,
				093681521C417378008C6B5D /* AImergence2Tests */,
				0936815D1C417378008C6B5D /* AImergence2UITests */,
				0919DF151DDC9DA100653775 /* iMessage */,
				0919DF121DDC9DA100653775 /* Frameworks */,
				093681381C417378008C6B5D /* Products */,
			);
			sourceTree = "<group>";
		};
		093681381C417378008C6B5D /* Products */ = {
			isa = PBXGroup;
			children = (
				093681371C417378008C6B5D /* Little AI.app */,
				0936814F1C417378008C6B5D /* Little AITests.xctest */,
				0936815A1C417378008C6B5D /* Little AIUITests.xctest */,
				0919DF111DDC9DA100653775 /* iMessage.appex */,
			);
			name = Products;
			sourceTree = "<group>";
		};
		093681391C417378008C6B5D /* AImergence2 */ = {
			isa = PBXGroup;
			children = (
				093681421C417378008C6B5D /* Main.storyboard */,
				093681401C417378008C6B5D /* GameViewController.swift */,
				0955A6811DF5B71F0091D219 /* MultiplayerExtension.swift */,
				09AC4D121C821BC000C149EC /* GameView.swift */,
				0936813A1C417378008C6B5D /* AppDelegate.swift */,
				0955A67D1DF59C380091D219 /* GKMessageImage.png */,
				0961EBB61C63D16900A4E55C /* Levels */,
				0961EBB71C63D19E00A4E55C /* Game */,
				09ED65801C6D0EF5004A8CA7 /* Help */,
				09ED65811C6D0F27004A8CA7 /* Imagine */,
				0994529A1C620CF600F0ABFF /* Localizable.strings */,
				093681451C417378008C6B5D /* Assets.xcassets */,
				0955F6F91CF349BD00473C03 /* art.scnassets */,
				093681471C417378008C6B5D /* LaunchScreen.storyboard */,
				0936814A1C417378008C6B5D /* Info.plist */,
			);
			path = AImergence2;
			sourceTree = "<group>";
		};
		093681521C417378008C6B5D /* AImergence2Tests */ = {
			isa = PBXGroup;
			children = (
				099452851C62007000F0ABFF /* InfoPlist.strings */,
				093681531C417378008C6B5D /* AImergence2Tests.swift */,
				093681551C417378008C6B5D /* Info.plist */,
			);
			path = AImergence2Tests;
			sourceTree = "<group>";
		};
		0936815D1C417378008C6B5D /* AImergence2UITests */ = {
			isa = PBXGroup;
			children = (
				0994528A1C62007000F0ABFF /* InfoPlist.strings */,
				0936815E1C417378008C6B5D /* AImergence2UITests.swift */,
				093681601C417378008C6B5D /* Info.plist */,
			);
			path = AImergence2UITests;
			sourceTree = "<group>";
		};
		0961EBB61C63D16900A4E55C /* Levels */ = {
			isa = PBXGroup;
			children = (
				0936816E1C42708E008C6B5D /* Experiment.swift */,
				0936816C1C42707B008C6B5D /* Experience.swift */,
				0964BB101CEF37D000A4B40D /* Robot.swift */,
				09D66FCA1DFC32BB00812106 /* Group0 */,
				09D66FCB1DFC32DC00812106 /* Group1 */,
				09D66FCC1DFC32F500812106 /* Group2 */,
			);
			name = Levels;
			sourceTree = "<group>";
		};
		0961EBB71C63D19E00A4E55C /* Game */ = {
			isa = PBXGroup;
			children = (
				09E533631D50CC9B00D4ED69 /* Sounds */,
				0911B7F11C731CF400DC3F69 /* PositionedSKScene.swift */,
				0936813E1C417378008C6B5D /* GameSKScene.swift */,
				0936817A1C4696AB008C6B5D /* MenuSKScene.swift */,
				097D70121D3F6959005D4C3A /* Nodes */,
				09D426481D0AFB4300B34CDF /* GameModels */,
			);
			name = Game;
			sourceTree = "<group>";
		};
		097D70121D3F6959005D4C3A /* Nodes */ = {
			isa = PBXGroup;
			children = (
				093000DF1C4FD3B700425BB1 /* ReshapableSKNode.swift */,
				093000D91C4FB39000425BB1 /* ExperimentSKNode.swift */,
				093000DD1C4FC77700425BB1 /* ExperienceSKNode.swift */,
				094304181D3E194800882B75 /* EventSKNode.swift */,
				098203EF1D088818009303C5 /* ButtonSKNode.swift */,
				097D70141D3F6AF7005D4C3A /* ScoreSKNode.swift */,
				09246FC51D3145F80049CFA2 /* TipSKNode.swift */,
				096BD2971D40A27B00C08BEC /* RobotSKNode.swift */,
				09F6D6EC1D45E76E00B38671 /* ShapePopupSKNode.swift */,
				09F6D6EE1D45EC0500B38671 /* ColorPopupSKNode.swift */,
				0930E06F1D46A53300E56524 /* TraceSKNode.swift */,
				09C3A10A1D474F0B007D602C /* MatchSKNode.swift */,
				09C3A10C1D477D02007D602C /* TutorSKNode.swift */,
				0939E99A1D51D8190043A166 /* SoundSKNode.swift */,
			);
			name = Nodes;
			sourceTree = "<group>";
		};
		09D426471D0AFB1E00B34CDF /* Group0 */ = {
			isa = PBXGroup;
			children = (
				09ED65841C6D1400004A8CA7 /* ImagineModel000.swift */,
				09AC4D161C84D36100C149EC /* ImagineModel001.swift */,
				093C3F651C6F68B9000BC6FB /* ImagineModel002.swift */,
				093C3F671C6F8482000BC6FB /* ImagineModel003.swift */,
				09ED65861C6E36B7004A8CA7 /* ImagineModel004.swift */,
				0911B7F31C73A4B600DC3F69 /* ImagineModel005.swift */,
				090AD9E91C7A5EEE00F2FE8C /* ImagineModel006.swift */,
				090AD9EB1C7A5F2400F2FE8C /* ImagineModel007.swift */,
				090AD9F11C7A628C00F2FE8C /* ImagineModel008.swift */,
				0911B7F51C748BFC00DC3F69 /* ImagineModel009.swift */,
				09AC4D1A1C86E29200C149EC /* ImagineModel010.swift */,
				0964BB141CEF501E00A4B40D /* ImagineModel011.swift */,
				0964BB181CEF95AA00A4B40D /* ImagineModel012.swift */,
				09AF84181D01A82800C1E310 /* ImagineModel013.swift */,
				09F145141D02240B00D0BDC7 /* ImagineModel014.swift */,
				0914EA691D0AA7DE00E78D5F /* ImagineModel015.swift */,
				09D426411D0AD44000B34CDF /* ImagineModel016.swift */,
				09D426451D0AE30200B34CDF /* ImagineModel017.swift */,
			);
			name = Group0;
			sourceTree = "<group>";
		};
		09D426481D0AFB4300B34CDF /* GameModels */ = {
			isa = PBXGroup;
			children = (
				09AC4CB91C7DD63700C149EC /* GameModel0.swift */,
				09AC4CBB1C7DDBFC00C149EC /* GameModel1.swift */,
				0939E9B51D51F9FF0043A166 /* GameModel4.swift */,
				0939E9B71D51FE1C0043A166 /* GameModel5.swift */,
				0955F6F71CF2E65400473C03 /* GameModel11.swift */,
				09AF841A1D01ABDD00C1E310 /* GameModel13.swift */,
				0914EA671D09BAD100E78D5F /* GameModel15.swift */,
				0945F8FD1DC373CB00D41A6F /* GameModel18.swift */,
			);
			name = GameModels;
			sourceTree = "<group>";
		};
		09D66FCA1DFC32BB00812106 /* Group0 */ = {
			isa = PBXGroup;
			children = (
				093681721C4523B1008C6B5D /* Level000.swift */,
				09AC4D141C8491DA00C149EC /* Level001.swift */,
				093681701C4270A5008C6B5D /* Level002.swift */,
				0961EBB81C63EE2200A4E55C /* Level003.swift */,
				093681741C45455F008C6B5D /* Level004.swift */,
				093681761C4549CB008C6B5D /* Level005.swift */,
				0961EBBA1C64961F00A4E55C /* Level006.swift */,
				09ED657C1C6C87D2004A8CA7 /* Level007.swift */,
				090AD9EF1C7A618500F2FE8C /* Level008.swift */,
				096F5CB81C56D7240041EA5F /* Level009.swift */,
				09AC4D181C86E0D600C149EC /* Level010.swift */,
				0964BB0E1CEEFA9B00A4B40D /* Level011.swift */,
				0964BB161CEF94D900A4B40D /* Level012.swift */,
				09AF84161D01A3D900C1E310 /* Level013.swift */,
				09F145121D02226300D0BDC7 /* Level014.swift */,
				0914EA651D09B82A00E78D5F /* Level015.swift */,
				0914EA6B1D0AAD6300E78D5F /* Level016.swift */,
				09D426431D0AE29D00B34CDF /* Level017.swift */,
			);
			name = Group0;
			sourceTree = "<group>";
		};
		09D66FCB1DFC32DC00812106 /* Group1 */ = {
			isa = PBXGroup;
			children = (
				09A168511DF1C73400619A3A /* Level100.swift */,
				09094A511DF49A51005384E0 /* Level101.swift */,
			);
			name = Group1;
			sourceTree = "<group>";
		};
		09D66FCC1DFC32F500812106 /* Group2 */ = {
			isa = PBXGroup;
			children = (
				0945F8FB1DC3712F00D41A6F /* Level200.swift */,
				0945F9011DC3974E00D41A6F /* Level201.swift */,
				0945F8F71DC3397100D41A6F /* Level202.swift */,
			);
			name = Group2;
			sourceTree = "<group>";
		};
		09D66FCD1DFC335B00812106 /* Nodes */ = {
			isa = PBXGroup;
			children = (
				0964BB121CEF488300A4B40D /* SCNRobotNode.swift */,
				0947C3D61D67571000212A0B /* SCNPhenomenonNode.swift */,
				0984BC031D6881D8001D70ED /* SCNFlipTileNode.swift */,
			);
			name = Nodes;
			sourceTree = "<group>";
		};
		09D66FCE1DFC337100812106 /* Group1 */ = {
			isa = PBXGroup;
			children = (
				09893FC51DF4712B0077037F /* ImagineModel100.swift */,
				0955A67F1DF5B3270091D219 /* ImagineModel101.swift */,
			);
			name = Group1;
			sourceTree = "<group>";
		};
		09D66FCF1DFC337A00812106 /* Group2 */ = {
			isa = PBXGroup;
			children = (
				0945F8FF1DC37ACA00D41A6F /* ImagineModel200.swift */,
				0945F9031DC3988200D41A6F /* ImagineModel201.swift */,
				0945F8F91DC352A100D41A6F /* ImagineModel202.swift */,
			);
			name = Group2;
			sourceTree = "<group>";
		};
		09E533631D50CC9B00D4ED69 /* Sounds */ = {
			isa = PBXGroup;
			children = (
				0939E99D1D51EA1C0043A166 /* baby1.wav */,
				0939E99F1D51ED2D0043A166 /* baby2.wav */,
				0939E9A01D51ED2D0043A166 /* baby3.wav */,
				0939E9A11D51ED2D0043A166 /* baby4.wav */,
				0939E9A21D51ED2D0043A166 /* baby5.wav */,
				0939E9A31D51ED2D0043A166 /* baby6.wav */,
				0939E9A41D51ED2D0043A166 /* baby7.wav */,
				0939E9A51D51ED2D0043A166 /* baby8.wav */,
				0939E9AD1D51EEFF0043A166 /* baby9.wav */,
				0939E9AF1D51F4920043A166 /* baby10.wav */,
				0939E9B01D51F4920043A166 /* baby11.wav */,
				0939E9B11D51F4920043A166 /* baby12.wav */,
				0939E9B91D51FFDA0043A166 /* baby13.wav */,
			);
			name = Sounds;
			sourceTree = "<group>";
		};
		09ED65801C6D0EF5004A8CA7 /* Help */ = {
			isa = PBXGroup;
			children = (
				096F5CB41C53F1C90041EA5F /* HelpViewController.swift */,
				0994526D1C5F983400F0ABFF /* HelpView.swift */,
				0961EBC21C66658B00A4E55C /* Help0.plist */,
				09C7BA941DFEDB75003528BF /* Help1.plist */,
				09C7BA9C1DFEDD09003528BF /* Help2.plist */,
			);
			name = Help;
			sourceTree = "<group>";
		};
		09ED65811C6D0F27004A8CA7 /* Imagine */ = {
			isa = PBXGroup;
			children = (
				09ED657E1C6D0EE6004A8CA7 /* ImagineViewController.swift */,
				09D426471D0AFB1E00B34CDF /* Group0 */,
				09D66FCE1DFC337100812106 /* Group1 */,
				09D66FCF1DFC337A00812106 /* Group2 */,
				09D66FCD1DFC335B00812106 /* Nodes */,
				0914EA6D1D0AC03B00E78D5F /* Particles */,
			);
			name = Imagine;
			sourceTree = "<group>";
		};
/* End PBXGroup section */

/* Begin PBXNativeTarget section */
		0919DF101DDC9DA100653775 /* iMessage */ = {
			isa = PBXNativeTarget;
			buildConfigurationList = 0919DF231DDC9DA100653775 /* Build configuration list for PBXNativeTarget "iMessage" */;
			buildPhases = (
				0919DF0D1DDC9DA100653775 /* Sources */,
				0919DF0E1DDC9DA100653775 /* Frameworks */,
				0919DF0F1DDC9DA100653775 /* Resources */,
			);
			buildRules = (
			);
			dependencies = (
			);
			name = iMessage;
			productName = iMessage;
			productReference = 0919DF111DDC9DA100653775 /* iMessage.appex */;
			productType = "com.apple.product-type.app-extension.messages";
		};
		093681361C417378008C6B5D /* Little AI */ = {
			isa = PBXNativeTarget;
			buildConfigurationList = 093681631C417378008C6B5D /* Build configuration list for PBXNativeTarget "Little AI" */;
			buildPhases = (
				093681331C417378008C6B5D /* Sources */,
				093681341C417378008C6B5D /* Frameworks */,
				093681351C417378008C6B5D /* Resources */,
			);
			buildRules = (
			);
			dependencies = (
			);
			name = "Little AI";
			productName = AImergence2;
			productReference = 093681371C417378008C6B5D /* Little AI.app */;
			productType = "com.apple.product-type.application";
		};
		0936814E1C417378008C6B5D /* Little AITests */ = {
			isa = PBXNativeTarget;
			buildConfigurationList = 093681661C417378008C6B5D /* Build configuration list for PBXNativeTarget "Little AITests" */;
			buildPhases = (
				0936814B1C417378008C6B5D /* Sources */,
				0936814C1C417378008C6B5D /* Frameworks */,
				0936814D1C417378008C6B5D /* Resources */,
			);
			buildRules = (
			);
			dependencies = (
				093681511C417378008C6B5D /* PBXTargetDependency */,
			);
			name = "Little AITests";
			productName = AImergence2Tests;
			productReference = 0936814F1C417378008C6B5D /* Little AITests.xctest */;
			productType = "com.apple.product-type.bundle.unit-test";
		};
		093681591C417378008C6B5D /* Little AIUITests */ = {
			isa = PBXNativeTarget;
			buildConfigurationList = 093681691C417378008C6B5D /* Build configuration list for PBXNativeTarget "Little AIUITests" */;
			buildPhases = (
				093681561C417378008C6B5D /* Sources */,
				093681571C417378008C6B5D /* Frameworks */,
				093681581C417378008C6B5D /* Resources */,
			);
			buildRules = (
			);
			dependencies = (
				0936815C1C417378008C6B5D /* PBXTargetDependency */,
			);
			name = "Little AIUITests";
			productName = AImergence2UITests;
			productReference = 0936815A1C417378008C6B5D /* Little AIUITests.xctest */;
			productType = "com.apple.product-type.bundle.ui-testing";
		};
/* End PBXNativeTarget section */

/* Begin PBXProject section */
		0936812F1C417377008C6B5D /* Project object */ = {
			isa = PBXProject;
			attributes = {
				LastSwiftUpdateCheck = 0810;
				LastUpgradeCheck = 0900;
				ORGANIZATIONNAME = "Olivier Georgeon";
				TargetAttributes = {
					0919DF101DDC9DA100653775 = {
						CreatedOnToolsVersion = 8.1;
						DevelopmentTeam = 7E3U988CXW;
						ProvisioningStyle = Automatic;
					};
					093681361C417378008C6B5D = {
						CreatedOnToolsVersion = 7.2;
						DevelopmentTeam = 7E3U988CXW;
						LastSwiftMigration = 0900;
						SystemCapabilities = {
							com.apple.GameCenter = {
								enabled = 1;
							};
							com.apple.InAppPurchase = {
								enabled = 1;
							};
						};
					};
					0936814E1C417378008C6B5D = {
						CreatedOnToolsVersion = 7.2;
						LastSwiftMigration = 0900;
						TestTargetID = 093681361C417378008C6B5D;
					};
					093681591C417378008C6B5D = {
						CreatedOnToolsVersion = 7.2;
						LastSwiftMigration = 0900;
						TestTargetID = 093681361C417378008C6B5D;
					};
				};
			};
			buildConfigurationList = 093681321C417377008C6B5D /* Build configuration list for PBXProject "Little AI" */;
			compatibilityVersion = "Xcode 3.2";
			developmentRegion = English;
			hasScannedForEncodings = 0;
			knownRegions = (
				en,
				Base,
				fr,
				"zh-Hans",
				ru,
			);
			mainGroup = 0936812E1C417377008C6B5D;
			productRefGroup = 093681381C417378008C6B5D /* Products */;
			projectDirPath = "";
			projectRoot = "";
			targets = (
				093681361C417378008C6B5D /* Little AI */,
				0936814E1C417378008C6B5D /* Little AITests */,
				093681591C417378008C6B5D /* Little AIUITests */,
				0919DF101DDC9DA100653775 /* iMessage */,
			);
		};
/* End PBXProject section */

/* Begin PBXResourcesBuildPhase section */
		0919DF0F1DDC9DA100653775 /* Resources */ = {
			isa = PBXResourcesBuildPhase;
			buildActionMask = 2147483647;
			files = (
				0919DF1C1DDC9DA100653775 /* Assets.xcassets in Resources */,
				0919DF1A1DDC9DA100653775 /* MainInterface.storyboard in Resources */,
				0919DF261DDCB9C100653775 /* Stickers.xcstickers in Resources */,
			);
			runOnlyForDeploymentPostprocessing = 0;
		};
		093681351C417378008C6B5D /* Resources */ = {
			isa = PBXResourcesBuildPhase;
			buildActionMask = 2147483647;
			files = (
				0939E9BA1D51FFDA0043A166 /* baby13.wav in Resources */,
				0939E9B21D51F4920043A166 /* baby10.wav in Resources */,
				093681491C417378008C6B5D /* LaunchScreen.storyboard in Resources */,
				095856721D0AC50B002BD7D7 /* confetti.png in Resources */,
				09C7BA961DFEDB75003528BF /* Help1.plist in Resources */,
				0939E9A61D51ED2D0043A166 /* baby2.wav in Resources */,
				0955F6FA1CF349BD00473C03 /* art.scnassets in Resources */,
				0939E9AE1D51EEFF0043A166 /* baby9.wav in Resources */,
				09C7BA9A1DFEDD09003528BF /* Help2.plist in Resources */,
				0939E9AA1D51ED2D0043A166 /* baby6.wav in Resources */,
				0939E9A91D51ED2D0043A166 /* baby5.wav in Resources */,
				0961EBC01C66658B00A4E55C /* Help0.plist in Resources */,
				099452981C620CF600F0ABFF /* Localizable.strings in Resources */,
				0939E9AC1D51ED2D0043A166 /* baby8.wav in Resources */,
				0939E9B31D51F4920043A166 /* baby11.wav in Resources */,
				0939E9A71D51ED2D0043A166 /* baby3.wav in Resources */,
				0939E9B41D51F4920043A166 /* baby12.wav in Resources */,
				0939E99E1D51EA1C0043A166 /* baby1.wav in Resources */,
				093681461C417378008C6B5D /* Assets.xcassets in Resources */,
				0939E9AB1D51ED2D0043A166 /* baby7.wav in Resources */,
				095856711D0AC50B002BD7D7 /* Confetti.scnp in Resources */,
				0955A67E1DF59C380091D219 /* GKMessageImage.png in Resources */,
				0939E9A81D51ED2D0043A166 /* baby4.wav in Resources */,
				093681441C417378008C6B5D /* Main.storyboard in Resources */,
			);
			runOnlyForDeploymentPostprocessing = 0;
		};
		0936814D1C417378008C6B5D /* Resources */ = {
			isa = PBXResourcesBuildPhase;
			buildActionMask = 2147483647;
			files = (
				099452831C62007000F0ABFF /* InfoPlist.strings in Resources */,
			);
			runOnlyForDeploymentPostprocessing = 0;
		};
		093681581C417378008C6B5D /* Resources */ = {
			isa = PBXResourcesBuildPhase;
			buildActionMask = 2147483647;
			files = (
				099452881C62007000F0ABFF /* InfoPlist.strings in Resources */,
			);
			runOnlyForDeploymentPostprocessing = 0;
		};
/* End PBXResourcesBuildPhase section */

/* Begin PBXSourcesBuildPhase section */
		0919DF0D1DDC9DA100653775 /* Sources */ = {
			isa = PBXSourcesBuildPhase;
			buildActionMask = 2147483647;
			files = (
				0919DF171DDC9DA100653775 /* MessagesViewController.swift in Sources */,
			);
			runOnlyForDeploymentPostprocessing = 0;
		};
		093681331C417378008C6B5D /* Sources */ = {
			isa = PBXSourcesBuildPhase;
			buildActionMask = 2147483647;
			files = (
				09094A521DF49A51005384E0 /* Level101.swift in Sources */,
				0945F9001DC37ACA00D41A6F /* ImagineModel200.swift in Sources */,
				09893FC61DF4712B0077037F /* ImagineModel100.swift in Sources */,
				09F145131D02226300D0BDC7 /* Level014.swift in Sources */,
				0947C3D71D67571000212A0B /* SCNPhenomenonNode.swift in Sources */,
				09A168521DF1C73400619A3A /* Level100.swift in Sources */,
				093681771C4549CB008C6B5D /* Level005.swift in Sources */,
				09AC4D151C8491DA00C149EC /* Level001.swift in Sources */,
				090AD9F01C7A618500F2FE8C /* Level008.swift in Sources */,
				0984BC041D6881D8001D70ED /* SCNFlipTileNode.swift in Sources */,
				09AF841B1D01ABDD00C1E310 /* GameModel13.swift in Sources */,
				09AC4D171C84D36100C149EC /* ImagineModel001.swift in Sources */,
				0945F8FE1DC373CB00D41A6F /* GameModel18.swift in Sources */,
				093C3F681C6F8482000BC6FB /* ImagineModel003.swift in Sources */,
				093681731C4523B1008C6B5D /* Level000.swift in Sources */,
				0955A6801DF5B3270091D219 /* ImagineModel101.swift in Sources */,
				093000E01C4FD3B700425BB1 /* ReshapableSKNode.swift in Sources */,
				09F6D6ED1D45E76E00B38671 /* ShapePopupSKNode.swift in Sources */,
				0914EA6A1D0AA7DE00E78D5F /* ImagineModel015.swift in Sources */,
				09AF84171D01A3D900C1E310 /* Level013.swift in Sources */,
				096F5CB51C53F1C90041EA5F /* HelpViewController.swift in Sources */,
				0945F8FA1DC352A100D41A6F /* ImagineModel202.swift in Sources */,
				09AC4CBC1C7DDBFC00C149EC /* GameModel1.swift in Sources */,
				094304191D3E194800882B75 /* EventSKNode.swift in Sources */,
				0911B7F61C748BFC00DC3F69 /* ImagineModel009.swift in Sources */,
				0964BB131CEF488300A4B40D /* SCNRobotNode.swift in Sources */,
				093681751C45455F008C6B5D /* Level004.swift in Sources */,
				0964BB0F1CEEFA9B00A4B40D /* Level011.swift in Sources */,
				0936816F1C42708E008C6B5D /* Experiment.swift in Sources */,
				0936813F1C417378008C6B5D /* GameSKScene.swift in Sources */,
				096BD2981D40A27B00C08BEC /* RobotSKNode.swift in Sources */,
				0994526E1C5F983400F0ABFF /* HelpView.swift in Sources */,
				0914EA681D09BAD100E78D5F /* GameModel15.swift in Sources */,
				09AC4D1B1C86E29200C149EC /* ImagineModel010.swift in Sources */,
				093681411C417378008C6B5D /* GameViewController.swift in Sources */,
				0945F9041DC3988200D41A6F /* ImagineModel201.swift in Sources */,
				0914EA661D09B82A00E78D5F /* Level015.swift in Sources */,
				0961EBBB1C64961F00A4E55C /* Level006.swift in Sources */,
				09AC4CBA1C7DD63700C149EC /* GameModel0.swift in Sources */,
				093681711C4270A5008C6B5D /* Level002.swift in Sources */,
				09D426421D0AD44000B34CDF /* ImagineModel016.swift in Sources */,
				0936813B1C417378008C6B5D /* AppDelegate.swift in Sources */,
				090AD9EC1C7A5F2400F2FE8C /* ImagineModel007.swift in Sources */,
				09ED65851C6D1400004A8CA7 /* ImagineModel000.swift in Sources */,
				0964BB151CEF501E00A4B40D /* ImagineModel011.swift in Sources */,
				0936817B1C4696AB008C6B5D /* MenuSKScene.swift in Sources */,
				0911B7F21C731CF400DC3F69 /* PositionedSKScene.swift in Sources */,
				096F5CB91C56D7240041EA5F /* Level009.swift in Sources */,
				0911B7F41C73A4B600DC3F69 /* ImagineModel005.swift in Sources */,
				0945F8F81DC3397100D41A6F /* Level202.swift in Sources */,
				09F6D6EF1D45EC0500B38671 /* ColorPopupSKNode.swift in Sources */,
				098203F01D088818009303C5 /* ButtonSKNode.swift in Sources */,
				09D426441D0AE29D00B34CDF /* Level017.swift in Sources */,
				0936816D1C42707B008C6B5D /* Experience.swift in Sources */,
				09F145151D02240B00D0BDC7 /* ImagineModel014.swift in Sources */,
				0964BB111CEF37D000A4B40D /* Robot.swift in Sources */,
				093000DA1C4FB39000425BB1 /* ExperimentSKNode.swift in Sources */,
				093000DE1C4FC77700425BB1 /* ExperienceSKNode.swift in Sources */,
				0939E9B61D51F9FF0043A166 /* GameModel4.swift in Sources */,
				0939E9B81D51FE1C0043A166 /* GameModel5.swift in Sources */,
				09ED65871C6E36B7004A8CA7 /* ImagineModel004.swift in Sources */,
				09AF84191D01A82800C1E310 /* ImagineModel013.swift in Sources */,
				0930E0701D46A53300E56524 /* TraceSKNode.swift in Sources */,
				090AD9EA1C7A5EEE00F2FE8C /* ImagineModel006.swift in Sources */,
				09ED657D1C6C87D2004A8CA7 /* Level007.swift in Sources */,
				0945F8FC1DC3712F00D41A6F /* Level200.swift in Sources */,
				093C3F661C6F68B9000BC6FB /* ImagineModel002.swift in Sources */,
				0914EA6C1D0AAD6300E78D5F /* Level016.swift in Sources */,
				09AC4D191C86E0D600C149EC /* Level010.swift in Sources */,
				0945F9021DC3974E00D41A6F /* Level201.swift in Sources */,
				09C3A10B1D474F0B007D602C /* MatchSKNode.swift in Sources */,
				09ED657F1C6D0EE6004A8CA7 /* ImagineViewController.swift in Sources */,
				090AD9F21C7A628C00F2FE8C /* ImagineModel008.swift in Sources */,
				097D70151D3F6AF7005D4C3A /* ScoreSKNode.swift in Sources */,
				0939E99B1D51D8190043A166 /* SoundSKNode.swift in Sources */,
				0964BB171CEF94D900A4B40D /* Level012.swift in Sources */,
				0964BB191CEF95AA00A4B40D /* ImagineModel012.swift in Sources */,
				09246FC61D3145F80049CFA2 /* TipSKNode.swift in Sources */,
				09AC4D131C821BC000C149EC /* GameView.swift in Sources */,
				0961EBB91C63EE2200A4E55C /* Level003.swift in Sources */,
				09D426461D0AE30200B34CDF /* ImagineModel017.swift in Sources */,
				09C3A10D1D477D02007D602C /* TutorSKNode.swift in Sources */,
				0955A6821DF5B71F0091D219 /* MultiplayerExtension.swift in Sources */,
				0955F6F81CF2E65400473C03 /* GameModel11.swift in Sources */,
			);
			runOnlyForDeploymentPostprocessing = 0;
		};
		0936814B1C417378008C6B5D /* Sources */ = {
			isa = PBXSourcesBuildPhase;
			buildActionMask = 2147483647;
			files = (
				093681541C417378008C6B5D /* AImergence2Tests.swift in Sources */,
			);
			runOnlyForDeploymentPostprocessing = 0;
		};
		093681561C417378008C6B5D /* Sources */ = {
			isa = PBXSourcesBuildPhase;
			buildActionMask = 2147483647;
			files = (
				0936815F1C417378008C6B5D /* AImergence2UITests.swift in Sources */,
			);
			runOnlyForDeploymentPostprocessing = 0;
		};
/* End PBXSourcesBuildPhase section */

/* Begin PBXTargetDependency section */
		093681511C417378008C6B5D /* PBXTargetDependency */ = {
			isa = PBXTargetDependency;
			target = 093681361C417378008C6B5D /* Little AI */;
			targetProxy = 093681501C417378008C6B5D /* PBXContainerItemProxy */;
		};
		0936815C1C417378008C6B5D /* PBXTargetDependency */ = {
			isa = PBXTargetDependency;
			target = 093681361C417378008C6B5D /* Little AI */;
			targetProxy = 0936815B1C417378008C6B5D /* PBXContainerItemProxy */;
		};
/* End PBXTargetDependency section */

/* Begin PBXVariantGroup section */
		0919DF181DDC9DA100653775 /* MainInterface.storyboard */ = {
			isa = PBXVariantGroup;
			children = (
				0919DF191DDC9DA100653775 /* Base */,
				097B6516208E6E53009F87CD /* ru */,
			);
			name = MainInterface.storyboard;
			sourceTree = "<group>";
		};
		093681421C417378008C6B5D /* Main.storyboard */ = {
			isa = PBXVariantGroup;
			children = (
				093681431C417378008C6B5D /* Base */,
				09AC4CBF1C7DF3BC00C149EC /* fr */,
				093544A51F739401002932AE /* zh-Hans */,
				097B6514208E6E53009F87CD /* ru */,
			);
			name = Main.storyboard;
			sourceTree = "<group>";
		};
		093681471C417378008C6B5D /* LaunchScreen.storyboard */ = {
			isa = PBXVariantGroup;
			children = (
				093681481C417378008C6B5D /* Base */,
				092B00371CBFF47A00A6FF3C /* fr */,
				09DDB3BD1F752AD5000F9491 /* zh-Hans */,
				097B6515208E6E53009F87CD /* ru */,
			);
			name = LaunchScreen.storyboard;
			sourceTree = "<group>";
		};
		0961EBC21C66658B00A4E55C /* Help0.plist */ = {
			isa = PBXVariantGroup;
			children = (
				0961EBC11C66658B00A4E55C /* fr */,
				0961EBC31C66658E00A4E55C /* Base */,
				093544A61F739401002932AE /* zh-Hans */,
				097B6517208E6E53009F87CD /* ru */,
			);
			name = Help0.plist;
			sourceTree = "<group>";
		};
		099452851C62007000F0ABFF /* InfoPlist.strings */ = {
			isa = PBXVariantGroup;
			children = (
				099452841C62007000F0ABFF /* fr */,
			);
			name = InfoPlist.strings;
			sourceTree = "<group>";
		};
		0994528A1C62007000F0ABFF /* InfoPlist.strings */ = {
			isa = PBXVariantGroup;
			children = (
				099452891C62007000F0ABFF /* fr */,
			);
			name = InfoPlist.strings;
			sourceTree = "<group>";
		};
		0994529A1C620CF600F0ABFF /* Localizable.strings */ = {
			isa = PBXVariantGroup;
			children = (
				099452991C620CF600F0ABFF /* fr */,
				099452A11C620DD300F0ABFF /* Base */,
				093544A91F739401002932AE /* zh-Hans */,
				097B651A208E6E54009F87CD /* ru */,
			);
			name = Localizable.strings;
			sourceTree = "<group>";
		};
		09C7BA941DFEDB75003528BF /* Help1.plist */ = {
			isa = PBXVariantGroup;
			children = (
				09C7BA951DFEDB75003528BF /* Base */,
				09C7BA971DFEDBAE003528BF /* fr */,
				093544A71F739401002932AE /* zh-Hans */,
				097B6518208E6E53009F87CD /* ru */,
			);
			name = Help1.plist;
			sourceTree = "<group>";
		};
		09C7BA9C1DFEDD09003528BF /* Help2.plist */ = {
			isa = PBXVariantGroup;
			children = (
				09C7BA9B1DFEDD09003528BF /* Base */,
				09C7BA9D1DFEDD0C003528BF /* fr */,
				093544A81F739401002932AE /* zh-Hans */,
				097B6519208E6E53009F87CD /* ru */,
			);
			name = Help2.plist;
			sourceTree = "<group>";
		};
/* End PBXVariantGroup section */

/* Begin XCBuildConfiguration section */
		0919DF211DDC9DA100653775 /* Debug */ = {
			isa = XCBuildConfiguration;
			buildSettings = {
				ASSETCATALOG_COMPILER_APPICON_NAME = "iMessage App Icon";
				CLANG_ANALYZER_NONNULL = YES;
				CLANG_WARN_DOCUMENTATION_COMMENTS = YES;
				CLANG_WARN_SUSPICIOUS_MOVES = YES;
				CODE_SIGN_IDENTITY = "iPhone Developer";
				DEBUG_INFORMATION_FORMAT = dwarf;
				DEVELOPMENT_TEAM = 7E3U988CXW;
				INFOPLIST_FILE = iMessage/Info.plist;
				IPHONEOS_DEPLOYMENT_TARGET = 10.1;
				LD_RUNPATH_SEARCH_PATHS = "$(inherited) @executable_path/Frameworks @executable_path/../../Frameworks";
				PRODUCT_BUNDLE_IDENTIFIER = "com.oliviergeorgeon.little-ai.iMessage";
				PRODUCT_NAME = "$(TARGET_NAME)";
				SKIP_INSTALL = YES;
				SWIFT_ACTIVE_COMPILATION_CONDITIONS = DEBUG;
				SWIFT_VERSION = 3.0;
			};
			name = Debug;
		};
		0919DF221DDC9DA100653775 /* Release */ = {
			isa = XCBuildConfiguration;
			buildSettings = {
				ASSETCATALOG_COMPILER_APPICON_NAME = "iMessage App Icon";
				CLANG_ANALYZER_NONNULL = YES;
				CLANG_WARN_DOCUMENTATION_COMMENTS = YES;
				CLANG_WARN_SUSPICIOUS_MOVES = YES;
				CODE_SIGN_IDENTITY = "iPhone Developer";
				DEVELOPMENT_TEAM = 7E3U988CXW;
				INFOPLIST_FILE = iMessage/Info.plist;
				IPHONEOS_DEPLOYMENT_TARGET = 10.1;
				LD_RUNPATH_SEARCH_PATHS = "$(inherited) @executable_path/Frameworks @executable_path/../../Frameworks";
				PRODUCT_BUNDLE_IDENTIFIER = "com.oliviergeorgeon.little-ai.iMessage";
				PRODUCT_NAME = "$(TARGET_NAME)";
				SKIP_INSTALL = YES;
				SWIFT_VERSION = 3.0;
			};
			name = Release;
		};
		093681611C417378008C6B5D /* Debug */ = {
			isa = XCBuildConfiguration;
			buildSettings = {
				ALWAYS_SEARCH_USER_PATHS = NO;
				CLANG_ANALYZER_LOCALIZABILITY_NONLOCALIZED = YES;
				CLANG_CXX_LANGUAGE_STANDARD = "gnu++0x";
				CLANG_CXX_LIBRARY = "libc++";
				CLANG_ENABLE_MODULES = YES;
				CLANG_ENABLE_OBJC_ARC = YES;
				CLANG_WARN_BLOCK_CAPTURE_AUTORELEASING = YES;
				CLANG_WARN_BOOL_CONVERSION = YES;
				CLANG_WARN_COMMA = YES;
				CLANG_WARN_CONSTANT_CONVERSION = YES;
				CLANG_WARN_DIRECT_OBJC_ISA_USAGE = YES_ERROR;
				CLANG_WARN_EMPTY_BODY = YES;
				CLANG_WARN_ENUM_CONVERSION = YES;
				CLANG_WARN_INFINITE_RECURSION = YES;
				CLANG_WARN_INT_CONVERSION = YES;
				CLANG_WARN_NON_LITERAL_NULL_CONVERSION = YES;
				CLANG_WARN_OBJC_LITERAL_CONVERSION = YES;
				CLANG_WARN_OBJC_ROOT_CLASS = YES_ERROR;
				CLANG_WARN_RANGE_LOOP_ANALYSIS = YES;
				CLANG_WARN_STRICT_PROTOTYPES = YES;
				CLANG_WARN_SUSPICIOUS_MOVE = YES;
				CLANG_WARN_UNREACHABLE_CODE = YES;
				CLANG_WARN__DUPLICATE_METHOD_MATCH = YES;
				"CODE_SIGN_IDENTITY[sdk=iphoneos*]" = "iPhone Developer";
				COPY_PHASE_STRIP = NO;
				DEBUG_INFORMATION_FORMAT = "dwarf-with-dsym";
				EMBED_ASSET_PACKS_IN_PRODUCT_BUNDLE = NO;
				ENABLE_STRICT_OBJC_MSGSEND = YES;
				ENABLE_TESTABILITY = YES;
				GCC_C_LANGUAGE_STANDARD = gnu99;
				GCC_DYNAMIC_NO_PIC = NO;
				GCC_NO_COMMON_BLOCKS = YES;
				GCC_OPTIMIZATION_LEVEL = 0;
				GCC_PREPROCESSOR_DEFINITIONS = (
					"DEBUG=1",
					"$(inherited)",
				);
				GCC_WARN_64_TO_32_BIT_CONVERSION = YES;
				GCC_WARN_ABOUT_RETURN_TYPE = YES_ERROR;
				GCC_WARN_UNDECLARED_SELECTOR = YES;
				GCC_WARN_UNINITIALIZED_AUTOS = YES_AGGRESSIVE;
				GCC_WARN_UNUSED_FUNCTION = YES;
				GCC_WARN_UNUSED_VARIABLE = YES;
				IPHONEOS_DEPLOYMENT_TARGET = 9.2;
				MTL_ENABLE_DEBUG_INFO = YES;
				ONLY_ACTIVE_ARCH = YES;
				SDKROOT = iphoneos;
				SWIFT_OPTIMIZATION_LEVEL = "-Onone";
				TARGETED_DEVICE_FAMILY = "1,2";
			};
			name = Debug;
		};
		093681621C417378008C6B5D /* Release */ = {
			isa = XCBuildConfiguration;
			buildSettings = {
				ALWAYS_SEARCH_USER_PATHS = NO;
				CLANG_ANALYZER_LOCALIZABILITY_NONLOCALIZED = YES;
				CLANG_CXX_LANGUAGE_STANDARD = "gnu++0x";
				CLANG_CXX_LIBRARY = "libc++";
				CLANG_ENABLE_MODULES = YES;
				CLANG_ENABLE_OBJC_ARC = YES;
				CLANG_WARN_BLOCK_CAPTURE_AUTORELEASING = YES;
				CLANG_WARN_BOOL_CONVERSION = YES;
				CLANG_WARN_COMMA = YES;
				CLANG_WARN_CONSTANT_CONVERSION = YES;
				CLANG_WARN_DIRECT_OBJC_ISA_USAGE = YES_ERROR;
				CLANG_WARN_EMPTY_BODY = YES;
				CLANG_WARN_ENUM_CONVERSION = YES;
				CLANG_WARN_INFINITE_RECURSION = YES;
				CLANG_WARN_INT_CONVERSION = YES;
				CLANG_WARN_NON_LITERAL_NULL_CONVERSION = YES;
				CLANG_WARN_OBJC_LITERAL_CONVERSION = YES;
				CLANG_WARN_OBJC_ROOT_CLASS = YES_ERROR;
				CLANG_WARN_RANGE_LOOP_ANALYSIS = YES;
				CLANG_WARN_STRICT_PROTOTYPES = YES;
				CLANG_WARN_SUSPICIOUS_MOVE = YES;
				CLANG_WARN_UNREACHABLE_CODE = YES;
				CLANG_WARN__DUPLICATE_METHOD_MATCH = YES;
				"CODE_SIGN_IDENTITY[sdk=iphoneos*]" = "iPhone Developer";
				COPY_PHASE_STRIP = NO;
				DEBUG_INFORMATION_FORMAT = "dwarf-with-dsym";
				EMBED_ASSET_PACKS_IN_PRODUCT_BUNDLE = NO;
				ENABLE_NS_ASSERTIONS = NO;
				ENABLE_STRICT_OBJC_MSGSEND = YES;
				GCC_C_LANGUAGE_STANDARD = gnu99;
				GCC_NO_COMMON_BLOCKS = YES;
				GCC_WARN_64_TO_32_BIT_CONVERSION = YES;
				GCC_WARN_ABOUT_RETURN_TYPE = YES_ERROR;
				GCC_WARN_UNDECLARED_SELECTOR = YES;
				GCC_WARN_UNINITIALIZED_AUTOS = YES_AGGRESSIVE;
				GCC_WARN_UNUSED_FUNCTION = YES;
				GCC_WARN_UNUSED_VARIABLE = YES;
				IPHONEOS_DEPLOYMENT_TARGET = 9.2;
				MTL_ENABLE_DEBUG_INFO = NO;
				SDKROOT = iphoneos;
				SWIFT_OPTIMIZATION_LEVEL = "-Owholemodule";
				TARGETED_DEVICE_FAMILY = "1,2";
				VALIDATE_PRODUCT = YES;
			};
			name = Release;
		};
		093681641C417378008C6B5D /* Debug */ = {
			isa = XCBuildConfiguration;
			buildSettings = {
				ASSETCATALOG_COMPILER_APPICON_NAME = AppIcon;
				CODE_SIGN_IDENTITY = "iPhone Developer";
				INFOPLIST_FILE = AImergence2/Info.plist;
				IPHONEOS_DEPLOYMENT_TARGET = 9.0;
				LD_RUNPATH_SEARCH_PATHS = "$(inherited) @executable_path/Frameworks";
				PRODUCT_BUNDLE_IDENTIFIER = "com.oliviergeorgeon.little-ai";
				PRODUCT_NAME = "$(TARGET_NAME)";
				SWIFT_SWIFT3_OBJC_INFERENCE = Default;
				SWIFT_VERSION = 4.0;
				TARGETED_DEVICE_FAMILY = "1,2";
			};
			name = Debug;
		};
		093681651C417378008C6B5D /* Release */ = {
			isa = XCBuildConfiguration;
			buildSettings = {
				ASSETCATALOG_COMPILER_APPICON_NAME = AppIcon;
				CODE_SIGN_IDENTITY = "iPhone Developer";
				INFOPLIST_FILE = AImergence2/Info.plist;
				IPHONEOS_DEPLOYMENT_TARGET = 9.0;
				LD_RUNPATH_SEARCH_PATHS = "$(inherited) @executable_path/Frameworks";
				PRODUCT_BUNDLE_IDENTIFIER = "com.oliviergeorgeon.little-ai";
				PRODUCT_NAME = "$(TARGET_NAME)";
				SWIFT_SWIFT3_OBJC_INFERENCE = Default;
				SWIFT_VERSION = 4.0;
				TARGETED_DEVICE_FAMILY = "1,2";
			};
			name = Release;
		};
		093681671C417378008C6B5D /* Debug */ = {
			isa = XCBuildConfiguration;
			buildSettings = {
				BUNDLE_LOADER = "$(TEST_HOST)";
				DEBUG_INFORMATION_FORMAT = dwarf;
				INFOPLIST_FILE = AImergence2Tests/Info.plist;
				LD_RUNPATH_SEARCH_PATHS = "$(inherited) @executable_path/Frameworks @loader_path/Frameworks";
				PRODUCT_BUNDLE_IDENTIFIER = com.oliviergeorgeon.AImergence2Tests;
				PRODUCT_NAME = "$(TARGET_NAME)";
				SWIFT_SWIFT3_OBJC_INFERENCE = On;
				SWIFT_VERSION = 4.0;
				TEST_HOST = "$(BUILT_PRODUCTS_DIR)/Little AI.app/Little AI";
			};
			name = Debug;
		};
		093681681C417378008C6B5D /* Release */ = {
			isa = XCBuildConfiguration;
			buildSettings = {
				BUNDLE_LOADER = "$(TEST_HOST)";
				INFOPLIST_FILE = AImergence2Tests/Info.plist;
				LD_RUNPATH_SEARCH_PATHS = "$(inherited) @executable_path/Frameworks @loader_path/Frameworks";
				PRODUCT_BUNDLE_IDENTIFIER = com.oliviergeorgeon.AImergence2Tests;
				PRODUCT_NAME = "$(TARGET_NAME)";
				SWIFT_SWIFT3_OBJC_INFERENCE = On;
				SWIFT_VERSION = 4.0;
				TEST_HOST = "$(BUILT_PRODUCTS_DIR)/Little AI.app/Little AI";
			};
			name = Release;
		};
		0936816A1C417378008C6B5D /* Debug */ = {
			isa = XCBuildConfiguration;
			buildSettings = {
				DEBUG_INFORMATION_FORMAT = dwarf;
				INFOPLIST_FILE = AImergence2UITests/Info.plist;
				LD_RUNPATH_SEARCH_PATHS = "$(inherited) @executable_path/Frameworks @loader_path/Frameworks";
				PRODUCT_BUNDLE_IDENTIFIER = com.oliviergeorgeon.AImergence2UITests;
				PRODUCT_NAME = "$(TARGET_NAME)";
				SWIFT_SWIFT3_OBJC_INFERENCE = On;
				SWIFT_VERSION = 4.0;
				TEST_TARGET_NAME = AImergence2;
				USES_XCTRUNNER = YES;
			};
			name = Debug;
		};
		0936816B1C417378008C6B5D /* Release */ = {
			isa = XCBuildConfiguration;
			buildSettings = {
				INFOPLIST_FILE = AImergence2UITests/Info.plist;
				LD_RUNPATH_SEARCH_PATHS = "$(inherited) @executable_path/Frameworks @loader_path/Frameworks";
				PRODUCT_BUNDLE_IDENTIFIER = com.oliviergeorgeon.AImergence2UITests;
				PRODUCT_NAME = "$(TARGET_NAME)";
				SWIFT_SWIFT3_OBJC_INFERENCE = On;
				SWIFT_VERSION = 4.0;
				TEST_TARGET_NAME = AImergence2;
				USES_XCTRUNNER = YES;
			};
			name = Release;
		};
/* End XCBuildConfiguration section */

/* Begin XCConfigurationList section */
		0919DF231DDC9DA100653775 /* Build configuration list for PBXNativeTarget "iMessage" */ = {
			isa = XCConfigurationList;
			buildConfigurations = (
				0919DF211DDC9DA100653775 /* Debug */,
				0919DF221DDC9DA100653775 /* Release */,
			);
			defaultConfigurationIsVisible = 0;
			defaultConfigurationName = Release;
		};
		093681321C417377008C6B5D /* Build configuration list for PBXProject "Little AI" */ = {
			isa = XCConfigurationList;
			buildConfigurations = (
				093681611C417378008C6B5D /* Debug */,
				093681621C417378008C6B5D /* Release */,
			);
			defaultConfigurationIsVisible = 0;
			defaultConfigurationName = Release;
		};
		093681631C417378008C6B5D /* Build configuration list for PBXNativeTarget "Little AI" */ = {
			isa = XCConfigurationList;
			buildConfigurations = (
				093681641C417378008C6B5D /* Debug */,
				093681651C417378008C6B5D /* Release */,
			);
			defaultConfigurationIsVisible = 0;
			defaultConfigurationName = Release;
		};
		093681661C417378008C6B5D /* Build configuration list for PBXNativeTarget "Little AITests" */ = {
			isa = XCConfigurationList;
			buildConfigurations = (
				093681671C417378008C6B5D /* Debug */,
				093681681C417378008C6B5D /* Release */,
			);
			defaultConfigurationIsVisible = 0;
			defaultConfigurationName = Release;
		};
		093681691C417378008C6B5D /* Build configuration list for PBXNativeTarget "Little AIUITests" */ = {
			isa = XCConfigurationList;
			buildConfigurations = (
				0936816A1C417378008C6B5D /* Debug */,
				0936816B1C417378008C6B5D /* Release */,
			);
			defaultConfigurationIsVisible = 0;
			defaultConfigurationName = Release;
		};
/* End XCConfigurationList section */
	};
	rootObject = 0936812F1C417377008C6B5D /* Project object */;
}
