// !$*UTF8*$!
{
	archiveVersion = 1;
	classes = {
	};
	objectVersion = 46;
	objects = {

/* Begin PBXBuildFile section */
		090AD9E81C77488000F2FE8C /* ImagineModel.swift in Sources */ = {isa = PBXBuildFile; fileRef = 090AD9E71C77488000F2FE8C /* ImagineModel.swift */; };
		090AD9EA1C7A5EEE00F2FE8C /* ImagineModel6.swift in Sources */ = {isa = PBXBuildFile; fileRef = 090AD9E91C7A5EEE00F2FE8C /* ImagineModel6.swift */; };
		090AD9EC1C7A5F2400F2FE8C /* ImagineModel7.swift in Sources */ = {isa = PBXBuildFile; fileRef = 090AD9EB1C7A5F2400F2FE8C /* ImagineModel7.swift */; };
		090AD9F01C7A618500F2FE8C /* Level8.swift in Sources */ = {isa = PBXBuildFile; fileRef = 090AD9EF1C7A618500F2FE8C /* Level8.swift */; };
		090AD9F21C7A628C00F2FE8C /* ImagineModel8.swift in Sources */ = {isa = PBXBuildFile; fileRef = 090AD9F11C7A628C00F2FE8C /* ImagineModel8.swift */; };
		0911B7F21C731CF400DC3F69 /* PositionedSKScene.swift in Sources */ = {isa = PBXBuildFile; fileRef = 0911B7F11C731CF400DC3F69 /* PositionedSKScene.swift */; };
		0911B7F41C73A4B600DC3F69 /* ImagineModel5.swift in Sources */ = {isa = PBXBuildFile; fileRef = 0911B7F31C73A4B600DC3F69 /* ImagineModel5.swift */; };
		0911B7F61C748BFC00DC3F69 /* ImagineModel9.swift in Sources */ = {isa = PBXBuildFile; fileRef = 0911B7F51C748BFC00DC3F69 /* ImagineModel9.swift */; };
		0914EA661D09B82A00E78D5F /* Level15.swift in Sources */ = {isa = PBXBuildFile; fileRef = 0914EA651D09B82A00E78D5F /* Level15.swift */; };
		0914EA681D09BAD100E78D5F /* GameModel6.swift in Sources */ = {isa = PBXBuildFile; fileRef = 0914EA671D09BAD100E78D5F /* GameModel6.swift */; };
		0914EA6A1D0AA7DE00E78D5F /* ImagineModel15.swift in Sources */ = {isa = PBXBuildFile; fileRef = 0914EA691D0AA7DE00E78D5F /* ImagineModel15.swift */; };
		0914EA6C1D0AAD6300E78D5F /* Level16.swift in Sources */ = {isa = PBXBuildFile; fileRef = 0914EA6B1D0AAD6300E78D5F /* Level16.swift */; };
		093000DA1C4FB39000425BB1 /* ExperimentSKNode.swift in Sources */ = {isa = PBXBuildFile; fileRef = 093000D91C4FB39000425BB1 /* ExperimentSKNode.swift */; };
		093000DE1C4FC77700425BB1 /* ExperienceSKNode.swift in Sources */ = {isa = PBXBuildFile; fileRef = 093000DD1C4FC77700425BB1 /* ExperienceSKNode.swift */; };
		093000E01C4FD3B700425BB1 /* ReshapableSKNode.swift in Sources */ = {isa = PBXBuildFile; fileRef = 093000DF1C4FD3B700425BB1 /* ReshapableSKNode.swift */; };
		0936813B1C417378008C6B5D /* AppDelegate.swift in Sources */ = {isa = PBXBuildFile; fileRef = 0936813A1C417378008C6B5D /* AppDelegate.swift */; };
		0936813F1C417378008C6B5D /* GameSKScene.swift in Sources */ = {isa = PBXBuildFile; fileRef = 0936813E1C417378008C6B5D /* GameSKScene.swift */; };
		093681411C417378008C6B5D /* GameViewController.swift in Sources */ = {isa = PBXBuildFile; fileRef = 093681401C417378008C6B5D /* GameViewController.swift */; };
		093681441C417378008C6B5D /* Main.storyboard in Resources */ = {isa = PBXBuildFile; fileRef = 093681421C417378008C6B5D /* Main.storyboard */; };
		093681461C417378008C6B5D /* Assets.xcassets in Resources */ = {isa = PBXBuildFile; fileRef = 093681451C417378008C6B5D /* Assets.xcassets */; };
		093681491C417378008C6B5D /* LaunchScreen.storyboard in Resources */ = {isa = PBXBuildFile; fileRef = 093681471C417378008C6B5D /* LaunchScreen.storyboard */; };
		093681541C417378008C6B5D /* AImergence2Tests.swift in Sources */ = {isa = PBXBuildFile; fileRef = 093681531C417378008C6B5D /* AImergence2Tests.swift */; };
		0936815F1C417378008C6B5D /* AImergence2UITests.swift in Sources */ = {isa = PBXBuildFile; fileRef = 0936815E1C417378008C6B5D /* AImergence2UITests.swift */; };
		0936816D1C42707B008C6B5D /* Experience.swift in Sources */ = {isa = PBXBuildFile; fileRef = 0936816C1C42707B008C6B5D /* Experience.swift */; };
		0936816F1C42708E008C6B5D /* Experiment.swift in Sources */ = {isa = PBXBuildFile; fileRef = 0936816E1C42708E008C6B5D /* Experiment.swift */; };
		093681711C4270A5008C6B5D /* Level2.swift in Sources */ = {isa = PBXBuildFile; fileRef = 093681701C4270A5008C6B5D /* Level2.swift */; };
		093681731C4523B1008C6B5D /* Level0.swift in Sources */ = {isa = PBXBuildFile; fileRef = 093681721C4523B1008C6B5D /* Level0.swift */; };
		093681751C45455F008C6B5D /* Level4.swift in Sources */ = {isa = PBXBuildFile; fileRef = 093681741C45455F008C6B5D /* Level4.swift */; };
		093681771C4549CB008C6B5D /* Level5.swift in Sources */ = {isa = PBXBuildFile; fileRef = 093681761C4549CB008C6B5D /* Level5.swift */; };
		093681791C4677A6008C6B5D /* GameModel.swift in Sources */ = {isa = PBXBuildFile; fileRef = 093681781C4677A6008C6B5D /* GameModel.swift */; };
		0936817B1C4696AB008C6B5D /* MenuSKScene.swift in Sources */ = {isa = PBXBuildFile; fileRef = 0936817A1C4696AB008C6B5D /* MenuSKScene.swift */; };
		093C3F661C6F68B9000BC6FB /* ImagineModel2.swift in Sources */ = {isa = PBXBuildFile; fileRef = 093C3F651C6F68B9000BC6FB /* ImagineModel2.swift */; };
		093C3F681C6F8482000BC6FB /* ImagineModel3.swift in Sources */ = {isa = PBXBuildFile; fileRef = 093C3F671C6F8482000BC6FB /* ImagineModel3.swift */; };
		0955F6F81CF2E65400473C03 /* GameModel4.swift in Sources */ = {isa = PBXBuildFile; fileRef = 0955F6F71CF2E65400473C03 /* GameModel4.swift */; };
		0955F6FA1CF349BD00473C03 /* art.scnassets in Resources */ = {isa = PBXBuildFile; fileRef = 0955F6F91CF349BD00473C03 /* art.scnassets */; };
		095856711D0AC50B002BD7D7 /* Confetti.scnp in Resources */ = {isa = PBXBuildFile; fileRef = 0958566F1D0AC50B002BD7D7 /* Confetti.scnp */; };
		095856721D0AC50B002BD7D7 /* confetti.png in Resources */ = {isa = PBXBuildFile; fileRef = 095856701D0AC50B002BD7D7 /* confetti.png */; };
		0961EBB91C63EE2200A4E55C /* Level3.swift in Sources */ = {isa = PBXBuildFile; fileRef = 0961EBB81C63EE2200A4E55C /* Level3.swift */; };
		0961EBBB1C64961F00A4E55C /* Level6.swift in Sources */ = {isa = PBXBuildFile; fileRef = 0961EBBA1C64961F00A4E55C /* Level6.swift */; };
		0961EBC01C66658B00A4E55C /* Help.plist in Resources */ = {isa = PBXBuildFile; fileRef = 0961EBC21C66658B00A4E55C /* Help.plist */; };
		0964BB0F1CEEFA9B00A4B40D /* Level11.swift in Sources */ = {isa = PBXBuildFile; fileRef = 0964BB0E1CEEFA9B00A4B40D /* Level11.swift */; };
		0964BB111CEF37D000A4B40D /* Robot.swift in Sources */ = {isa = PBXBuildFile; fileRef = 0964BB101CEF37D000A4B40D /* Robot.swift */; };
		0964BB131CEF488300A4B40D /* SCNRobotNode.swift in Sources */ = {isa = PBXBuildFile; fileRef = 0964BB121CEF488300A4B40D /* SCNRobotNode.swift */; };
		0964BB151CEF501E00A4B40D /* ImagineModel11.swift in Sources */ = {isa = PBXBuildFile; fileRef = 0964BB141CEF501E00A4B40D /* ImagineModel11.swift */; };
		0964BB171CEF94D900A4B40D /* Level12.swift in Sources */ = {isa = PBXBuildFile; fileRef = 0964BB161CEF94D900A4B40D /* Level12.swift */; };
		0964BB191CEF95AA00A4B40D /* ImagineModel12.swift in Sources */ = {isa = PBXBuildFile; fileRef = 0964BB181CEF95AA00A4B40D /* ImagineModel12.swift */; };
		096F5CB51C53F1C90041EA5F /* HelpViewController.swift in Sources */ = {isa = PBXBuildFile; fileRef = 096F5CB41C53F1C90041EA5F /* HelpViewController.swift */; };
		096F5CB91C56D7240041EA5F /* Level9.swift in Sources */ = {isa = PBXBuildFile; fileRef = 096F5CB81C56D7240041EA5F /* Level9.swift */; };
		098203F01D088818009303C5 /* ButtonSKNode.swift in Sources */ = {isa = PBXBuildFile; fileRef = 098203EF1D088818009303C5 /* ButtonSKNode.swift */; };
		0994526E1C5F983400F0ABFF /* HelpView.swift in Sources */ = {isa = PBXBuildFile; fileRef = 0994526D1C5F983400F0ABFF /* HelpView.swift */; };
		099452831C62007000F0ABFF /* InfoPlist.strings in Resources */ = {isa = PBXBuildFile; fileRef = 099452851C62007000F0ABFF /* InfoPlist.strings */; };
		099452881C62007000F0ABFF /* InfoPlist.strings in Resources */ = {isa = PBXBuildFile; fileRef = 0994528A1C62007000F0ABFF /* InfoPlist.strings */; };
		099452981C620CF600F0ABFF /* Localizable.strings in Resources */ = {isa = PBXBuildFile; fileRef = 0994529A1C620CF600F0ABFF /* Localizable.strings */; };
		09AC4CBA1C7DD63700C149EC /* GameModel2.swift in Sources */ = {isa = PBXBuildFile; fileRef = 09AC4CB91C7DD63700C149EC /* GameModel2.swift */; };
		09AC4CBC1C7DDBFC00C149EC /* GameModel3.swift in Sources */ = {isa = PBXBuildFile; fileRef = 09AC4CBB1C7DDBFC00C149EC /* GameModel3.swift */; };
		09AC4D131C821BC000C149EC /* GameView.swift in Sources */ = {isa = PBXBuildFile; fileRef = 09AC4D121C821BC000C149EC /* GameView.swift */; };
		09AC4D151C8491DA00C149EC /* Level1.swift in Sources */ = {isa = PBXBuildFile; fileRef = 09AC4D141C8491DA00C149EC /* Level1.swift */; };
		09AC4D171C84D36100C149EC /* ImagineModel1.swift in Sources */ = {isa = PBXBuildFile; fileRef = 09AC4D161C84D36100C149EC /* ImagineModel1.swift */; };
		09AC4D191C86E0D600C149EC /* Level10.swift in Sources */ = {isa = PBXBuildFile; fileRef = 09AC4D181C86E0D600C149EC /* Level10.swift */; };
		09AC4D1B1C86E29200C149EC /* ImagineModel10.swift in Sources */ = {isa = PBXBuildFile; fileRef = 09AC4D1A1C86E29200C149EC /* ImagineModel10.swift */; };
		09AF84171D01A3D900C1E310 /* Level13.swift in Sources */ = {isa = PBXBuildFile; fileRef = 09AF84161D01A3D900C1E310 /* Level13.swift */; };
		09AF84191D01A82800C1E310 /* ImagineModel13.swift in Sources */ = {isa = PBXBuildFile; fileRef = 09AF84181D01A82800C1E310 /* ImagineModel13.swift */; };
		09AF841B1D01ABDD00C1E310 /* GameModel5.swift in Sources */ = {isa = PBXBuildFile; fileRef = 09AF841A1D01ABDD00C1E310 /* GameModel5.swift */; };
		09B12C7D1C75D53F000FBEF6 /* Actions.swift in Sources */ = {isa = PBXBuildFile; fileRef = 09B12C7C1C75D53F000FBEF6 /* Actions.swift */; };
		09D426421D0AD44000B34CDF /* ImagineModel16.swift in Sources */ = {isa = PBXBuildFile; fileRef = 09D426411D0AD44000B34CDF /* ImagineModel16.swift */; };
		09D426441D0AE29D00B34CDF /* Level17.swift in Sources */ = {isa = PBXBuildFile; fileRef = 09D426431D0AE29D00B34CDF /* Level17.swift */; };
		09D426461D0AE30200B34CDF /* ImagineModel17.swift in Sources */ = {isa = PBXBuildFile; fileRef = 09D426451D0AE30200B34CDF /* ImagineModel17.swift */; };
		09ED657D1C6C87D2004A8CA7 /* Level7.swift in Sources */ = {isa = PBXBuildFile; fileRef = 09ED657C1C6C87D2004A8CA7 /* Level7.swift */; };
		09ED657F1C6D0EE6004A8CA7 /* ImagineViewController.swift in Sources */ = {isa = PBXBuildFile; fileRef = 09ED657E1C6D0EE6004A8CA7 /* ImagineViewController.swift */; };
		09ED65831C6D11A1004A8CA7 /* Geometries.swift in Sources */ = {isa = PBXBuildFile; fileRef = 09ED65821C6D11A1004A8CA7 /* Geometries.swift */; };
		09ED65851C6D1400004A8CA7 /* ImagineModel0.swift in Sources */ = {isa = PBXBuildFile; fileRef = 09ED65841C6D1400004A8CA7 /* ImagineModel0.swift */; };
		09ED65871C6E36B7004A8CA7 /* ImagineModel4.swift in Sources */ = {isa = PBXBuildFile; fileRef = 09ED65861C6E36B7004A8CA7 /* ImagineModel4.swift */; };
		09F145131D02226300D0BDC7 /* Level14.swift in Sources */ = {isa = PBXBuildFile; fileRef = 09F145121D02226300D0BDC7 /* Level14.swift */; };
		09F145151D02240B00D0BDC7 /* ImagineModel14.swift in Sources */ = {isa = PBXBuildFile; fileRef = 09F145141D02240B00D0BDC7 /* ImagineModel14.swift */; };
/* End PBXBuildFile section */

/* Begin PBXContainerItemProxy section */
		093681501C417378008C6B5D /* PBXContainerItemProxy */ = {
			isa = PBXContainerItemProxy;
			containerPortal = 0936812F1C417377008C6B5D /* Project object */;
			proxyType = 1;
			remoteGlobalIDString = 093681361C417378008C6B5D;
			remoteInfo = AImergence2;
		};
		0936815B1C417378008C6B5D /* PBXContainerItemProxy */ = {
			isa = PBXContainerItemProxy;
			containerPortal = 0936812F1C417377008C6B5D /* Project object */;
			proxyType = 1;
			remoteGlobalIDString = 093681361C417378008C6B5D;
			remoteInfo = AImergence2;
		};
/* End PBXContainerItemProxy section */

/* Begin PBXFileReference section */
		090AD9E71C77488000F2FE8C /* ImagineModel.swift */ = {isa = PBXFileReference; fileEncoding = 4; lastKnownFileType = sourcecode.swift; path = ImagineModel.swift; sourceTree = "<group>"; };
		090AD9E91C7A5EEE00F2FE8C /* ImagineModel6.swift */ = {isa = PBXFileReference; fileEncoding = 4; lastKnownFileType = sourcecode.swift; path = ImagineModel6.swift; sourceTree = "<group>"; };
		090AD9EB1C7A5F2400F2FE8C /* ImagineModel7.swift */ = {isa = PBXFileReference; fileEncoding = 4; lastKnownFileType = sourcecode.swift; path = ImagineModel7.swift; sourceTree = "<group>"; };
		090AD9EF1C7A618500F2FE8C /* Level8.swift */ = {isa = PBXFileReference; fileEncoding = 4; lastKnownFileType = sourcecode.swift; path = Level8.swift; sourceTree = "<group>"; };
		090AD9F11C7A628C00F2FE8C /* ImagineModel8.swift */ = {isa = PBXFileReference; fileEncoding = 4; lastKnownFileType = sourcecode.swift; path = ImagineModel8.swift; sourceTree = "<group>"; };
		0911B7F11C731CF400DC3F69 /* PositionedSKScene.swift */ = {isa = PBXFileReference; fileEncoding = 4; lastKnownFileType = sourcecode.swift; path = PositionedSKScene.swift; sourceTree = "<group>"; };
		0911B7F31C73A4B600DC3F69 /* ImagineModel5.swift */ = {isa = PBXFileReference; fileEncoding = 4; lastKnownFileType = sourcecode.swift; path = ImagineModel5.swift; sourceTree = "<group>"; };
		0911B7F51C748BFC00DC3F69 /* ImagineModel9.swift */ = {isa = PBXFileReference; fileEncoding = 4; lastKnownFileType = sourcecode.swift; path = ImagineModel9.swift; sourceTree = "<group>"; };
		0914EA651D09B82A00E78D5F /* Level15.swift */ = {isa = PBXFileReference; fileEncoding = 4; lastKnownFileType = sourcecode.swift; path = Level15.swift; sourceTree = "<group>"; };
		0914EA671D09BAD100E78D5F /* GameModel6.swift */ = {isa = PBXFileReference; fileEncoding = 4; lastKnownFileType = sourcecode.swift; path = GameModel6.swift; sourceTree = "<group>"; };
		0914EA691D0AA7DE00E78D5F /* ImagineModel15.swift */ = {isa = PBXFileReference; fileEncoding = 4; lastKnownFileType = sourcecode.swift; path = ImagineModel15.swift; sourceTree = "<group>"; };
		0914EA6B1D0AAD6300E78D5F /* Level16.swift */ = {isa = PBXFileReference; fileEncoding = 4; lastKnownFileType = sourcecode.swift; path = Level16.swift; sourceTree = "<group>"; };
		092B00371CBFF47A00A6FF3C /* fr */ = {isa = PBXFileReference; lastKnownFileType = text.plist.strings; name = fr; path = fr.lproj/LaunchScreen.strings; sourceTree = "<group>"; };
		093000D91C4FB39000425BB1 /* ExperimentSKNode.swift */ = {isa = PBXFileReference; fileEncoding = 4; lastKnownFileType = sourcecode.swift; path = ExperimentSKNode.swift; sourceTree = "<group>"; };
		093000DD1C4FC77700425BB1 /* ExperienceSKNode.swift */ = {isa = PBXFileReference; fileEncoding = 4; lastKnownFileType = sourcecode.swift; path = ExperienceSKNode.swift; sourceTree = "<group>"; };
		093000DF1C4FD3B700425BB1 /* ReshapableSKNode.swift */ = {isa = PBXFileReference; fileEncoding = 4; lastKnownFileType = sourcecode.swift; path = ReshapableSKNode.swift; sourceTree = "<group>"; };
		093681371C417378008C6B5D /* Little AI.app */ = {isa = PBXFileReference; explicitFileType = wrapper.application; includeInIndex = 0; path = "Little AI.app"; sourceTree = BUILT_PRODUCTS_DIR; };
		0936813A1C417378008C6B5D /* AppDelegate.swift */ = {isa = PBXFileReference; lastKnownFileType = sourcecode.swift; path = AppDelegate.swift; sourceTree = "<group>"; };
		0936813E1C417378008C6B5D /* GameSKScene.swift */ = {isa = PBXFileReference; lastKnownFileType = sourcecode.swift; path = GameSKScene.swift; sourceTree = "<group>"; };
		093681401C417378008C6B5D /* GameViewController.swift */ = {isa = PBXFileReference; lastKnownFileType = sourcecode.swift; path = GameViewController.swift; sourceTree = "<group>"; };
		093681431C417378008C6B5D /* Base */ = {isa = PBXFileReference; lastKnownFileType = file.storyboard; name = Base; path = Base.lproj/Main.storyboard; sourceTree = "<group>"; };
		093681451C417378008C6B5D /* Assets.xcassets */ = {isa = PBXFileReference; lastKnownFileType = folder.assetcatalog; path = Assets.xcassets; sourceTree = "<group>"; };
		093681481C417378008C6B5D /* Base */ = {isa = PBXFileReference; lastKnownFileType = file.storyboard; name = Base; path = Base.lproj/LaunchScreen.storyboard; sourceTree = "<group>"; };
		0936814A1C417378008C6B5D /* Info.plist */ = {isa = PBXFileReference; lastKnownFileType = text.plist.xml; path = Info.plist; sourceTree = "<group>"; };
		0936814F1C417378008C6B5D /* Little AITests.xctest */ = {isa = PBXFileReference; explicitFileType = wrapper.cfbundle; includeInIndex = 0; path = "Little AITests.xctest"; sourceTree = BUILT_PRODUCTS_DIR; };
		093681531C417378008C6B5D /* AImergence2Tests.swift */ = {isa = PBXFileReference; lastKnownFileType = sourcecode.swift; path = AImergence2Tests.swift; sourceTree = "<group>"; };
		093681551C417378008C6B5D /* Info.plist */ = {isa = PBXFileReference; lastKnownFileType = text.plist.xml; path = Info.plist; sourceTree = "<group>"; };
		0936815A1C417378008C6B5D /* Little AIUITests.xctest */ = {isa = PBXFileReference; explicitFileType = wrapper.cfbundle; includeInIndex = 0; path = "Little AIUITests.xctest"; sourceTree = BUILT_PRODUCTS_DIR; };
		0936815E1C417378008C6B5D /* AImergence2UITests.swift */ = {isa = PBXFileReference; lastKnownFileType = sourcecode.swift; path = AImergence2UITests.swift; sourceTree = "<group>"; };
		093681601C417378008C6B5D /* Info.plist */ = {isa = PBXFileReference; lastKnownFileType = text.plist.xml; path = Info.plist; sourceTree = "<group>"; };
		0936816C1C42707B008C6B5D /* Experience.swift */ = {isa = PBXFileReference; fileEncoding = 4; lastKnownFileType = sourcecode.swift; path = Experience.swift; sourceTree = "<group>"; };
		0936816E1C42708E008C6B5D /* Experiment.swift */ = {isa = PBXFileReference; fileEncoding = 4; lastKnownFileType = sourcecode.swift; path = Experiment.swift; sourceTree = "<group>"; };
		093681701C4270A5008C6B5D /* Level2.swift */ = {isa = PBXFileReference; fileEncoding = 4; lastKnownFileType = sourcecode.swift; path = Level2.swift; sourceTree = "<group>"; };
		093681721C4523B1008C6B5D /* Level0.swift */ = {isa = PBXFileReference; fileEncoding = 4; lastKnownFileType = sourcecode.swift; path = Level0.swift; sourceTree = "<group>"; };
		093681741C45455F008C6B5D /* Level4.swift */ = {isa = PBXFileReference; fileEncoding = 4; lastKnownFileType = sourcecode.swift; path = Level4.swift; sourceTree = "<group>"; };
		093681761C4549CB008C6B5D /* Level5.swift */ = {isa = PBXFileReference; fileEncoding = 4; lastKnownFileType = sourcecode.swift; path = Level5.swift; sourceTree = "<group>"; };
		093681781C4677A6008C6B5D /* GameModel.swift */ = {isa = PBXFileReference; fileEncoding = 4; lastKnownFileType = sourcecode.swift; path = GameModel.swift; sourceTree = "<group>"; };
		0936817A1C4696AB008C6B5D /* MenuSKScene.swift */ = {isa = PBXFileReference; fileEncoding = 4; lastKnownFileType = sourcecode.swift; path = MenuSKScene.swift; sourceTree = "<group>"; };
		093C3F651C6F68B9000BC6FB /* ImagineModel2.swift */ = {isa = PBXFileReference; fileEncoding = 4; lastKnownFileType = sourcecode.swift; path = ImagineModel2.swift; sourceTree = "<group>"; };
		093C3F671C6F8482000BC6FB /* ImagineModel3.swift */ = {isa = PBXFileReference; fileEncoding = 4; lastKnownFileType = sourcecode.swift; path = ImagineModel3.swift; sourceTree = "<group>"; };
		0955F6F71CF2E65400473C03 /* GameModel4.swift */ = {isa = PBXFileReference; fileEncoding = 4; lastKnownFileType = sourcecode.swift; path = GameModel4.swift; sourceTree = "<group>"; };
		0955F6F91CF349BD00473C03 /* art.scnassets */ = {isa = PBXFileReference; lastKnownFileType = wrapper.scnassets; path = art.scnassets; sourceTree = "<group>"; };
		0958566F1D0AC50B002BD7D7 /* Confetti.scnp */ = {isa = PBXFileReference; lastKnownFileType = file.scp; path = Confetti.scnp; sourceTree = "<group>"; };
		095856701D0AC50B002BD7D7 /* confetti.png */ = {isa = PBXFileReference; lastKnownFileType = image.png; path = confetti.png; sourceTree = "<group>"; };
		0961EBB81C63EE2200A4E55C /* Level3.swift */ = {isa = PBXFileReference; fileEncoding = 4; lastKnownFileType = sourcecode.swift; path = Level3.swift; sourceTree = "<group>"; };
		0961EBBA1C64961F00A4E55C /* Level6.swift */ = {isa = PBXFileReference; fileEncoding = 4; lastKnownFileType = sourcecode.swift; path = Level6.swift; sourceTree = "<group>"; };
		0961EBC11C66658B00A4E55C /* fr */ = {isa = PBXFileReference; lastKnownFileType = text.plist.xml; name = fr; path = fr.lproj/Help.plist; sourceTree = "<group>"; };
		0961EBC31C66658E00A4E55C /* Base */ = {isa = PBXFileReference; lastKnownFileType = text.plist.xml; name = Base; path = Base.lproj/Help.plist; sourceTree = "<group>"; };
		0964BB0E1CEEFA9B00A4B40D /* Level11.swift */ = {isa = PBXFileReference; fileEncoding = 4; lastKnownFileType = sourcecode.swift; path = Level11.swift; sourceTree = "<group>"; };
		0964BB101CEF37D000A4B40D /* Robot.swift */ = {isa = PBXFileReference; fileEncoding = 4; lastKnownFileType = sourcecode.swift; path = Robot.swift; sourceTree = "<group>"; };
		0964BB121CEF488300A4B40D /* SCNRobotNode.swift */ = {isa = PBXFileReference; fileEncoding = 4; lastKnownFileType = sourcecode.swift; path = SCNRobotNode.swift; sourceTree = "<group>"; };
		0964BB141CEF501E00A4B40D /* ImagineModel11.swift */ = {isa = PBXFileReference; fileEncoding = 4; lastKnownFileType = sourcecode.swift; path = ImagineModel11.swift; sourceTree = "<group>"; };
		0964BB161CEF94D900A4B40D /* Level12.swift */ = {isa = PBXFileReference; fileEncoding = 4; lastKnownFileType = sourcecode.swift; path = Level12.swift; sourceTree = "<group>"; };
		0964BB181CEF95AA00A4B40D /* ImagineModel12.swift */ = {isa = PBXFileReference; fileEncoding = 4; lastKnownFileType = sourcecode.swift; path = ImagineModel12.swift; sourceTree = "<group>"; };
		096F5CB41C53F1C90041EA5F /* HelpViewController.swift */ = {isa = PBXFileReference; fileEncoding = 4; lastKnownFileType = sourcecode.swift; path = HelpViewController.swift; sourceTree = "<group>"; };
		096F5CB81C56D7240041EA5F /* Level9.swift */ = {isa = PBXFileReference; fileEncoding = 4; lastKnownFileType = sourcecode.swift; path = Level9.swift; sourceTree = "<group>"; };
		098203EF1D088818009303C5 /* ButtonSKNode.swift */ = {isa = PBXFileReference; fileEncoding = 4; lastKnownFileType = sourcecode.swift; path = ButtonSKNode.swift; sourceTree = "<group>"; };
		0994526D1C5F983400F0ABFF /* HelpView.swift */ = {isa = PBXFileReference; fileEncoding = 4; lastKnownFileType = sourcecode.swift; path = HelpView.swift; sourceTree = "<group>"; };
		099452841C62007000F0ABFF /* fr */ = {isa = PBXFileReference; lastKnownFileType = text.plist.strings; name = fr; path = fr.lproj/InfoPlist.strings; sourceTree = "<group>"; };
		099452891C62007000F0ABFF /* fr */ = {isa = PBXFileReference; lastKnownFileType = text.plist.strings; name = fr; path = fr.lproj/InfoPlist.strings; sourceTree = "<group>"; };
		099452991C620CF600F0ABFF /* fr */ = {isa = PBXFileReference; lastKnownFileType = text.plist.strings; name = fr; path = fr.lproj/Localizable.strings; sourceTree = "<group>"; };
		099452A11C620DD300F0ABFF /* Base */ = {isa = PBXFileReference; lastKnownFileType = text.plist.strings; name = Base; path = Base.lproj/Localizable.strings; sourceTree = "<group>"; };
		09AC4CB91C7DD63700C149EC /* GameModel2.swift */ = {isa = PBXFileReference; fileEncoding = 4; lastKnownFileType = sourcecode.swift; path = GameModel2.swift; sourceTree = "<group>"; };
		09AC4CBB1C7DDBFC00C149EC /* GameModel3.swift */ = {isa = PBXFileReference; fileEncoding = 4; lastKnownFileType = sourcecode.swift; path = GameModel3.swift; sourceTree = "<group>"; };
		09AC4CBF1C7DF3BC00C149EC /* fr */ = {isa = PBXFileReference; lastKnownFileType = text.plist.strings; name = fr; path = fr.lproj/Main.strings; sourceTree = "<group>"; };
		09AC4D121C821BC000C149EC /* GameView.swift */ = {isa = PBXFileReference; fileEncoding = 4; lastKnownFileType = sourcecode.swift; path = GameView.swift; sourceTree = "<group>"; };
		09AC4D141C8491DA00C149EC /* Level1.swift */ = {isa = PBXFileReference; fileEncoding = 4; lastKnownFileType = sourcecode.swift; path = Level1.swift; sourceTree = "<group>"; };
		09AC4D161C84D36100C149EC /* ImagineModel1.swift */ = {isa = PBXFileReference; fileEncoding = 4; lastKnownFileType = sourcecode.swift; path = ImagineModel1.swift; sourceTree = "<group>"; };
		09AC4D181C86E0D600C149EC /* Level10.swift */ = {isa = PBXFileReference; fileEncoding = 4; lastKnownFileType = sourcecode.swift; path = Level10.swift; sourceTree = "<group>"; };
		09AC4D1A1C86E29200C149EC /* ImagineModel10.swift */ = {isa = PBXFileReference; fileEncoding = 4; lastKnownFileType = sourcecode.swift; path = ImagineModel10.swift; sourceTree = "<group>"; };
		09AF84161D01A3D900C1E310 /* Level13.swift */ = {isa = PBXFileReference; fileEncoding = 4; lastKnownFileType = sourcecode.swift; path = Level13.swift; sourceTree = "<group>"; };
		09AF84181D01A82800C1E310 /* ImagineModel13.swift */ = {isa = PBXFileReference; fileEncoding = 4; lastKnownFileType = sourcecode.swift; path = ImagineModel13.swift; sourceTree = "<group>"; };
		09AF841A1D01ABDD00C1E310 /* GameModel5.swift */ = {isa = PBXFileReference; fileEncoding = 4; lastKnownFileType = sourcecode.swift; path = GameModel5.swift; sourceTree = "<group>"; };
		09B12C7C1C75D53F000FBEF6 /* Actions.swift */ = {isa = PBXFileReference; fileEncoding = 4; lastKnownFileType = sourcecode.swift; path = Actions.swift; sourceTree = "<group>"; };
		09D426411D0AD44000B34CDF /* ImagineModel16.swift */ = {isa = PBXFileReference; fileEncoding = 4; lastKnownFileType = sourcecode.swift; path = ImagineModel16.swift; sourceTree = "<group>"; };
		09D426431D0AE29D00B34CDF /* Level17.swift */ = {isa = PBXFileReference; fileEncoding = 4; lastKnownFileType = sourcecode.swift; path = Level17.swift; sourceTree = "<group>"; };
		09D426451D0AE30200B34CDF /* ImagineModel17.swift */ = {isa = PBXFileReference; fileEncoding = 4; lastKnownFileType = sourcecode.swift; path = ImagineModel17.swift; sourceTree = "<group>"; };
		09ED657C1C6C87D2004A8CA7 /* Level7.swift */ = {isa = PBXFileReference; fileEncoding = 4; lastKnownFileType = sourcecode.swift; path = Level7.swift; sourceTree = "<group>"; };
		09ED657E1C6D0EE6004A8CA7 /* ImagineViewController.swift */ = {isa = PBXFileReference; fileEncoding = 4; lastKnownFileType = sourcecode.swift; path = ImagineViewController.swift; sourceTree = "<group>"; };
		09ED65821C6D11A1004A8CA7 /* Geometries.swift */ = {isa = PBXFileReference; fileEncoding = 4; lastKnownFileType = sourcecode.swift; path = Geometries.swift; sourceTree = "<group>"; };
		09ED65841C6D1400004A8CA7 /* ImagineModel0.swift */ = {isa = PBXFileReference; fileEncoding = 4; lastKnownFileType = sourcecode.swift; path = ImagineModel0.swift; sourceTree = "<group>"; };
		09ED65861C6E36B7004A8CA7 /* ImagineModel4.swift */ = {isa = PBXFileReference; fileEncoding = 4; lastKnownFileType = sourcecode.swift; path = ImagineModel4.swift; sourceTree = "<group>"; };
		09F145121D02226300D0BDC7 /* Level14.swift */ = {isa = PBXFileReference; fileEncoding = 4; lastKnownFileType = sourcecode.swift; path = Level14.swift; sourceTree = "<group>"; };
		09F145141D02240B00D0BDC7 /* ImagineModel14.swift */ = {isa = PBXFileReference; fileEncoding = 4; lastKnownFileType = sourcecode.swift; path = ImagineModel14.swift; sourceTree = "<group>"; };
/* End PBXFileReference section */

/* Begin PBXFrameworksBuildPhase section */
		093681341C417378008C6B5D /* Frameworks */ = {
			isa = PBXFrameworksBuildPhase;
			buildActionMask = 2147483647;
			files = (
			);
			runOnlyForDeploymentPostprocessing = 0;
		};
		0936814C1C417378008C6B5D /* Frameworks */ = {
			isa = PBXFrameworksBuildPhase;
			buildActionMask = 2147483647;
			files = (
			);
			runOnlyForDeploymentPostprocessing = 0;
		};
		093681571C417378008C6B5D /* Frameworks */ = {
			isa = PBXFrameworksBuildPhase;
			buildActionMask = 2147483647;
			files = (
			);
			runOnlyForDeploymentPostprocessing = 0;
		};
/* End PBXFrameworksBuildPhase section */

/* Begin PBXGroup section */
		0914EA6D1D0AC03B00E78D5F /* Particles */ = {
			isa = PBXGroup;
			children = (
				0958566F1D0AC50B002BD7D7 /* Confetti.scnp */,
				095856701D0AC50B002BD7D7 /* confetti.png */,
			);
			name = Particles;
			sourceTree = "<group>";
		};
		0936812E1C417377008C6B5D = {
			isa = PBXGroup;
			children = (
				093681391C417378008C6B5D /* AImergence2 */,
				093681521C417378008C6B5D /* AImergence2Tests */,
				0936815D1C417378008C6B5D /* AImergence2UITests */,
				093681381C417378008C6B5D /* Products */,
			);
			sourceTree = "<group>";
		};
		093681381C417378008C6B5D /* Products */ = {
			isa = PBXGroup;
			children = (
				093681371C417378008C6B5D /* Little AI.app */,
				0936814F1C417378008C6B5D /* Little AITests.xctest */,
				0936815A1C417378008C6B5D /* Little AIUITests.xctest */,
			);
			name = Products;
			sourceTree = "<group>";
		};
		093681391C417378008C6B5D /* AImergence2 */ = {
			isa = PBXGroup;
			children = (
				093681421C417378008C6B5D /* Main.storyboard */,
				093681401C417378008C6B5D /* GameViewController.swift */,
				09AC4D121C821BC000C149EC /* GameView.swift */,
				0936813A1C417378008C6B5D /* AppDelegate.swift */,
				0961EBB61C63D16900A4E55C /* Levels */,
				09ED65801C6D0EF5004A8CA7 /* Help */,
				09ED65811C6D0F27004A8CA7 /* Imagine */,
				0961EBB71C63D19E00A4E55C /* SKSceneElements */,
				0994529A1C620CF600F0ABFF /* Localizable.strings */,
				093681451C417378008C6B5D /* Assets.xcassets */,
				0955F6F91CF349BD00473C03 /* art.scnassets */,
				093681471C417378008C6B5D /* LaunchScreen.storyboard */,
				0936814A1C417378008C6B5D /* Info.plist */,
			);
			path = AImergence2;
			sourceTree = "<group>";
		};
		093681521C417378008C6B5D /* AImergence2Tests */ = {
			isa = PBXGroup;
			children = (
				099452851C62007000F0ABFF /* InfoPlist.strings */,
				093681531C417378008C6B5D /* AImergence2Tests.swift */,
				093681551C417378008C6B5D /* Info.plist */,
			);
			path = AImergence2Tests;
			sourceTree = "<group>";
		};
		0936815D1C417378008C6B5D /* AImergence2UITests */ = {
			isa = PBXGroup;
			children = (
				0994528A1C62007000F0ABFF /* InfoPlist.strings */,
				0936815E1C417378008C6B5D /* AImergence2UITests.swift */,
				093681601C417378008C6B5D /* Info.plist */,
			);
			path = AImergence2UITests;
			sourceTree = "<group>";
		};
		0961EBB61C63D16900A4E55C /* Levels */ = {
			isa = PBXGroup;
			children = (
				0936816E1C42708E008C6B5D /* Experiment.swift */,
				0936816C1C42707B008C6B5D /* Experience.swift */,
				093681721C4523B1008C6B5D /* Level0.swift */,
				09AC4D141C8491DA00C149EC /* Level1.swift */,
				093681701C4270A5008C6B5D /* Level2.swift */,
				0961EBB81C63EE2200A4E55C /* Level3.swift */,
				093681741C45455F008C6B5D /* Level4.swift */,
				093681761C4549CB008C6B5D /* Level5.swift */,
				0961EBBA1C64961F00A4E55C /* Level6.swift */,
				09ED657C1C6C87D2004A8CA7 /* Level7.swift */,
				090AD9EF1C7A618500F2FE8C /* Level8.swift */,
				096F5CB81C56D7240041EA5F /* Level9.swift */,
				09AC4D181C86E0D600C149EC /* Level10.swift */,
				0964BB0E1CEEFA9B00A4B40D /* Level11.swift */,
				0964BB161CEF94D900A4B40D /* Level12.swift */,
				09AF84161D01A3D900C1E310 /* Level13.swift */,
				09F145121D02226300D0BDC7 /* Level14.swift */,
				0914EA651D09B82A00E78D5F /* Level15.swift */,
				0914EA6B1D0AAD6300E78D5F /* Level16.swift */,
				09D426431D0AE29D00B34CDF /* Level17.swift */,
				0964BB101CEF37D000A4B40D /* Robot.swift */,
			);
			name = Levels;
			sourceTree = "<group>";
		};
		0961EBB71C63D19E00A4E55C /* SKSceneElements */ = {
			isa = PBXGroup;
			children = (
				09D426481D0AFB4300B34CDF /* GameModels */,
				093000DF1C4FD3B700425BB1 /* ReshapableSKNode.swift */,
				093000D91C4FB39000425BB1 /* ExperimentSKNode.swift */,
				093000DD1C4FC77700425BB1 /* ExperienceSKNode.swift */,
				0911B7F11C731CF400DC3F69 /* PositionedSKScene.swift */,
				0936813E1C417378008C6B5D /* GameSKScene.swift */,
				0936817A1C4696AB008C6B5D /* MenuSKScene.swift */,
				098203EF1D088818009303C5 /* ButtonSKNode.swift */,
			);
			name = SKSceneElements;
			sourceTree = "<group>";
		};
		09D426471D0AFB1E00B34CDF /* ImagineModels */ = {
			isa = PBXGroup;
			children = (
				090AD9E71C77488000F2FE8C /* ImagineModel.swift */,
				09ED65841C6D1400004A8CA7 /* ImagineModel0.swift */,
				09AC4D161C84D36100C149EC /* ImagineModel1.swift */,
				093C3F651C6F68B9000BC6FB /* ImagineModel2.swift */,
				093C3F671C6F8482000BC6FB /* ImagineModel3.swift */,
				09ED65861C6E36B7004A8CA7 /* ImagineModel4.swift */,
				0911B7F31C73A4B600DC3F69 /* ImagineModel5.swift */,
				090AD9E91C7A5EEE00F2FE8C /* ImagineModel6.swift */,
				090AD9EB1C7A5F2400F2FE8C /* ImagineModel7.swift */,
				090AD9F11C7A628C00F2FE8C /* ImagineModel8.swift */,
				0911B7F51C748BFC00DC3F69 /* ImagineModel9.swift */,
				09AC4D1A1C86E29200C149EC /* ImagineModel10.swift */,
				0964BB141CEF501E00A4B40D /* ImagineModel11.swift */,
				0964BB181CEF95AA00A4B40D /* ImagineModel12.swift */,
				09AF84181D01A82800C1E310 /* ImagineModel13.swift */,
				09F145141D02240B00D0BDC7 /* ImagineModel14.swift */,
				0914EA691D0AA7DE00E78D5F /* ImagineModel15.swift */,
				09D426411D0AD44000B34CDF /* ImagineModel16.swift */,
				09D426451D0AE30200B34CDF /* ImagineModel17.swift */,
			);
			name = ImagineModels;
			sourceTree = "<group>";
		};
		09D426481D0AFB4300B34CDF /* GameModels */ = {
			isa = PBXGroup;
			children = (
				093681781C4677A6008C6B5D /* GameModel.swift */,
				09AC4CB91C7DD63700C149EC /* GameModel2.swift */,
				09AC4CBB1C7DDBFC00C149EC /* GameModel3.swift */,
				0955F6F71CF2E65400473C03 /* GameModel4.swift */,
				09AF841A1D01ABDD00C1E310 /* GameModel5.swift */,
				0914EA671D09BAD100E78D5F /* GameModel6.swift */,
			);
			name = GameModels;
			sourceTree = "<group>";
		};
		09ED65801C6D0EF5004A8CA7 /* Help */ = {
			isa = PBXGroup;
			children = (
				096F5CB41C53F1C90041EA5F /* HelpViewController.swift */,
				0994526D1C5F983400F0ABFF /* HelpView.swift */,
				0961EBC21C66658B00A4E55C /* Help.plist */,
			);
			name = Help;
			sourceTree = "<group>";
		};
		09ED65811C6D0F27004A8CA7 /* Imagine */ = {
			isa = PBXGroup;
			children = (
				09D426471D0AFB1E00B34CDF /* ImagineModels */,
				0914EA6D1D0AC03B00E78D5F /* Particles */,
				09ED657E1C6D0EE6004A8CA7 /* ImagineViewController.swift */,
				09ED65821C6D11A1004A8CA7 /* Geometries.swift */,
				09B12C7C1C75D53F000FBEF6 /* Actions.swift */,
				0964BB121CEF488300A4B40D /* SCNRobotNode.swift */,
			);
			name = Imagine;
			sourceTree = "<group>";
		};
/* End PBXGroup section */

/* Begin PBXNativeTarget section */
		093681361C417378008C6B5D /* Little AI */ = {
			isa = PBXNativeTarget;
			buildConfigurationList = 093681631C417378008C6B5D /* Build configuration list for PBXNativeTarget "Little AI" */;
			buildPhases = (
				093681331C417378008C6B5D /* Sources */,
				093681341C417378008C6B5D /* Frameworks */,
				093681351C417378008C6B5D /* Resources */,
			);
			buildRules = (
			);
			dependencies = (
			);
			name = "Little AI";
			productName = AImergence2;
			productReference = 093681371C417378008C6B5D /* Little AI.app */;
			productType = "com.apple.product-type.application";
		};
		0936814E1C417378008C6B5D /* Little AITests */ = {
			isa = PBXNativeTarget;
			buildConfigurationList = 093681661C417378008C6B5D /* Build configuration list for PBXNativeTarget "Little AITests" */;
			buildPhases = (
				0936814B1C417378008C6B5D /* Sources */,
				0936814C1C417378008C6B5D /* Frameworks */,
				0936814D1C417378008C6B5D /* Resources */,
			);
			buildRules = (
			);
			dependencies = (
				093681511C417378008C6B5D /* PBXTargetDependency */,
			);
			name = "Little AITests";
			productName = AImergence2Tests;
			productReference = 0936814F1C417378008C6B5D /* Little AITests.xctest */;
			productType = "com.apple.product-type.bundle.unit-test";
		};
		093681591C417378008C6B5D /* Little AIUITests */ = {
			isa = PBXNativeTarget;
			buildConfigurationList = 093681691C417378008C6B5D /* Build configuration list for PBXNativeTarget "Little AIUITests" */;
			buildPhases = (
				093681561C417378008C6B5D /* Sources */,
				093681571C417378008C6B5D /* Frameworks */,
				093681581C417378008C6B5D /* Resources */,
			);
			buildRules = (
			);
			dependencies = (
				0936815C1C417378008C6B5D /* PBXTargetDependency */,
			);
			name = "Little AIUITests";
			productName = AImergence2UITests;
			productReference = 0936815A1C417378008C6B5D /* Little AIUITests.xctest */;
			productType = "com.apple.product-type.bundle.ui-testing";
		};
/* End PBXNativeTarget section */

/* Begin PBXProject section */
		0936812F1C417377008C6B5D /* Project object */ = {
			isa = PBXProject;
			attributes = {
				LastSwiftUpdateCheck = 0720;
				LastUpgradeCheck = 0720;
				ORGANIZATIONNAME = "Olivier Georgeon";
				TargetAttributes = {
					093681361C417378008C6B5D = {
						CreatedOnToolsVersion = 7.2;
						DevelopmentTeam = 7E3U988CXW;
						SystemCapabilities = {
							com.apple.GameCenter = {
								enabled = 1;
							};
						};
					};
					0936814E1C417378008C6B5D = {
						CreatedOnToolsVersion = 7.2;
						TestTargetID = 093681361C417378008C6B5D;
					};
					093681591C417378008C6B5D = {
						CreatedOnToolsVersion = 7.2;
						TestTargetID = 093681361C417378008C6B5D;
					};
				};
			};
			buildConfigurationList = 093681321C417377008C6B5D /* Build configuration list for PBXProject "Little AI" */;
			compatibilityVersion = "Xcode 3.2";
			developmentRegion = English;
			hasScannedForEncodings = 0;
			knownRegions = (
				en,
				Base,
				fr,
			);
			mainGroup = 0936812E1C417377008C6B5D;
			productRefGroup = 093681381C417378008C6B5D /* Products */;
			projectDirPath = "";
			projectRoot = "";
			targets = (
				093681361C417378008C6B5D /* Little AI */,
				0936814E1C417378008C6B5D /* Little AITests */,
				093681591C417378008C6B5D /* Little AIUITests */,
			);
		};
/* End PBXProject section */

/* Begin PBXResourcesBuildPhase section */
		093681351C417378008C6B5D /* Resources */ = {
			isa = PBXResourcesBuildPhase;
			buildActionMask = 2147483647;
			files = (
				093681491C417378008C6B5D /* LaunchScreen.storyboard in Resources */,
				095856721D0AC50B002BD7D7 /* confetti.png in Resources */,
				0955F6FA1CF349BD00473C03 /* art.scnassets in Resources */,
				0961EBC01C66658B00A4E55C /* Help.plist in Resources */,
				099452981C620CF600F0ABFF /* Localizable.strings in Resources */,
				093681461C417378008C6B5D /* Assets.xcassets in Resources */,
				095856711D0AC50B002BD7D7 /* Confetti.scnp in Resources */,
				093681441C417378008C6B5D /* Main.storyboard in Resources */,
			);
			runOnlyForDeploymentPostprocessing = 0;
		};
		0936814D1C417378008C6B5D /* Resources */ = {
			isa = PBXResourcesBuildPhase;
			buildActionMask = 2147483647;
			files = (
				099452831C62007000F0ABFF /* InfoPlist.strings in Resources */,
			);
			runOnlyForDeploymentPostprocessing = 0;
		};
		093681581C417378008C6B5D /* Resources */ = {
			isa = PBXResourcesBuildPhase;
			buildActionMask = 2147483647;
			files = (
				099452881C62007000F0ABFF /* InfoPlist.strings in Resources */,
			);
			runOnlyForDeploymentPostprocessing = 0;
		};
/* End PBXResourcesBuildPhase section */

/* Begin PBXSourcesBuildPhase section */
		093681331C417378008C6B5D /* Sources */ = {
			isa = PBXSourcesBuildPhase;
			buildActionMask = 2147483647;
			files = (
				09F145131D02226300D0BDC7 /* Level14.swift in Sources */,
				093681771C4549CB008C6B5D /* Level5.swift in Sources */,
				09AC4D151C8491DA00C149EC /* Level1.swift in Sources */,
				090AD9F01C7A618500F2FE8C /* Level8.swift in Sources */,
				09AF841B1D01ABDD00C1E310 /* GameModel5.swift in Sources */,
				09AC4D171C84D36100C149EC /* ImagineModel1.swift in Sources */,
				09B12C7D1C75D53F000FBEF6 /* Actions.swift in Sources */,
				093C3F681C6F8482000BC6FB /* ImagineModel3.swift in Sources */,
				093681731C4523B1008C6B5D /* Level0.swift in Sources */,
				093000E01C4FD3B700425BB1 /* ReshapableSKNode.swift in Sources */,
				0914EA6A1D0AA7DE00E78D5F /* ImagineModel15.swift in Sources */,
				09AF84171D01A3D900C1E310 /* Level13.swift in Sources */,
				096F5CB51C53F1C90041EA5F /* HelpViewController.swift in Sources */,
				09AC4CBC1C7DDBFC00C149EC /* GameModel3.swift in Sources */,
				0911B7F61C748BFC00DC3F69 /* ImagineModel9.swift in Sources */,
				0964BB131CEF488300A4B40D /* SCNRobotNode.swift in Sources */,
				093681751C45455F008C6B5D /* Level4.swift in Sources */,
				0964BB0F1CEEFA9B00A4B40D /* Level11.swift in Sources */,
				0936816F1C42708E008C6B5D /* Experiment.swift in Sources */,
				0936813F1C417378008C6B5D /* GameSKScene.swift in Sources */,
				0994526E1C5F983400F0ABFF /* HelpView.swift in Sources */,
				0914EA681D09BAD100E78D5F /* GameModel6.swift in Sources */,
				09AC4D1B1C86E29200C149EC /* ImagineModel10.swift in Sources */,
				093681411C417378008C6B5D /* GameViewController.swift in Sources */,
				0914EA661D09B82A00E78D5F /* Level15.swift in Sources */,
				09ED65831C6D11A1004A8CA7 /* Geometries.swift in Sources */,
				0961EBBB1C64961F00A4E55C /* Level6.swift in Sources */,
				09AC4CBA1C7DD63700C149EC /* GameModel2.swift in Sources */,
				093681711C4270A5008C6B5D /* Level2.swift in Sources */,
				09D426421D0AD44000B34CDF /* ImagineModel16.swift in Sources */,
				0936813B1C417378008C6B5D /* AppDelegate.swift in Sources */,
				090AD9EC1C7A5F2400F2FE8C /* ImagineModel7.swift in Sources */,
				09ED65851C6D1400004A8CA7 /* ImagineModel0.swift in Sources */,
				0964BB151CEF501E00A4B40D /* ImagineModel11.swift in Sources */,
				0936817B1C4696AB008C6B5D /* MenuSKScene.swift in Sources */,
				0911B7F21C731CF400DC3F69 /* PositionedSKScene.swift in Sources */,
				096F5CB91C56D7240041EA5F /* Level9.swift in Sources */,
				0911B7F41C73A4B600DC3F69 /* ImagineModel5.swift in Sources */,
				098203F01D088818009303C5 /* ButtonSKNode.swift in Sources */,
				09D426441D0AE29D00B34CDF /* Level17.swift in Sources */,
				0936816D1C42707B008C6B5D /* Experience.swift in Sources */,
				09F145151D02240B00D0BDC7 /* ImagineModel14.swift in Sources */,
				0964BB111CEF37D000A4B40D /* Robot.swift in Sources */,
				093000DA1C4FB39000425BB1 /* ExperimentSKNode.swift in Sources */,
				093000DE1C4FC77700425BB1 /* ExperienceSKNode.swift in Sources */,
				09ED65871C6E36B7004A8CA7 /* ImagineModel4.swift in Sources */,
				090AD9E81C77488000F2FE8C /* ImagineModel.swift in Sources */,
				09AF84191D01A82800C1E310 /* ImagineModel13.swift in Sources */,
				090AD9EA1C7A5EEE00F2FE8C /* ImagineModel6.swift in Sources */,
				09ED657D1C6C87D2004A8CA7 /* Level7.swift in Sources */,
				093681791C4677A6008C6B5D /* GameModel.swift in Sources */,
				093C3F661C6F68B9000BC6FB /* ImagineModel2.swift in Sources */,
				0914EA6C1D0AAD6300E78D5F /* Level16.swift in Sources */,
				09AC4D191C86E0D600C149EC /* Level10.swift in Sources */,
				09ED657F1C6D0EE6004A8CA7 /* ImagineViewController.swift in Sources */,
				090AD9F21C7A628C00F2FE8C /* ImagineModel8.swift in Sources */,
				0964BB171CEF94D900A4B40D /* Level12.swift in Sources */,
				0964BB191CEF95AA00A4B40D /* ImagineModel12.swift in Sources */,
				09AC4D131C821BC000C149EC /* GameView.swift in Sources */,
				0961EBB91C63EE2200A4E55C /* Level3.swift in Sources */,
				09D426461D0AE30200B34CDF /* ImagineModel17.swift in Sources */,
				0955F6F81CF2E65400473C03 /* GameModel4.swift in Sources */,
			);
			runOnlyForDeploymentPostprocessing = 0;
		};
		0936814B1C417378008C6B5D /* Sources */ = {
			isa = PBXSourcesBuildPhase;
			buildActionMask = 2147483647;
			files = (
				093681541C417378008C6B5D /* AImergence2Tests.swift in Sources */,
			);
			runOnlyForDeploymentPostprocessing = 0;
		};
		093681561C417378008C6B5D /* Sources */ = {
			isa = PBXSourcesBuildPhase;
			buildActionMask = 2147483647;
			files = (
				0936815F1C417378008C6B5D /* AImergence2UITests.swift in Sources */,
			);
			runOnlyForDeploymentPostprocessing = 0;
		};
/* End PBXSourcesBuildPhase section */

/* Begin PBXTargetDependency section */
		093681511C417378008C6B5D /* PBXTargetDependency */ = {
			isa = PBXTargetDependency;
			target = 093681361C417378008C6B5D /* Little AI */;
			targetProxy = 093681501C417378008C6B5D /* PBXContainerItemProxy */;
		};
		0936815C1C417378008C6B5D /* PBXTargetDependency */ = {
			isa = PBXTargetDependency;
			target = 093681361C417378008C6B5D /* Little AI */;
			targetProxy = 0936815B1C417378008C6B5D /* PBXContainerItemProxy */;
		};
/* End PBXTargetDependency section */

/* Begin PBXVariantGroup section */
		093681421C417378008C6B5D /* Main.storyboard */ = {
			isa = PBXVariantGroup;
			children = (
				093681431C417378008C6B5D /* Base */,
				09AC4CBF1C7DF3BC00C149EC /* fr */,
			);
			name = Main.storyboard;
			sourceTree = "<group>";
		};
		093681471C417378008C6B5D /* LaunchScreen.storyboard */ = {
			isa = PBXVariantGroup;
			children = (
				093681481C417378008C6B5D /* Base */,
				092B00371CBFF47A00A6FF3C /* fr */,
			);
			name = LaunchScreen.storyboard;
			sourceTree = "<group>";
		};
		0961EBC21C66658B00A4E55C /* Help.plist */ = {
			isa = PBXVariantGroup;
			children = (
				0961EBC11C66658B00A4E55C /* fr */,
				0961EBC31C66658E00A4E55C /* Base */,
			);
			name = Help.plist;
			sourceTree = "<group>";
		};
		099452851C62007000F0ABFF /* InfoPlist.strings */ = {
			isa = PBXVariantGroup;
			children = (
				099452841C62007000F0ABFF /* fr */,
			);
			name = InfoPlist.strings;
			sourceTree = "<group>";
		};
		0994528A1C62007000F0ABFF /* InfoPlist.strings */ = {
			isa = PBXVariantGroup;
			children = (
				099452891C62007000F0ABFF /* fr */,
			);
			name = InfoPlist.strings;
			sourceTree = "<group>";
		};
		0994529A1C620CF600F0ABFF /* Localizable.strings */ = {
			isa = PBXVariantGroup;
			children = (
				099452991C620CF600F0ABFF /* fr */,
				099452A11C620DD300F0ABFF /* Base */,
			);
			name = Localizable.strings;
			sourceTree = "<group>";
		};
/* End PBXVariantGroup section */

/* Begin XCBuildConfiguration section */
		093681611C417378008C6B5D /* Debug */ = {
			isa = XCBuildConfiguration;
			buildSettings = {
				ALWAYS_SEARCH_USER_PATHS = NO;
				CLANG_CXX_LANGUAGE_STANDARD = "gnu++0x";
				CLANG_CXX_LIBRARY = "libc++";
				CLANG_ENABLE_MODULES = YES;
				CLANG_ENABLE_OBJC_ARC = YES;
				CLANG_WARN_BOOL_CONVERSION = YES;
				CLANG_WARN_CONSTANT_CONVERSION = YES;
				CLANG_WARN_DIRECT_OBJC_ISA_USAGE = YES_ERROR;
				CLANG_WARN_EMPTY_BODY = YES;
				CLANG_WARN_ENUM_CONVERSION = YES;
				CLANG_WARN_INT_CONVERSION = YES;
				CLANG_WARN_OBJC_ROOT_CLASS = YES_ERROR;
				CLANG_WARN_UNREACHABLE_CODE = YES;
				CLANG_WARN__DUPLICATE_METHOD_MATCH = YES;
				"CODE_SIGN_IDENTITY[sdk=iphoneos*]" = "iPhone Developer";
				COPY_PHASE_STRIP = NO;
				DEBUG_INFORMATION_FORMAT = "dwarf-with-dsym";
				EMBED_ASSET_PACKS_IN_PRODUCT_BUNDLE = NO;
				ENABLE_STRICT_OBJC_MSGSEND = YES;
				ENABLE_TESTABILITY = YES;
				GCC_C_LANGUAGE_STANDARD = gnu99;
				GCC_DYNAMIC_NO_PIC = NO;
				GCC_NO_COMMON_BLOCKS = YES;
				GCC_OPTIMIZATION_LEVEL = 0;
				GCC_PREPROCESSOR_DEFINITIONS = (
					"DEBUG=1",
					"$(inherited)",
				);
				GCC_WARN_64_TO_32_BIT_CONVERSION = YES;
				GCC_WARN_ABOUT_RETURN_TYPE = YES_ERROR;
				GCC_WARN_UNDECLARED_SELECTOR = YES;
				GCC_WARN_UNINITIALIZED_AUTOS = YES_AGGRESSIVE;
				GCC_WARN_UNUSED_FUNCTION = YES;
				GCC_WARN_UNUSED_VARIABLE = YES;
				IPHONEOS_DEPLOYMENT_TARGET = 9.2;
				MTL_ENABLE_DEBUG_INFO = YES;
				ONLY_ACTIVE_ARCH = YES;
				SDKROOT = iphoneos;
				SWIFT_OPTIMIZATION_LEVEL = "-Onone";
				TARGETED_DEVICE_FAMILY = "1,2";
			};
			name = Debug;
		};
		093681621C417378008C6B5D /* Release */ = {
			isa = XCBuildConfiguration;
			buildSettings = {
				ALWAYS_SEARCH_USER_PATHS = NO;
				CLANG_CXX_LANGUAGE_STANDARD = "gnu++0x";
				CLANG_CXX_LIBRARY = "libc++";
				CLANG_ENABLE_MODULES = YES;
				CLANG_ENABLE_OBJC_ARC = YES;
				CLANG_WARN_BOOL_CONVERSION = YES;
				CLANG_WARN_CONSTANT_CONVERSION = YES;
				CLANG_WARN_DIRECT_OBJC_ISA_USAGE = YES_ERROR;
				CLANG_WARN_EMPTY_BODY = YES;
				CLANG_WARN_ENUM_CONVERSION = YES;
				CLANG_WARN_INT_CONVERSION = YES;
				CLANG_WARN_OBJC_ROOT_CLASS = YES_ERROR;
				CLANG_WARN_UNREACHABLE_CODE = YES;
				CLANG_WARN__DUPLICATE_METHOD_MATCH = YES;
				"CODE_SIGN_IDENTITY[sdk=iphoneos*]" = "iPhone Developer";
				COPY_PHASE_STRIP = NO;
				DEBUG_INFORMATION_FORMAT = "dwarf-with-dsym";
				EMBED_ASSET_PACKS_IN_PRODUCT_BUNDLE = NO;
				ENABLE_NS_ASSERTIONS = NO;
				ENABLE_STRICT_OBJC_MSGSEND = YES;
				GCC_C_LANGUAGE_STANDARD = gnu99;
				GCC_NO_COMMON_BLOCKS = YES;
				GCC_WARN_64_TO_32_BIT_CONVERSION = YES;
				GCC_WARN_ABOUT_RETURN_TYPE = YES_ERROR;
				GCC_WARN_UNDECLARED_SELECTOR = YES;
				GCC_WARN_UNINITIALIZED_AUTOS = YES_AGGRESSIVE;
				GCC_WARN_UNUSED_FUNCTION = YES;
				GCC_WARN_UNUSED_VARIABLE = YES;
				IPHONEOS_DEPLOYMENT_TARGET = 9.2;
				MTL_ENABLE_DEBUG_INFO = NO;
				SDKROOT = iphoneos;
				TARGETED_DEVICE_FAMILY = "1,2";
				VALIDATE_PRODUCT = YES;
			};
			name = Release;
		};
		093681641C417378008C6B5D /* Debug */ = {
			isa = XCBuildConfiguration;
			buildSettings = {
				ASSETCATALOG_COMPILER_APPICON_NAME = AppIcon;
				CODE_SIGN_IDENTITY = "iPhone Developer";
				INFOPLIST_FILE = AImergence2/Info.plist;
				IPHONEOS_DEPLOYMENT_TARGET = 9.0;
				LD_RUNPATH_SEARCH_PATHS = "$(inherited) @executable_path/Frameworks";
				PRODUCT_BUNDLE_IDENTIFIER = "com.oliviergeorgeon.little-ai";
				PRODUCT_NAME = "$(TARGET_NAME)";
				TARGETED_DEVICE_FAMILY = "1,2";
			};
			name = Debug;
		};
		093681651C417378008C6B5D /* Release */ = {
			isa = XCBuildConfiguration;
			buildSettings = {
				ASSETCATALOG_COMPILER_APPICON_NAME = AppIcon;
				CODE_SIGN_IDENTITY = "iPhone Developer";
				INFOPLIST_FILE = AImergence2/Info.plist;
				IPHONEOS_DEPLOYMENT_TARGET = 9.0;
				LD_RUNPATH_SEARCH_PATHS = "$(inherited) @executable_path/Frameworks";
				PRODUCT_BUNDLE_IDENTIFIER = "com.oliviergeorgeon.little-ai";
				PRODUCT_NAME = "$(TARGET_NAME)";
				TARGETED_DEVICE_FAMILY = "1,2";
			};
			name = Release;
		};
		093681671C417378008C6B5D /* Debug */ = {
			isa = XCBuildConfiguration;
			buildSettings = {
				BUNDLE_LOADER = "$(TEST_HOST)";
				DEBUG_INFORMATION_FORMAT = dwarf;
				INFOPLIST_FILE = AImergence2Tests/Info.plist;
				LD_RUNPATH_SEARCH_PATHS = "$(inherited) @executable_path/Frameworks @loader_path/Frameworks";
				PRODUCT_BUNDLE_IDENTIFIER = com.oliviergeorgeon.AImergence2Tests;
				PRODUCT_NAME = "$(TARGET_NAME)";
				TEST_HOST = "$(BUILT_PRODUCTS_DIR)/Little AI.app/Little AI";
			};
			name = Debug;
		};
		093681681C417378008C6B5D /* Release */ = {
			isa = XCBuildConfiguration;
			buildSettings = {
				BUNDLE_LOADER = "$(TEST_HOST)";
				INFOPLIST_FILE = AImergence2Tests/Info.plist;
				LD_RUNPATH_SEARCH_PATHS = "$(inherited) @executable_path/Frameworks @loader_path/Frameworks";
				PRODUCT_BUNDLE_IDENTIFIER = com.oliviergeorgeon.AImergence2Tests;
				PRODUCT_NAME = "$(TARGET_NAME)";
				TEST_HOST = "$(BUILT_PRODUCTS_DIR)/Little AI.app/Little AI";
			};
			name = Release;
		};
		0936816A1C417378008C6B5D /* Debug */ = {
			isa = XCBuildConfiguration;
			buildSettings = {
				DEBUG_INFORMATION_FORMAT = dwarf;
				INFOPLIST_FILE = AImergence2UITests/Info.plist;
				LD_RUNPATH_SEARCH_PATHS = "$(inherited) @executable_path/Frameworks @loader_path/Frameworks";
				PRODUCT_BUNDLE_IDENTIFIER = com.oliviergeorgeon.AImergence2UITests;
				PRODUCT_NAME = "$(TARGET_NAME)";
				TEST_TARGET_NAME = AImergence2;
				USES_XCTRUNNER = YES;
			};
			name = Debug;
		};
		0936816B1C417378008C6B5D /* Release */ = {
			isa = XCBuildConfiguration;
			buildSettings = {
				INFOPLIST_FILE = AImergence2UITests/Info.plist;
				LD_RUNPATH_SEARCH_PATHS = "$(inherited) @executable_path/Frameworks @loader_path/Frameworks";
				PRODUCT_BUNDLE_IDENTIFIER = com.oliviergeorgeon.AImergence2UITests;
				PRODUCT_NAME = "$(TARGET_NAME)";
				TEST_TARGET_NAME = AImergence2;
				USES_XCTRUNNER = YES;
			};
			name = Release;
		};
/* End XCBuildConfiguration section */

/* Begin XCConfigurationList section */
		093681321C417377008C6B5D /* Build configuration list for PBXProject "Little AI" */ = {
			isa = XCConfigurationList;
			buildConfigurations = (
				093681611C417378008C6B5D /* Debug */,
				093681621C417378008C6B5D /* Release */,
			);
			defaultConfigurationIsVisible = 0;
			defaultConfigurationName = Release;
		};
		093681631C417378008C6B5D /* Build configuration list for PBXNativeTarget "Little AI" */ = {
			isa = XCConfigurationList;
			buildConfigurations = (
				093681641C417378008C6B5D /* Debug */,
				093681651C417378008C6B5D /* Release */,
			);
			defaultConfigurationIsVisible = 0;
			defaultConfigurationName = Release;
		};
		093681661C417378008C6B5D /* Build configuration list for PBXNativeTarget "Little AITests" */ = {
			isa = XCConfigurationList;
			buildConfigurations = (
				093681671C417378008C6B5D /* Debug */,
				093681681C417378008C6B5D /* Release */,
			);
			defaultConfigurationIsVisible = 0;
			defaultConfigurationName = Release;
		};
		093681691C417378008C6B5D /* Build configuration list for PBXNativeTarget "Little AIUITests" */ = {
			isa = XCConfigurationList;
			buildConfigurations = (
				0936816A1C417378008C6B5D /* Debug */,
				0936816B1C417378008C6B5D /* Release */,
			);
			defaultConfigurationIsVisible = 0;
			defaultConfigurationName = Release;
		};
/* End XCConfigurationList section */
	};
	rootObject = 0936812F1C417377008C6B5D /* Project object */;
}
